
Microsoft Visual Studio Solution File, Format Version 12.00
# Visual Studio 15
VisualStudioVersion = 15.0.27703.2042
MinimumVisualStudioVersion = 10.0.40219.1
Project("{FAE04EC0-301F-11D3-BF4B-00C04F79EFBC}") = "CommonViews.Android", "CommonViews\CommonViews.Android\CommonViews.Android.csproj", "{3839F6BB-2FDC-466C-84D7-5868FC3D8AF1}"
EndProject
Project("{FAE04EC0-301F-11D3-BF4B-00C04F79EFBC}") = "CommonViews.iOS", "CommonViews\CommonViews.iOS\CommonViews.iOS.csproj", "{C48FE52A-AA2E-491D-B319-B30FDB64469F}"
EndProject
Project("{FAE04EC0-301F-11D3-BF4B-00C04F79EFBC}") = "CommonViews.UWP", "CommonViews\CommonViews.UWP\CommonViews.UWP.csproj", "{55DA5A7C-3FD6-4B03-B33E-9830843CA4E8}"
EndProject
Project("{FAE04EC0-301F-11D3-BF4B-00C04F79EFBC}") = "CommonViews", "CommonViews\CommonViews\CommonViews.csproj", "{37E5D03D-A3CF-4115-8823-568F149C880D}"
EndProject
Global
	GlobalSection(SolutionConfigurationPlatforms) = preSolution
		Ad-Hoc|Any CPU = Ad-Hoc|Any CPU
		Ad-Hoc|ARM = Ad-Hoc|ARM
		Ad-Hoc|iPhone = Ad-Hoc|iPhone
		Ad-Hoc|iPhoneSimulator = Ad-Hoc|iPhoneSimulator
		Ad-Hoc|x64 = Ad-Hoc|x64
		Ad-Hoc|x86 = Ad-Hoc|x86
		AppStore|Any CPU = AppStore|Any CPU
		AppStore|ARM = AppStore|ARM
		AppStore|iPhone = AppStore|iPhone
		AppStore|iPhoneSimulator = AppStore|iPhoneSimulator
		AppStore|x64 = AppStore|x64
		AppStore|x86 = AppStore|x86
		Debug|Any CPU = Debug|Any CPU
		Debug|ARM = Debug|ARM
		Debug|iPhone = Debug|iPhone
		Debug|iPhoneSimulator = Debug|iPhoneSimulator
		Debug|x64 = Debug|x64
		Debug|x86 = Debug|x86
		Release|Any CPU = Release|Any CPU
		Release|ARM = Release|ARM
		Release|iPhone = Release|iPhone
		Release|iPhoneSimulator = Release|iPhoneSimulator
		Release|x64 = Release|x64
		Release|x86 = Release|x86
	EndGlobalSection
	GlobalSection(ProjectConfigurationPlatforms) = postSolution
		{3839F6BB-2FDC-466C-84D7-5868FC3D8AF1}.Ad-Hoc|Any CPU.ActiveCfg = Release|Any CPU
		{3839F6BB-2FDC-466C-84D7-5868FC3D8AF1}.Ad-Hoc|Any CPU.Build.0 = Release|Any CPU
		{3839F6BB-2FDC-466C-84D7-5868FC3D8AF1}.Ad-Hoc|Any CPU.Deploy.0 = Release|Any CPU
		{3839F6BB-2FDC-466C-84D7-5868FC3D8AF1}.Ad-Hoc|ARM.ActiveCfg = Release|Any CPU
		{3839F6BB-2FDC-466C-84D7-5868FC3D8AF1}.Ad-Hoc|ARM.Build.0 = Release|Any CPU
		{3839F6BB-2FDC-466C-84D7-5868FC3D8AF1}.Ad-Hoc|ARM.Deploy.0 = Release|Any CPU
		{3839F6BB-2FDC-466C-84D7-5868FC3D8AF1}.Ad-Hoc|iPhone.ActiveCfg = Release|Any CPU
		{3839F6BB-2FDC-466C-84D7-5868FC3D8AF1}.Ad-Hoc|iPhone.Build.0 = Release|Any CPU
		{3839F6BB-2FDC-466C-84D7-5868FC3D8AF1}.Ad-Hoc|iPhone.Deploy.0 = Release|Any CPU
		{3839F6BB-2FDC-466C-84D7-5868FC3D8AF1}.Ad-Hoc|iPhoneSimulator.ActiveCfg = Release|Any CPU
		{3839F6BB-2FDC-466C-84D7-5868FC3D8AF1}.Ad-Hoc|iPhoneSimulator.Build.0 = Release|Any CPU
		{3839F6BB-2FDC-466C-84D7-5868FC3D8AF1}.Ad-Hoc|iPhoneSimulator.Deploy.0 = Release|Any CPU
		{3839F6BB-2FDC-466C-84D7-5868FC3D8AF1}.Ad-Hoc|x64.ActiveCfg = Release|Any CPU
		{3839F6BB-2FDC-466C-84D7-5868FC3D8AF1}.Ad-Hoc|x64.Build.0 = Release|Any CPU
		{3839F6BB-2FDC-466C-84D7-5868FC3D8AF1}.Ad-Hoc|x64.Deploy.0 = Release|Any CPU
		{3839F6BB-2FDC-466C-84D7-5868FC3D8AF1}.Ad-Hoc|x86.ActiveCfg = Release|Any CPU
		{3839F6BB-2FDC-466C-84D7-5868FC3D8AF1}.Ad-Hoc|x86.Build.0 = Release|Any CPU
		{3839F6BB-2FDC-466C-84D7-5868FC3D8AF1}.Ad-Hoc|x86.Deploy.0 = Release|Any CPU
		{3839F6BB-2FDC-466C-84D7-5868FC3D8AF1}.AppStore|Any CPU.ActiveCfg = Release|Any CPU
		{3839F6BB-2FDC-466C-84D7-5868FC3D8AF1}.AppStore|Any CPU.Build.0 = Release|Any CPU
		{3839F6BB-2FDC-466C-84D7-5868FC3D8AF1}.AppStore|Any CPU.Deploy.0 = Release|Any CPU
		{3839F6BB-2FDC-466C-84D7-5868FC3D8AF1}.AppStore|ARM.ActiveCfg = Release|Any CPU
		{3839F6BB-2FDC-466C-84D7-5868FC3D8AF1}.AppStore|ARM.Build.0 = Release|Any CPU
		{3839F6BB-2FDC-466C-84D7-5868FC3D8AF1}.AppStore|ARM.Deploy.0 = Release|Any CPU
		{3839F6BB-2FDC-466C-84D7-5868FC3D8AF1}.AppStore|iPhone.ActiveCfg = Release|Any CPU
		{3839F6BB-2FDC-466C-84D7-5868FC3D8AF1}.AppStore|iPhone.Build.0 = Release|Any CPU
		{3839F6BB-2FDC-466C-84D7-5868FC3D8AF1}.AppStore|iPhone.Deploy.0 = Release|Any CPU
		{3839F6BB-2FDC-466C-84D7-5868FC3D8AF1}.AppStore|iPhoneSimulator.ActiveCfg = Release|Any CPU
		{3839F6BB-2FDC-466C-84D7-5868FC3D8AF1}.AppStore|iPhoneSimulator.Build.0 = Release|Any CPU
		{3839F6BB-2FDC-466C-84D7-5868FC3D8AF1}.AppStore|iPhoneSimulator.Deploy.0 = Release|Any CPU
		{3839F6BB-2FDC-466C-84D7-5868FC3D8AF1}.AppStore|x64.ActiveCfg = Release|Any CPU
		{3839F6BB-2FDC-466C-84D7-5868FC3D8AF1}.AppStore|x64.Build.0 = Release|Any CPU
		{3839F6BB-2FDC-466C-84D7-5868FC3D8AF1}.AppStore|x64.Deploy.0 = Release|Any CPU
		{3839F6BB-2FDC-466C-84D7-5868FC3D8AF1}.AppStore|x86.ActiveCfg = Release|Any CPU
		{3839F6BB-2FDC-466C-84D7-5868FC3D8AF1}.AppStore|x86.Build.0 = Release|Any CPU
		{3839F6BB-2FDC-466C-84D7-5868FC3D8AF1}.AppStore|x86.Deploy.0 = Release|Any CPU
		{3839F6BB-2FDC-466C-84D7-5868FC3D8AF1}.Debug|Any CPU.ActiveCfg = Debug|Any CPU
		{3839F6BB-2FDC-466C-84D7-5868FC3D8AF1}.Debug|Any CPU.Build.0 = Debug|Any CPU
		{3839F6BB-2FDC-466C-84D7-5868FC3D8AF1}.Debug|Any CPU.Deploy.0 = Debug|Any CPU
		{3839F6BB-2FDC-466C-84D7-5868FC3D8AF1}.Debug|ARM.ActiveCfg = Debug|Any CPU
		{3839F6BB-2FDC-466C-84D7-5868FC3D8AF1}.Debug|ARM.Build.0 = Debug|Any CPU
		{3839F6BB-2FDC-466C-84D7-5868FC3D8AF1}.Debug|ARM.Deploy.0 = Debug|Any CPU
		{3839F6BB-2FDC-466C-84D7-5868FC3D8AF1}.Debug|iPhone.ActiveCfg = Debug|Any CPU
		{3839F6BB-2FDC-466C-84D7-5868FC3D8AF1}.Debug|iPhone.Build.0 = Debug|Any CPU
		{3839F6BB-2FDC-466C-84D7-5868FC3D8AF1}.Debug|iPhone.Deploy.0 = Debug|Any CPU
		{3839F6BB-2FDC-466C-84D7-5868FC3D8AF1}.Debug|iPhoneSimulator.ActiveCfg = Debug|Any CPU
		{3839F6BB-2FDC-466C-84D7-5868FC3D8AF1}.Debug|iPhoneSimulator.Build.0 = Debug|Any CPU
		{3839F6BB-2FDC-466C-84D7-5868FC3D8AF1}.Debug|iPhoneSimulator.Deploy.0 = Debug|Any CPU
		{3839F6BB-2FDC-466C-84D7-5868FC3D8AF1}.Debug|x64.ActiveCfg = Debug|Any CPU
		{3839F6BB-2FDC-466C-84D7-5868FC3D8AF1}.Debug|x64.Build.0 = Debug|Any CPU
		{3839F6BB-2FDC-466C-84D7-5868FC3D8AF1}.Debug|x64.Deploy.0 = Debug|Any CPU
		{3839F6BB-2FDC-466C-84D7-5868FC3D8AF1}.Debug|x86.ActiveCfg = Debug|Any CPU
		{3839F6BB-2FDC-466C-84D7-5868FC3D8AF1}.Debug|x86.Build.0 = Debug|Any CPU
		{3839F6BB-2FDC-466C-84D7-5868FC3D8AF1}.Debug|x86.Deploy.0 = Debug|Any CPU
		{3839F6BB-2FDC-466C-84D7-5868FC3D8AF1}.Release|Any CPU.ActiveCfg = Release|Any CPU
		{3839F6BB-2FDC-466C-84D7-5868FC3D8AF1}.Release|Any CPU.Build.0 = Release|Any CPU
		{3839F6BB-2FDC-466C-84D7-5868FC3D8AF1}.Release|Any CPU.Deploy.0 = Release|Any CPU
		{3839F6BB-2FDC-466C-84D7-5868FC3D8AF1}.Release|ARM.ActiveCfg = Release|Any CPU
		{3839F6BB-2FDC-466C-84D7-5868FC3D8AF1}.Release|ARM.Build.0 = Release|Any CPU
		{3839F6BB-2FDC-466C-84D7-5868FC3D8AF1}.Release|ARM.Deploy.0 = Release|Any CPU
		{3839F6BB-2FDC-466C-84D7-5868FC3D8AF1}.Release|iPhone.ActiveCfg = Release|Any CPU
		{3839F6BB-2FDC-466C-84D7-5868FC3D8AF1}.Release|iPhone.Build.0 = Release|Any CPU
		{3839F6BB-2FDC-466C-84D7-5868FC3D8AF1}.Release|iPhone.Deploy.0 = Release|Any CPU
		{3839F6BB-2FDC-466C-84D7-5868FC3D8AF1}.Release|iPhoneSimulator.ActiveCfg = Release|Any CPU
		{3839F6BB-2FDC-466C-84D7-5868FC3D8AF1}.Release|iPhoneSimulator.Build.0 = Release|Any CPU
		{3839F6BB-2FDC-466C-84D7-5868FC3D8AF1}.Release|iPhoneSimulator.Deploy.0 = Release|Any CPU
		{3839F6BB-2FDC-466C-84D7-5868FC3D8AF1}.Release|x64.ActiveCfg = Release|Any CPU
		{3839F6BB-2FDC-466C-84D7-5868FC3D8AF1}.Release|x64.Build.0 = Release|Any CPU
		{3839F6BB-2FDC-466C-84D7-5868FC3D8AF1}.Release|x64.Deploy.0 = Release|Any CPU
		{3839F6BB-2FDC-466C-84D7-5868FC3D8AF1}.Release|x86.ActiveCfg = Release|Any CPU
		{3839F6BB-2FDC-466C-84D7-5868FC3D8AF1}.Release|x86.Build.0 = Release|Any CPU
		{3839F6BB-2FDC-466C-84D7-5868FC3D8AF1}.Release|x86.Deploy.0 = Release|Any CPU
		{C48FE52A-AA2E-491D-B319-B30FDB64469F}.Ad-Hoc|Any CPU.ActiveCfg = Ad-Hoc|iPhone
		{C48FE52A-AA2E-491D-B319-B30FDB64469F}.Ad-Hoc|Any CPU.Build.0 = Ad-Hoc|iPhone
		{C48FE52A-AA2E-491D-B319-B30FDB64469F}.Ad-Hoc|Any CPU.Deploy.0 = Ad-Hoc|iPhone
		{C48FE52A-AA2E-491D-B319-B30FDB64469F}.Ad-Hoc|ARM.ActiveCfg = Ad-Hoc|iPhone
		{C48FE52A-AA2E-491D-B319-B30FDB64469F}.Ad-Hoc|ARM.Build.0 = Ad-Hoc|iPhone
		{C48FE52A-AA2E-491D-B319-B30FDB64469F}.Ad-Hoc|ARM.Deploy.0 = Ad-Hoc|iPhone
		{C48FE52A-AA2E-491D-B319-B30FDB64469F}.Ad-Hoc|iPhone.ActiveCfg = Ad-Hoc|iPhone
		{C48FE52A-AA2E-491D-B319-B30FDB64469F}.Ad-Hoc|iPhone.Build.0 = Ad-Hoc|iPhone
		{C48FE52A-AA2E-491D-B319-B30FDB64469F}.Ad-Hoc|iPhone.Deploy.0 = Ad-Hoc|iPhone
		{C48FE52A-AA2E-491D-B319-B30FDB64469F}.Ad-Hoc|iPhoneSimulator.ActiveCfg = Ad-Hoc|iPhoneSimulator
		{C48FE52A-AA2E-491D-B319-B30FDB64469F}.Ad-Hoc|iPhoneSimulator.Build.0 = Ad-Hoc|iPhoneSimulator
		{C48FE52A-AA2E-491D-B319-B30FDB64469F}.Ad-Hoc|iPhoneSimulator.Deploy.0 = Ad-Hoc|iPhoneSimulator
		{C48FE52A-AA2E-491D-B319-B30FDB64469F}.Ad-Hoc|x64.ActiveCfg = Ad-Hoc|iPhone
		{C48FE52A-AA2E-491D-B319-B30FDB64469F}.Ad-Hoc|x64.Build.0 = Ad-Hoc|iPhone
		{C48FE52A-AA2E-491D-B319-B30FDB64469F}.Ad-Hoc|x64.Deploy.0 = Ad-Hoc|iPhone
		{C48FE52A-AA2E-491D-B319-B30FDB64469F}.Ad-Hoc|x86.ActiveCfg = Ad-Hoc|iPhone
		{C48FE52A-AA2E-491D-B319-B30FDB64469F}.Ad-Hoc|x86.Build.0 = Ad-Hoc|iPhone
		{C48FE52A-AA2E-491D-B319-B30FDB64469F}.Ad-Hoc|x86.Deploy.0 = Ad-Hoc|iPhone
		{C48FE52A-AA2E-491D-B319-B30FDB64469F}.AppStore|Any CPU.ActiveCfg = AppStore|iPhone
		{C48FE52A-AA2E-491D-B319-B30FDB64469F}.AppStore|Any CPU.Build.0 = AppStore|iPhone
		{C48FE52A-AA2E-491D-B319-B30FDB64469F}.AppStore|Any CPU.Deploy.0 = AppStore|iPhone
		{C48FE52A-AA2E-491D-B319-B30FDB64469F}.AppStore|ARM.ActiveCfg = AppStore|iPhone
		{C48FE52A-AA2E-491D-B319-B30FDB64469F}.AppStore|ARM.Build.0 = AppStore|iPhone
		{C48FE52A-AA2E-491D-B319-B30FDB64469F}.AppStore|ARM.Deploy.0 = AppStore|iPhone
		{C48FE52A-AA2E-491D-B319-B30FDB64469F}.AppStore|iPhone.ActiveCfg = AppStore|iPhone
		{C48FE52A-AA2E-491D-B319-B30FDB64469F}.AppStore|iPhone.Build.0 = AppStore|iPhone
		{C48FE52A-AA2E-491D-B319-B30FDB64469F}.AppStore|iPhone.Deploy.0 = AppStore|iPhone
		{C48FE52A-AA2E-491D-B319-B30FDB64469F}.AppStore|iPhoneSimulator.ActiveCfg = AppStore|iPhoneSimulator
		{C48FE52A-AA2E-491D-B319-B30FDB64469F}.AppStore|iPhoneSimulator.Build.0 = AppStore|iPhoneSimulator
		{C48FE52A-AA2E-491D-B319-B30FDB64469F}.AppStore|iPhoneSimulator.Deploy.0 = AppStore|iPhoneSimulator
		{C48FE52A-AA2E-491D-B319-B30FDB64469F}.AppStore|x64.ActiveCfg = AppStore|iPhone
		{C48FE52A-AA2E-491D-B319-B30FDB64469F}.AppStore|x64.Build.0 = AppStore|iPhone
		{C48FE52A-AA2E-491D-B319-B30FDB64469F}.AppStore|x64.Deploy.0 = AppStore|iPhone
		{C48FE52A-AA2E-491D-B319-B30FDB64469F}.AppStore|x86.ActiveCfg = AppStore|iPhone
		{C48FE52A-AA2E-491D-B319-B30FDB64469F}.AppStore|x86.Build.0 = AppStore|iPhone
		{C48FE52A-AA2E-491D-B319-B30FDB64469F}.AppStore|x86.Deploy.0 = AppStore|iPhone
		{C48FE52A-AA2E-491D-B319-B30FDB64469F}.Debug|Any CPU.ActiveCfg = Debug|iPhoneSimulator
		{C48FE52A-AA2E-491D-B319-B30FDB64469F}.Debug|Any CPU.Build.0 = Debug|iPhoneSimulator
		{C48FE52A-AA2E-491D-B319-B30FDB64469F}.Debug|Any CPU.Deploy.0 = Debug|iPhoneSimulator
		{C48FE52A-AA2E-491D-B319-B30FDB64469F}.Debug|ARM.ActiveCfg = Debug|iPhone
		{C48FE52A-AA2E-491D-B319-B30FDB64469F}.Debug|ARM.Build.0 = Debug|iPhone
		{C48FE52A-AA2E-491D-B319-B30FDB64469F}.Debug|ARM.Deploy.0 = Debug|iPhone
		{C48FE52A-AA2E-491D-B319-B30FDB64469F}.Debug|iPhone.ActiveCfg = Debug|iPhone
		{C48FE52A-AA2E-491D-B319-B30FDB64469F}.Debug|iPhone.Build.0 = Debug|iPhone
		{C48FE52A-AA2E-491D-B319-B30FDB64469F}.Debug|iPhone.Deploy.0 = Debug|iPhone
		{C48FE52A-AA2E-491D-B319-B30FDB64469F}.Debug|iPhoneSimulator.ActiveCfg = Debug|iPhoneSimulator
		{C48FE52A-AA2E-491D-B319-B30FDB64469F}.Debug|iPhoneSimulator.Build.0 = Debug|iPhoneSimulator
		{C48FE52A-AA2E-491D-B319-B30FDB64469F}.Debug|iPhoneSimulator.Deploy.0 = Debug|iPhoneSimulator
		{C48FE52A-AA2E-491D-B319-B30FDB64469F}.Debug|x64.ActiveCfg = Debug|iPhone
		{C48FE52A-AA2E-491D-B319-B30FDB64469F}.Debug|x64.Build.0 = Debug|iPhone
		{C48FE52A-AA2E-491D-B319-B30FDB64469F}.Debug|x64.Deploy.0 = Debug|iPhone
		{C48FE52A-AA2E-491D-B319-B30FDB64469F}.Debug|x86.ActiveCfg = Debug|iPhone
		{C48FE52A-AA2E-491D-B319-B30FDB64469F}.Debug|x86.Build.0 = Debug|iPhone
		{C48FE52A-AA2E-491D-B319-B30FDB64469F}.Debug|x86.Deploy.0 = Debug|iPhone
		{C48FE52A-AA2E-491D-B319-B30FDB64469F}.Release|Any CPU.ActiveCfg = Release|iPhone
		{C48FE52A-AA2E-491D-B319-B30FDB64469F}.Release|Any CPU.Build.0 = Release|iPhone
		{C48FE52A-AA2E-491D-B319-B30FDB64469F}.Release|Any CPU.Deploy.0 = Release|iPhone
		{C48FE52A-AA2E-491D-B319-B30FDB64469F}.Release|ARM.ActiveCfg = Release|iPhone
		{C48FE52A-AA2E-491D-B319-B30FDB64469F}.Release|ARM.Build.0 = Release|iPhone
		{C48FE52A-AA2E-491D-B319-B30FDB64469F}.Release|ARM.Deploy.0 = Release|iPhone
		{C48FE52A-AA2E-491D-B319-B30FDB64469F}.Release|iPhone.ActiveCfg = Release|iPhone
		{C48FE52A-AA2E-491D-B319-B30FDB64469F}.Release|iPhone.Build.0 = Release|iPhone
		{C48FE52A-AA2E-491D-B319-B30FDB64469F}.Release|iPhone.Deploy.0 = Release|iPhone
		{C48FE52A-AA2E-491D-B319-B30FDB64469F}.Release|iPhoneSimulator.ActiveCfg = Release|iPhoneSimulator
		{C48FE52A-AA2E-491D-B319-B30FDB64469F}.Release|iPhoneSimulator.Build.0 = Release|iPhoneSimulator
		{C48FE52A-AA2E-491D-B319-B30FDB64469F}.Release|iPhoneSimulator.Deploy.0 = Release|iPhoneSimulator
		{C48FE52A-AA2E-491D-B319-B30FDB64469F}.Release|x64.ActiveCfg = Release|iPhone
		{C48FE52A-AA2E-491D-B319-B30FDB64469F}.Release|x64.Build.0 = Release|iPhone
		{C48FE52A-AA2E-491D-B319-B30FDB64469F}.Release|x64.Deploy.0 = Release|iPhone
		{C48FE52A-AA2E-491D-B319-B30FDB64469F}.Release|x86.ActiveCfg = Release|iPhone
		{C48FE52A-AA2E-491D-B319-B30FDB64469F}.Release|x86.Build.0 = Release|iPhone
		{C48FE52A-AA2E-491D-B319-B30FDB64469F}.Release|x86.Deploy.0 = Release|iPhone
		{55DA5A7C-3FD6-4B03-B33E-9830843CA4E8}.Ad-Hoc|Any CPU.ActiveCfg = Release|x86
		{55DA5A7C-3FD6-4B03-B33E-9830843CA4E8}.Ad-Hoc|Any CPU.Build.0 = Release|x86
		{55DA5A7C-3FD6-4B03-B33E-9830843CA4E8}.Ad-Hoc|Any CPU.Deploy.0 = Release|x86
		{55DA5A7C-3FD6-4B03-B33E-9830843CA4E8}.Ad-Hoc|ARM.ActiveCfg = Release|ARM
		{55DA5A7C-3FD6-4B03-B33E-9830843CA4E8}.Ad-Hoc|ARM.Build.0 = Release|ARM
		{55DA5A7C-3FD6-4B03-B33E-9830843CA4E8}.Ad-Hoc|ARM.Deploy.0 = Release|ARM
		{55DA5A7C-3FD6-4B03-B33E-9830843CA4E8}.Ad-Hoc|iPhone.ActiveCfg = Release|x86
		{55DA5A7C-3FD6-4B03-B33E-9830843CA4E8}.Ad-Hoc|iPhone.Build.0 = Release|x86
		{55DA5A7C-3FD6-4B03-B33E-9830843CA4E8}.Ad-Hoc|iPhone.Deploy.0 = Release|x86
		{55DA5A7C-3FD6-4B03-B33E-9830843CA4E8}.Ad-Hoc|iPhoneSimulator.ActiveCfg = Release|x86
		{55DA5A7C-3FD6-4B03-B33E-9830843CA4E8}.Ad-Hoc|iPhoneSimulator.Build.0 = Release|x86
		{55DA5A7C-3FD6-4B03-B33E-9830843CA4E8}.Ad-Hoc|iPhoneSimulator.Deploy.0 = Release|x86
		{55DA5A7C-3FD6-4B03-B33E-9830843CA4E8}.Ad-Hoc|x64.ActiveCfg = Release|x64
		{55DA5A7C-3FD6-4B03-B33E-9830843CA4E8}.Ad-Hoc|x64.Build.0 = Release|x64
		{55DA5A7C-3FD6-4B03-B33E-9830843CA4E8}.Ad-Hoc|x64.Deploy.0 = Release|x64
		{55DA5A7C-3FD6-4B03-B33E-9830843CA4E8}.Ad-Hoc|x86.ActiveCfg = Release|x86
		{55DA5A7C-3FD6-4B03-B33E-9830843CA4E8}.Ad-Hoc|x86.Build.0 = Release|x86
		{55DA5A7C-3FD6-4B03-B33E-9830843CA4E8}.Ad-Hoc|x86.Deploy.0 = Release|x86
		{55DA5A7C-3FD6-4B03-B33E-9830843CA4E8}.AppStore|Any CPU.ActiveCfg = Release|x86
		{55DA5A7C-3FD6-4B03-B33E-9830843CA4E8}.AppStore|Any CPU.Build.0 = Release|x86
		{55DA5A7C-3FD6-4B03-B33E-9830843CA4E8}.AppStore|Any CPU.Deploy.0 = Release|x86
		{55DA5A7C-3FD6-4B03-B33E-9830843CA4E8}.AppStore|ARM.ActiveCfg = Release|ARM
		{55DA5A7C-3FD6-4B03-B33E-9830843CA4E8}.AppStore|ARM.Build.0 = Release|ARM
		{55DA5A7C-3FD6-4B03-B33E-9830843CA4E8}.AppStore|ARM.Deploy.0 = Release|ARM
		{55DA5A7C-3FD6-4B03-B33E-9830843CA4E8}.AppStore|iPhone.ActiveCfg = Release|x86
		{55DA5A7C-3FD6-4B03-B33E-9830843CA4E8}.AppStore|iPhone.Build.0 = Release|x86
		{55DA5A7C-3FD6-4B03-B33E-9830843CA4E8}.AppStore|iPhone.Deploy.0 = Release|x86
		{55DA5A7C-3FD6-4B03-B33E-9830843CA4E8}.AppStore|iPhoneSimulator.ActiveCfg = Release|x86
		{55DA5A7C-3FD6-4B03-B33E-9830843CA4E8}.AppStore|iPhoneSimulator.Build.0 = Release|x86
		{55DA5A7C-3FD6-4B03-B33E-9830843CA4E8}.AppStore|iPhoneSimulator.Deploy.0 = Release|x86
		{55DA5A7C-3FD6-4B03-B33E-9830843CA4E8}.AppStore|x64.ActiveCfg = Release|x64
		{55DA5A7C-3FD6-4B03-B33E-9830843CA4E8}.AppStore|x64.Build.0 = Release|x64
		{55DA5A7C-3FD6-4B03-B33E-9830843CA4E8}.AppStore|x64.Deploy.0 = Release|x64
		{55DA5A7C-3FD6-4B03-B33E-9830843CA4E8}.AppStore|x86.ActiveCfg = Release|x86
		{55DA5A7C-3FD6-4B03-B33E-9830843CA4E8}.AppStore|x86.Build.0 = Release|x86
		{55DA5A7C-3FD6-4B03-B33E-9830843CA4E8}.AppStore|x86.Deploy.0 = Release|x86
		{55DA5A7C-3FD6-4B03-B33E-9830843CA4E8}.Debug|Any CPU.ActiveCfg = Debug|x86
		{55DA5A7C-3FD6-4B03-B33E-9830843CA4E8}.Debug|Any CPU.Build.0 = Debug|x86
		{55DA5A7C-3FD6-4B03-B33E-9830843CA4E8}.Debug|Any CPU.Deploy.0 = Debug|x86
		{55DA5A7C-3FD6-4B03-B33E-9830843CA4E8}.Debug|ARM.ActiveCfg = Debug|ARM
		{55DA5A7C-3FD6-4B03-B33E-9830843CA4E8}.Debug|ARM.Build.0 = Debug|ARM
		{55DA5A7C-3FD6-4B03-B33E-9830843CA4E8}.Debug|ARM.Deploy.0 = Debug|ARM
		{55DA5A7C-3FD6-4B03-B33E-9830843CA4E8}.Debug|iPhone.ActiveCfg = Debug|x86
		{55DA5A7C-3FD6-4B03-B33E-9830843CA4E8}.Debug|iPhone.Build.0 = Debug|x86
		{55DA5A7C-3FD6-4B03-B33E-9830843CA4E8}.Debug|iPhone.Deploy.0 = Debug|x86
		{55DA5A7C-3FD6-4B03-B33E-9830843CA4E8}.Debug|iPhoneSimulator.ActiveCfg = Debug|x86
		{55DA5A7C-3FD6-4B03-B33E-9830843CA4E8}.Debug|iPhoneSimulator.Build.0 = Debug|x86
		{55DA5A7C-3FD6-4B03-B33E-9830843CA4E8}.Debug|iPhoneSimulator.Deploy.0 = Debug|x86
		{55DA5A7C-3FD6-4B03-B33E-9830843CA4E8}.Debug|x64.ActiveCfg = Debug|x64
		{55DA5A7C-3FD6-4B03-B33E-9830843CA4E8}.Debug|x64.Build.0 = Debug|x64
		{55DA5A7C-3FD6-4B03-B33E-9830843CA4E8}.Debug|x64.Deploy.0 = Debug|x64
		{55DA5A7C-3FD6-4B03-B33E-9830843CA4E8}.Debug|x86.ActiveCfg = Debug|x86
		{55DA5A7C-3FD6-4B03-B33E-9830843CA4E8}.Debug|x86.Build.0 = Debug|x86
		{55DA5A7C-3FD6-4B03-B33E-9830843CA4E8}.Debug|x86.Deploy.0 = Debug|x86
		{55DA5A7C-3FD6-4B03-B33E-9830843CA4E8}.Release|Any CPU.ActiveCfg = Release|x86
		{55DA5A7C-3FD6-4B03-B33E-9830843CA4E8}.Release|Any CPU.Build.0 = Release|x86
		{55DA5A7C-3FD6-4B03-B33E-9830843CA4E8}.Release|Any CPU.Deploy.0 = Release|x86
		{55DA5A7C-3FD6-4B03-B33E-9830843CA4E8}.Release|ARM.ActiveCfg = Release|ARM
		{55DA5A7C-3FD6-4B03-B33E-9830843CA4E8}.Release|ARM.Build.0 = Release|ARM
		{55DA5A7C-3FD6-4B03-B33E-9830843CA4E8}.Release|ARM.Deploy.0 = Release|ARM
		{55DA5A7C-3FD6-4B03-B33E-9830843CA4E8}.Release|iPhone.ActiveCfg = Release|x86
		{55DA5A7C-3FD6-4B03-B33E-9830843CA4E8}.Release|iPhone.Build.0 = Release|x86
		{55DA5A7C-3FD6-4B03-B33E-9830843CA4E8}.Release|iPhone.Deploy.0 = Release|x86
		{55DA5A7C-3FD6-4B03-B33E-9830843CA4E8}.Release|iPhoneSimulator.ActiveCfg = Release|x86
		{55DA5A7C-3FD6-4B03-B33E-9830843CA4E8}.Release|iPhoneSimulator.Build.0 = Release|x86
		{55DA5A7C-3FD6-4B03-B33E-9830843CA4E8}.Release|iPhoneSimulator.Deploy.0 = Release|x86
		{55DA5A7C-3FD6-4B03-B33E-9830843CA4E8}.Release|x64.ActiveCfg = Release|x64
		{55DA5A7C-3FD6-4B03-B33E-9830843CA4E8}.Release|x64.Build.0 = Release|x64
		{55DA5A7C-3FD6-4B03-B33E-9830843CA4E8}.Release|x64.Deploy.0 = Release|x64
		{55DA5A7C-3FD6-4B03-B33E-9830843CA4E8}.Release|x86.ActiveCfg = Release|x86
		{55DA5A7C-3FD6-4B03-B33E-9830843CA4E8}.Release|x86.Build.0 = Release|x86
		{55DA5A7C-3FD6-4B03-B33E-9830843CA4E8}.Release|x86.Deploy.0 = Release|x86
		{37E5D03D-A3CF-4115-8823-568F149C880D}.Ad-Hoc|Any CPU.ActiveCfg = Debug|Any CPU
		{37E5D03D-A3CF-4115-8823-568F149C880D}.Ad-Hoc|Any CPU.Build.0 = Debug|Any CPU
		{37E5D03D-A3CF-4115-8823-568F149C880D}.Ad-Hoc|Any CPU.Deploy.0 = Debug|Any CPU
		{37E5D03D-A3CF-4115-8823-568F149C880D}.Ad-Hoc|ARM.ActiveCfg = Debug|Any CPU
		{37E5D03D-A3CF-4115-8823-568F149C880D}.Ad-Hoc|ARM.Build.0 = Debug|Any CPU
		{37E5D03D-A3CF-4115-8823-568F149C880D}.Ad-Hoc|ARM.Deploy.0 = Debug|Any CPU
		{37E5D03D-A3CF-4115-8823-568F149C880D}.Ad-Hoc|iPhone.ActiveCfg = Debug|Any CPU
		{37E5D03D-A3CF-4115-8823-568F149C880D}.Ad-Hoc|iPhone.Build.0 = Debug|Any CPU
		{37E5D03D-A3CF-4115-8823-568F149C880D}.Ad-Hoc|iPhone.Deploy.0 = Debug|Any CPU
		{37E5D03D-A3CF-4115-8823-568F149C880D}.Ad-Hoc|iPhoneSimulator.ActiveCfg = Debug|Any CPU
		{37E5D03D-A3CF-4115-8823-568F149C880D}.Ad-Hoc|iPhoneSimulator.Build.0 = Debug|Any CPU
		{37E5D03D-A3CF-4115-8823-568F149C880D}.Ad-Hoc|iPhoneSimulator.Deploy.0 = Debug|Any CPU
		{37E5D03D-A3CF-4115-8823-568F149C880D}.Ad-Hoc|x64.ActiveCfg = Debug|Any CPU
		{37E5D03D-A3CF-4115-8823-568F149C880D}.Ad-Hoc|x64.Build.0 = Debug|Any CPU
		{37E5D03D-A3CF-4115-8823-568F149C880D}.Ad-Hoc|x64.Deploy.0 = Debug|Any CPU
		{37E5D03D-A3CF-4115-8823-568F149C880D}.Ad-Hoc|x86.ActiveCfg = Debug|Any CPU
		{37E5D03D-A3CF-4115-8823-568F149C880D}.Ad-Hoc|x86.Build.0 = Debug|Any CPU
		{37E5D03D-A3CF-4115-8823-568F149C880D}.Ad-Hoc|x86.Deploy.0 = Debug|Any CPU
		{37E5D03D-A3CF-4115-8823-568F149C880D}.AppStore|Any CPU.ActiveCfg = Debug|Any CPU
		{37E5D03D-A3CF-4115-8823-568F149C880D}.AppStore|Any CPU.Build.0 = Debug|Any CPU
		{37E5D03D-A3CF-4115-8823-568F149C880D}.AppStore|Any CPU.Deploy.0 = Debug|Any CPU
		{37E5D03D-A3CF-4115-8823-568F149C880D}.AppStore|ARM.ActiveCfg = Debug|Any CPU
		{37E5D03D-A3CF-4115-8823-568F149C880D}.AppStore|ARM.Build.0 = Debug|Any CPU
		{37E5D03D-A3CF-4115-8823-568F149C880D}.AppStore|ARM.Deploy.0 = Debug|Any CPU
		{37E5D03D-A3CF-4115-8823-568F149C880D}.AppStore|iPhone.ActiveCfg = Debug|Any CPU
		{37E5D03D-A3CF-4115-8823-568F149C880D}.AppStore|iPhone.Build.0 = Debug|Any CPU
		{37E5D03D-A3CF-4115-8823-568F149C880D}.AppStore|iPhone.Deploy.0 = Debug|Any CPU
		{37E5D03D-A3CF-4115-8823-568F149C880D}.AppStore|iPhoneSimulator.ActiveCfg = Debug|Any CPU
		{37E5D03D-A3CF-4115-8823-568F149C880D}.AppStore|iPhoneSimulator.Build.0 = Debug|Any CPU
		{37E5D03D-A3CF-4115-8823-568F149C880D}.AppStore|iPhoneSimulator.Deploy.0 = Debug|Any CPU
		{37E5D03D-A3CF-4115-8823-568F149C880D}.AppStore|x64.ActiveCfg = Debug|Any CPU
		{37E5D03D-A3CF-4115-8823-568F149C880D}.AppStore|x64.Build.0 = Debug|Any CPU
		{37E5D03D-A3CF-4115-8823-568F149C880D}.AppStore|x64.Deploy.0 = Debug|Any CPU
		{37E5D03D-A3CF-4115-8823-568F149C880D}.AppStore|x86.ActiveCfg = Debug|Any CPU
		{37E5D03D-A3CF-4115-8823-568F149C880D}.AppStore|x86.Build.0 = Debug|Any CPU
		{37E5D03D-A3CF-4115-8823-568F149C880D}.AppStore|x86.Deploy.0 = Debug|Any CPU
		{37E5D03D-A3CF-4115-8823-568F149C880D}.Debug|Any CPU.ActiveCfg = Debug|Any CPU
		{37E5D03D-A3CF-4115-8823-568F149C880D}.Debug|Any CPU.Build.0 = Debug|Any CPU
		{37E5D03D-A3CF-4115-8823-568F149C880D}.Debug|Any CPU.Deploy.0 = Debug|Any CPU
		{37E5D03D-A3CF-4115-8823-568F149C880D}.Debug|ARM.ActiveCfg = Debug|Any CPU
		{37E5D03D-A3CF-4115-8823-568F149C880D}.Debug|ARM.Build.0 = Debug|Any CPU
		{37E5D03D-A3CF-4115-8823-568F149C880D}.Debug|ARM.Deploy.0 = Debug|Any CPU
		{37E5D03D-A3CF-4115-8823-568F149C880D}.Debug|iPhone.ActiveCfg = Debug|Any CPU
		{37E5D03D-A3CF-4115-8823-568F149C880D}.Debug|iPhone.Build.0 = Debug|Any CPU
		{37E5D03D-A3CF-4115-8823-568F149C880D}.Debug|iPhone.Deploy.0 = Debug|Any CPU
		{37E5D03D-A3CF-4115-8823-568F149C880D}.Debug|iPhoneSimulator.ActiveCfg = Debug|Any CPU
		{37E5D03D-A3CF-4115-8823-568F149C880D}.Debug|iPhoneSimulator.Build.0 = Debug|Any CPU
		{37E5D03D-A3CF-4115-8823-568F149C880D}.Debug|iPhoneSimulator.Deploy.0 = Debug|Any CPU
		{37E5D03D-A3CF-4115-8823-568F149C880D}.Debug|x64.ActiveCfg = Debug|Any CPU
		{37E5D03D-A3CF-4115-8823-568F149C880D}.Debug|x64.Build.0 = Debug|Any CPU
		{37E5D03D-A3CF-4115-8823-568F149C880D}.Debug|x64.Deploy.0 = Debug|Any CPU
		{37E5D03D-A3CF-4115-8823-568F149C880D}.Debug|x86.ActiveCfg = Debug|Any CPU
		{37E5D03D-A3CF-4115-8823-568F149C880D}.Debug|x86.Build.0 = Debug|Any CPU
		{37E5D03D-A3CF-4115-8823-568F149C880D}.Debug|x86.Deploy.0 = Debug|Any CPU
		{37E5D03D-A3CF-4115-8823-568F149C880D}.Release|Any CPU.ActiveCfg = Release|Any CPU
		{37E5D03D-A3CF-4115-8823-568F149C880D}.Release|Any CPU.Build.0 = Release|Any CPU
		{37E5D03D-A3CF-4115-8823-568F149C880D}.Release|Any CPU.Deploy.0 = Release|Any CPU
		{37E5D03D-A3CF-4115-8823-568F149C880D}.Release|ARM.ActiveCfg = Release|Any CPU
		{37E5D03D-A3CF-4115-8823-568F149C880D}.Release|ARM.Build.0 = Release|Any CPU
		{37E5D03D-A3CF-4115-8823-568F149C880D}.Release|ARM.Deploy.0 = Release|Any CPU
		{37E5D03D-A3CF-4115-8823-568F149C880D}.Release|iPhone.ActiveCfg = Release|Any CPU
		{37E5D03D-A3CF-4115-8823-568F149C880D}.Release|iPhone.Build.0 = Release|Any CPU
		{37E5D03D-A3CF-4115-8823-568F149C880D}.Release|iPhone.Deploy.0 = Release|Any CPU
		{37E5D03D-A3CF-4115-8823-568F149C880D}.Release|iPhoneSimulator.ActiveCfg = Release|Any CPU
		{37E5D03D-A3CF-4115-8823-568F149C880D}.Release|iPhoneSimulator.Build.0 = Release|Any CPU
		{37E5D03D-A3CF-4115-8823-568F149C880D}.Release|iPhoneSimulator.Deploy.0 = Release|Any CPU
		{37E5D03D-A3CF-4115-8823-568F149C880D}.Release|x64.ActiveCfg = Release|Any CPU
		{37E5D03D-A3CF-4115-8823-568F149C880D}.Release|x64.Build.0 = Release|Any CPU
		{37E5D03D-A3CF-4115-8823-568F149C880D}.Release|x64.Deploy.0 = Release|Any CPU
		{37E5D03D-A3CF-4115-8823-568F149C880D}.Release|x86.ActiveCfg = Release|Any CPU
		{37E5D03D-A3CF-4115-8823-568F149C880D}.Release|x86.Build.0 = Release|Any CPU
		{37E5D03D-A3CF-4115-8823-568F149C880D}.Release|x86.Deploy.0 = Release|Any CPU
	EndGlobalSection
	GlobalSection(SolutionProperties) = preSolution
		HideSolutionNode = FALSE
	EndGlobalSection
	GlobalSection(ExtensibilityGlobals) = postSolution
		SolutionGuid = {32008E2F-7074-482F-8C6C-7D29E8CAB106}
	EndGlobalSection
EndGlobal
