
Microsoft Visual Studio Solution File, Format Version 12.00
# Visual Studio 15
VisualStudioVersion = 15.0.27703.2042
MinimumVisualStudioVersion = 10.0.40219.1
Project("{FAE04EC0-301F-11D3-BF4B-00C04F79EFBC}") = "Layouts.Android", "Layouts\Layouts.Android\Layouts.Android.csproj", "{83C195EF-78D4-4902-9AD3-2F0DFFC83C80}"
EndProject
Project("{FAE04EC0-301F-11D3-BF4B-00C04F79EFBC}") = "Layouts.iOS", "Layouts\Layouts.iOS\Layouts.iOS.csproj", "{1354E458-AA40-48AA-9AA1-93501DAFD73A}"
EndProject
Project("{FAE04EC0-301F-11D3-BF4B-00C04F79EFBC}") = "Layouts.UWP", "Layouts\Layouts.UWP\Layouts.UWP.csproj", "{ED1344D0-5EAA-4E1B-A01D-6E98F46F62F3}"
EndProject
Project("{FAE04EC0-301F-11D3-BF4B-00C04F79EFBC}") = "Layouts", "Layouts\Layouts\Layouts.csproj", "{798A45A1-74B8-4E0A-BB0A-768600D6CC7E}"
EndProject
Global
	GlobalSection(SolutionConfigurationPlatforms) = preSolution
		Ad-Hoc|Any CPU = Ad-Hoc|Any CPU
		Ad-Hoc|ARM = Ad-Hoc|ARM
		Ad-Hoc|iPhone = Ad-Hoc|iPhone
		Ad-Hoc|iPhoneSimulator = Ad-Hoc|iPhoneSimulator
		Ad-Hoc|x64 = Ad-Hoc|x64
		Ad-Hoc|x86 = Ad-Hoc|x86
		AppStore|Any CPU = AppStore|Any CPU
		AppStore|ARM = AppStore|ARM
		AppStore|iPhone = AppStore|iPhone
		AppStore|iPhoneSimulator = AppStore|iPhoneSimulator
		AppStore|x64 = AppStore|x64
		AppStore|x86 = AppStore|x86
		Debug|Any CPU = Debug|Any CPU
		Debug|ARM = Debug|ARM
		Debug|iPhone = Debug|iPhone
		Debug|iPhoneSimulator = Debug|iPhoneSimulator
		Debug|x64 = Debug|x64
		Debug|x86 = Debug|x86
		Release|Any CPU = Release|Any CPU
		Release|ARM = Release|ARM
		Release|iPhone = Release|iPhone
		Release|iPhoneSimulator = Release|iPhoneSimulator
		Release|x64 = Release|x64
		Release|x86 = Release|x86
	EndGlobalSection
	GlobalSection(ProjectConfigurationPlatforms) = postSolution
		{83C195EF-78D4-4902-9AD3-2F0DFFC83C80}.Ad-Hoc|Any CPU.ActiveCfg = Release|Any CPU
		{83C195EF-78D4-4902-9AD3-2F0DFFC83C80}.Ad-Hoc|Any CPU.Build.0 = Release|Any CPU
		{83C195EF-78D4-4902-9AD3-2F0DFFC83C80}.Ad-Hoc|Any CPU.Deploy.0 = Release|Any CPU
		{83C195EF-78D4-4902-9AD3-2F0DFFC83C80}.Ad-Hoc|ARM.ActiveCfg = Release|Any CPU
		{83C195EF-78D4-4902-9AD3-2F0DFFC83C80}.Ad-Hoc|ARM.Build.0 = Release|Any CPU
		{83C195EF-78D4-4902-9AD3-2F0DFFC83C80}.Ad-Hoc|ARM.Deploy.0 = Release|Any CPU
		{83C195EF-78D4-4902-9AD3-2F0DFFC83C80}.Ad-Hoc|iPhone.ActiveCfg = Release|Any CPU
		{83C195EF-78D4-4902-9AD3-2F0DFFC83C80}.Ad-Hoc|iPhone.Build.0 = Release|Any CPU
		{83C195EF-78D4-4902-9AD3-2F0DFFC83C80}.Ad-Hoc|iPhone.Deploy.0 = Release|Any CPU
		{83C195EF-78D4-4902-9AD3-2F0DFFC83C80}.Ad-Hoc|iPhoneSimulator.ActiveCfg = Release|Any CPU
		{83C195EF-78D4-4902-9AD3-2F0DFFC83C80}.Ad-Hoc|iPhoneSimulator.Build.0 = Release|Any CPU
		{83C195EF-78D4-4902-9AD3-2F0DFFC83C80}.Ad-Hoc|iPhoneSimulator.Deploy.0 = Release|Any CPU
		{83C195EF-78D4-4902-9AD3-2F0DFFC83C80}.Ad-Hoc|x64.ActiveCfg = Release|Any CPU
		{83C195EF-78D4-4902-9AD3-2F0DFFC83C80}.Ad-Hoc|x64.Build.0 = Release|Any CPU
		{83C195EF-78D4-4902-9AD3-2F0DFFC83C80}.Ad-Hoc|x64.Deploy.0 = Release|Any CPU
		{83C195EF-78D4-4902-9AD3-2F0DFFC83C80}.Ad-Hoc|x86.ActiveCfg = Release|Any CPU
		{83C195EF-78D4-4902-9AD3-2F0DFFC83C80}.Ad-Hoc|x86.Build.0 = Release|Any CPU
		{83C195EF-78D4-4902-9AD3-2F0DFFC83C80}.Ad-Hoc|x86.Deploy.0 = Release|Any CPU
		{83C195EF-78D4-4902-9AD3-2F0DFFC83C80}.AppStore|Any CPU.ActiveCfg = Release|Any CPU
		{83C195EF-78D4-4902-9AD3-2F0DFFC83C80}.AppStore|Any CPU.Build.0 = Release|Any CPU
		{83C195EF-78D4-4902-9AD3-2F0DFFC83C80}.AppStore|Any CPU.Deploy.0 = Release|Any CPU
		{83C195EF-78D4-4902-9AD3-2F0DFFC83C80}.AppStore|ARM.ActiveCfg = Release|Any CPU
		{83C195EF-78D4-4902-9AD3-2F0DFFC83C80}.AppStore|ARM.Build.0 = Release|Any CPU
		{83C195EF-78D4-4902-9AD3-2F0DFFC83C80}.AppStore|ARM.Deploy.0 = Release|Any CPU
		{83C195EF-78D4-4902-9AD3-2F0DFFC83C80}.AppStore|iPhone.ActiveCfg = Release|Any CPU
		{83C195EF-78D4-4902-9AD3-2F0DFFC83C80}.AppStore|iPhone.Build.0 = Release|Any CPU
		{83C195EF-78D4-4902-9AD3-2F0DFFC83C80}.AppStore|iPhone.Deploy.0 = Release|Any CPU
		{83C195EF-78D4-4902-9AD3-2F0DFFC83C80}.AppStore|iPhoneSimulator.ActiveCfg = Release|Any CPU
		{83C195EF-78D4-4902-9AD3-2F0DFFC83C80}.AppStore|iPhoneSimulator.Build.0 = Release|Any CPU
		{83C195EF-78D4-4902-9AD3-2F0DFFC83C80}.AppStore|iPhoneSimulator.Deploy.0 = Release|Any CPU
		{83C195EF-78D4-4902-9AD3-2F0DFFC83C80}.AppStore|x64.ActiveCfg = Release|Any CPU
		{83C195EF-78D4-4902-9AD3-2F0DFFC83C80}.AppStore|x64.Build.0 = Release|Any CPU
		{83C195EF-78D4-4902-9AD3-2F0DFFC83C80}.AppStore|x64.Deploy.0 = Release|Any CPU
		{83C195EF-78D4-4902-9AD3-2F0DFFC83C80}.AppStore|x86.ActiveCfg = Release|Any CPU
		{83C195EF-78D4-4902-9AD3-2F0DFFC83C80}.AppStore|x86.Build.0 = Release|Any CPU
		{83C195EF-78D4-4902-9AD3-2F0DFFC83C80}.AppStore|x86.Deploy.0 = Release|Any CPU
		{83C195EF-78D4-4902-9AD3-2F0DFFC83C80}.Debug|Any CPU.ActiveCfg = Debug|Any CPU
		{83C195EF-78D4-4902-9AD3-2F0DFFC83C80}.Debug|Any CPU.Build.0 = Debug|Any CPU
		{83C195EF-78D4-4902-9AD3-2F0DFFC83C80}.Debug|Any CPU.Deploy.0 = Debug|Any CPU
		{83C195EF-78D4-4902-9AD3-2F0DFFC83C80}.Debug|ARM.ActiveCfg = Debug|Any CPU
		{83C195EF-78D4-4902-9AD3-2F0DFFC83C80}.Debug|ARM.Build.0 = Debug|Any CPU
		{83C195EF-78D4-4902-9AD3-2F0DFFC83C80}.Debug|ARM.Deploy.0 = Debug|Any CPU
		{83C195EF-78D4-4902-9AD3-2F0DFFC83C80}.Debug|iPhone.ActiveCfg = Debug|Any CPU
		{83C195EF-78D4-4902-9AD3-2F0DFFC83C80}.Debug|iPhone.Build.0 = Debug|Any CPU
		{83C195EF-78D4-4902-9AD3-2F0DFFC83C80}.Debug|iPhone.Deploy.0 = Debug|Any CPU
		{83C195EF-78D4-4902-9AD3-2F0DFFC83C80}.Debug|iPhoneSimulator.ActiveCfg = Debug|Any CPU
		{83C195EF-78D4-4902-9AD3-2F0DFFC83C80}.Debug|iPhoneSimulator.Build.0 = Debug|Any CPU
		{83C195EF-78D4-4902-9AD3-2F0DFFC83C80}.Debug|iPhoneSimulator.Deploy.0 = Debug|Any CPU
		{83C195EF-78D4-4902-9AD3-2F0DFFC83C80}.Debug|x64.ActiveCfg = Debug|Any CPU
		{83C195EF-78D4-4902-9AD3-2F0DFFC83C80}.Debug|x64.Build.0 = Debug|Any CPU
		{83C195EF-78D4-4902-9AD3-2F0DFFC83C80}.Debug|x64.Deploy.0 = Debug|Any CPU
		{83C195EF-78D4-4902-9AD3-2F0DFFC83C80}.Debug|x86.ActiveCfg = Debug|Any CPU
		{83C195EF-78D4-4902-9AD3-2F0DFFC83C80}.Debug|x86.Build.0 = Debug|Any CPU
		{83C195EF-78D4-4902-9AD3-2F0DFFC83C80}.Debug|x86.Deploy.0 = Debug|Any CPU
		{83C195EF-78D4-4902-9AD3-2F0DFFC83C80}.Release|Any CPU.ActiveCfg = Release|Any CPU
		{83C195EF-78D4-4902-9AD3-2F0DFFC83C80}.Release|Any CPU.Build.0 = Release|Any CPU
		{83C195EF-78D4-4902-9AD3-2F0DFFC83C80}.Release|Any CPU.Deploy.0 = Release|Any CPU
		{83C195EF-78D4-4902-9AD3-2F0DFFC83C80}.Release|ARM.ActiveCfg = Release|Any CPU
		{83C195EF-78D4-4902-9AD3-2F0DFFC83C80}.Release|ARM.Build.0 = Release|Any CPU
		{83C195EF-78D4-4902-9AD3-2F0DFFC83C80}.Release|ARM.Deploy.0 = Release|Any CPU
		{83C195EF-78D4-4902-9AD3-2F0DFFC83C80}.Release|iPhone.ActiveCfg = Release|Any CPU
		{83C195EF-78D4-4902-9AD3-2F0DFFC83C80}.Release|iPhone.Build.0 = Release|Any CPU
		{83C195EF-78D4-4902-9AD3-2F0DFFC83C80}.Release|iPhone.Deploy.0 = Release|Any CPU
		{83C195EF-78D4-4902-9AD3-2F0DFFC83C80}.Release|iPhoneSimulator.ActiveCfg = Release|Any CPU
		{83C195EF-78D4-4902-9AD3-2F0DFFC83C80}.Release|iPhoneSimulator.Build.0 = Release|Any CPU
		{83C195EF-78D4-4902-9AD3-2F0DFFC83C80}.Release|iPhoneSimulator.Deploy.0 = Release|Any CPU
		{83C195EF-78D4-4902-9AD3-2F0DFFC83C80}.Release|x64.ActiveCfg = Release|Any CPU
		{83C195EF-78D4-4902-9AD3-2F0DFFC83C80}.Release|x64.Build.0 = Release|Any CPU
		{83C195EF-78D4-4902-9AD3-2F0DFFC83C80}.Release|x64.Deploy.0 = Release|Any CPU
		{83C195EF-78D4-4902-9AD3-2F0DFFC83C80}.Release|x86.ActiveCfg = Release|Any CPU
		{83C195EF-78D4-4902-9AD3-2F0DFFC83C80}.Release|x86.Build.0 = Release|Any CPU
		{83C195EF-78D4-4902-9AD3-2F0DFFC83C80}.Release|x86.Deploy.0 = Release|Any CPU
		{1354E458-AA40-48AA-9AA1-93501DAFD73A}.Ad-Hoc|Any CPU.ActiveCfg = Ad-Hoc|iPhone
		{1354E458-AA40-48AA-9AA1-93501DAFD73A}.Ad-Hoc|Any CPU.Build.0 = Ad-Hoc|iPhone
		{1354E458-AA40-48AA-9AA1-93501DAFD73A}.Ad-Hoc|Any CPU.Deploy.0 = Ad-Hoc|iPhone
		{1354E458-AA40-48AA-9AA1-93501DAFD73A}.Ad-Hoc|ARM.ActiveCfg = Ad-Hoc|iPhone
		{1354E458-AA40-48AA-9AA1-93501DAFD73A}.Ad-Hoc|ARM.Build.0 = Ad-Hoc|iPhone
		{1354E458-AA40-48AA-9AA1-93501DAFD73A}.Ad-Hoc|ARM.Deploy.0 = Ad-Hoc|iPhone
		{1354E458-AA40-48AA-9AA1-93501DAFD73A}.Ad-Hoc|iPhone.ActiveCfg = Ad-Hoc|iPhone
		{1354E458-AA40-48AA-9AA1-93501DAFD73A}.Ad-Hoc|iPhone.Build.0 = Ad-Hoc|iPhone
		{1354E458-AA40-48AA-9AA1-93501DAFD73A}.Ad-Hoc|iPhone.Deploy.0 = Ad-Hoc|iPhone
		{1354E458-AA40-48AA-9AA1-93501DAFD73A}.Ad-Hoc|iPhoneSimulator.ActiveCfg = Ad-Hoc|iPhoneSimulator
		{1354E458-AA40-48AA-9AA1-93501DAFD73A}.Ad-Hoc|iPhoneSimulator.Build.0 = Ad-Hoc|iPhoneSimulator
		{1354E458-AA40-48AA-9AA1-93501DAFD73A}.Ad-Hoc|iPhoneSimulator.Deploy.0 = Ad-Hoc|iPhoneSimulator
		{1354E458-AA40-48AA-9AA1-93501DAFD73A}.Ad-Hoc|x64.ActiveCfg = Ad-Hoc|iPhone
		{1354E458-AA40-48AA-9AA1-93501DAFD73A}.Ad-Hoc|x64.Build.0 = Ad-Hoc|iPhone
		{1354E458-AA40-48AA-9AA1-93501DAFD73A}.Ad-Hoc|x64.Deploy.0 = Ad-Hoc|iPhone
		{1354E458-AA40-48AA-9AA1-93501DAFD73A}.Ad-Hoc|x86.ActiveCfg = Ad-Hoc|iPhone
		{1354E458-AA40-48AA-9AA1-93501DAFD73A}.Ad-Hoc|x86.Build.0 = Ad-Hoc|iPhone
		{1354E458-AA40-48AA-9AA1-93501DAFD73A}.Ad-Hoc|x86.Deploy.0 = Ad-Hoc|iPhone
		{1354E458-AA40-48AA-9AA1-93501DAFD73A}.AppStore|Any CPU.ActiveCfg = AppStore|iPhone
		{1354E458-AA40-48AA-9AA1-93501DAFD73A}.AppStore|Any CPU.Build.0 = AppStore|iPhone
		{1354E458-AA40-48AA-9AA1-93501DAFD73A}.AppStore|Any CPU.Deploy.0 = AppStore|iPhone
		{1354E458-AA40-48AA-9AA1-93501DAFD73A}.AppStore|ARM.ActiveCfg = AppStore|iPhone
		{1354E458-AA40-48AA-9AA1-93501DAFD73A}.AppStore|ARM.Build.0 = AppStore|iPhone
		{1354E458-AA40-48AA-9AA1-93501DAFD73A}.AppStore|ARM.Deploy.0 = AppStore|iPhone
		{1354E458-AA40-48AA-9AA1-93501DAFD73A}.AppStore|iPhone.ActiveCfg = AppStore|iPhone
		{1354E458-AA40-48AA-9AA1-93501DAFD73A}.AppStore|iPhone.Build.0 = AppStore|iPhone
		{1354E458-AA40-48AA-9AA1-93501DAFD73A}.AppStore|iPhone.Deploy.0 = AppStore|iPhone
		{1354E458-AA40-48AA-9AA1-93501DAFD73A}.AppStore|iPhoneSimulator.ActiveCfg = AppStore|iPhoneSimulator
		{1354E458-AA40-48AA-9AA1-93501DAFD73A}.AppStore|iPhoneSimulator.Build.0 = AppStore|iPhoneSimulator
		{1354E458-AA40-48AA-9AA1-93501DAFD73A}.AppStore|iPhoneSimulator.Deploy.0 = AppStore|iPhoneSimulator
		{1354E458-AA40-48AA-9AA1-93501DAFD73A}.AppStore|x64.ActiveCfg = AppStore|iPhone
		{1354E458-AA40-48AA-9AA1-93501DAFD73A}.AppStore|x64.Build.0 = AppStore|iPhone
		{1354E458-AA40-48AA-9AA1-93501DAFD73A}.AppStore|x64.Deploy.0 = AppStore|iPhone
		{1354E458-AA40-48AA-9AA1-93501DAFD73A}.AppStore|x86.ActiveCfg = AppStore|iPhone
		{1354E458-AA40-48AA-9AA1-93501DAFD73A}.AppStore|x86.Build.0 = AppStore|iPhone
		{1354E458-AA40-48AA-9AA1-93501DAFD73A}.AppStore|x86.Deploy.0 = AppStore|iPhone
		{1354E458-AA40-48AA-9AA1-93501DAFD73A}.Debug|Any CPU.ActiveCfg = Debug|iPhoneSimulator
		{1354E458-AA40-48AA-9AA1-93501DAFD73A}.Debug|Any CPU.Build.0 = Debug|iPhoneSimulator
		{1354E458-AA40-48AA-9AA1-93501DAFD73A}.Debug|Any CPU.Deploy.0 = Debug|iPhoneSimulator
		{1354E458-AA40-48AA-9AA1-93501DAFD73A}.Debug|ARM.ActiveCfg = Debug|iPhone
		{1354E458-AA40-48AA-9AA1-93501DAFD73A}.Debug|ARM.Build.0 = Debug|iPhone
		{1354E458-AA40-48AA-9AA1-93501DAFD73A}.Debug|ARM.Deploy.0 = Debug|iPhone
		{1354E458-AA40-48AA-9AA1-93501DAFD73A}.Debug|iPhone.ActiveCfg = Debug|iPhone
		{1354E458-AA40-48AA-9AA1-93501DAFD73A}.Debug|iPhone.Build.0 = Debug|iPhone
		{1354E458-AA40-48AA-9AA1-93501DAFD73A}.Debug|iPhone.Deploy.0 = Debug|iPhone
		{1354E458-AA40-48AA-9AA1-93501DAFD73A}.Debug|iPhoneSimulator.ActiveCfg = Debug|iPhoneSimulator
		{1354E458-AA40-48AA-9AA1-93501DAFD73A}.Debug|iPhoneSimulator.Build.0 = Debug|iPhoneSimulator
		{1354E458-AA40-48AA-9AA1-93501DAFD73A}.Debug|iPhoneSimulator.Deploy.0 = Debug|iPhoneSimulator
		{1354E458-AA40-48AA-9AA1-93501DAFD73A}.Debug|x64.ActiveCfg = Debug|iPhone
		{1354E458-AA40-48AA-9AA1-93501DAFD73A}.Debug|x64.Build.0 = Debug|iPhone
		{1354E458-AA40-48AA-9AA1-93501DAFD73A}.Debug|x64.Deploy.0 = Debug|iPhone
		{1354E458-AA40-48AA-9AA1-93501DAFD73A}.Debug|x86.ActiveCfg = Debug|iPhone
		{1354E458-AA40-48AA-9AA1-93501DAFD73A}.Debug|x86.Build.0 = Debug|iPhone
		{1354E458-AA40-48AA-9AA1-93501DAFD73A}.Debug|x86.Deploy.0 = Debug|iPhone
		{1354E458-AA40-48AA-9AA1-93501DAFD73A}.Release|Any CPU.ActiveCfg = Release|iPhone
		{1354E458-AA40-48AA-9AA1-93501DAFD73A}.Release|Any CPU.Build.0 = Release|iPhone
		{1354E458-AA40-48AA-9AA1-93501DAFD73A}.Release|Any CPU.Deploy.0 = Release|iPhone
		{1354E458-AA40-48AA-9AA1-93501DAFD73A}.Release|ARM.ActiveCfg = Release|iPhone
		{1354E458-AA40-48AA-9AA1-93501DAFD73A}.Release|ARM.Build.0 = Release|iPhone
		{1354E458-AA40-48AA-9AA1-93501DAFD73A}.Release|ARM.Deploy.0 = Release|iPhone
		{1354E458-AA40-48AA-9AA1-93501DAFD73A}.Release|iPhone.ActiveCfg = Release|iPhone
		{1354E458-AA40-48AA-9AA1-93501DAFD73A}.Release|iPhone.Build.0 = Release|iPhone
		{1354E458-AA40-48AA-9AA1-93501DAFD73A}.Release|iPhone.Deploy.0 = Release|iPhone
		{1354E458-AA40-48AA-9AA1-93501DAFD73A}.Release|iPhoneSimulator.ActiveCfg = Release|iPhoneSimulator
		{1354E458-AA40-48AA-9AA1-93501DAFD73A}.Release|iPhoneSimulator.Build.0 = Release|iPhoneSimulator
		{1354E458-AA40-48AA-9AA1-93501DAFD73A}.Release|iPhoneSimulator.Deploy.0 = Release|iPhoneSimulator
		{1354E458-AA40-48AA-9AA1-93501DAFD73A}.Release|x64.ActiveCfg = Release|iPhone
		{1354E458-AA40-48AA-9AA1-93501DAFD73A}.Release|x64.Build.0 = Release|iPhone
		{1354E458-AA40-48AA-9AA1-93501DAFD73A}.Release|x64.Deploy.0 = Release|iPhone
		{1354E458-AA40-48AA-9AA1-93501DAFD73A}.Release|x86.ActiveCfg = Release|iPhone
		{1354E458-AA40-48AA-9AA1-93501DAFD73A}.Release|x86.Build.0 = Release|iPhone
		{1354E458-AA40-48AA-9AA1-93501DAFD73A}.Release|x86.Deploy.0 = Release|iPhone
		{ED1344D0-5EAA-4E1B-A01D-6E98F46F62F3}.Ad-Hoc|Any CPU.ActiveCfg = Release|x86
		{ED1344D0-5EAA-4E1B-A01D-6E98F46F62F3}.Ad-Hoc|Any CPU.Build.0 = Release|x86
		{ED1344D0-5EAA-4E1B-A01D-6E98F46F62F3}.Ad-Hoc|Any CPU.Deploy.0 = Release|x86
		{ED1344D0-5EAA-4E1B-A01D-6E98F46F62F3}.Ad-Hoc|ARM.ActiveCfg = Release|ARM
		{ED1344D0-5EAA-4E1B-A01D-6E98F46F62F3}.Ad-Hoc|ARM.Build.0 = Release|ARM
		{ED1344D0-5EAA-4E1B-A01D-6E98F46F62F3}.Ad-Hoc|ARM.Deploy.0 = Release|ARM
		{ED1344D0-5EAA-4E1B-A01D-6E98F46F62F3}.Ad-Hoc|iPhone.ActiveCfg = Release|x86
		{ED1344D0-5EAA-4E1B-A01D-6E98F46F62F3}.Ad-Hoc|iPhone.Build.0 = Release|x86
		{ED1344D0-5EAA-4E1B-A01D-6E98F46F62F3}.Ad-Hoc|iPhone.Deploy.0 = Release|x86
		{ED1344D0-5EAA-4E1B-A01D-6E98F46F62F3}.Ad-Hoc|iPhoneSimulator.ActiveCfg = Release|x86
		{ED1344D0-5EAA-4E1B-A01D-6E98F46F62F3}.Ad-Hoc|iPhoneSimulator.Build.0 = Release|x86
		{ED1344D0-5EAA-4E1B-A01D-6E98F46F62F3}.Ad-Hoc|iPhoneSimulator.Deploy.0 = Release|x86
		{ED1344D0-5EAA-4E1B-A01D-6E98F46F62F3}.Ad-Hoc|x64.ActiveCfg = Release|x64
		{ED1344D0-5EAA-4E1B-A01D-6E98F46F62F3}.Ad-Hoc|x64.Build.0 = Release|x64
		{ED1344D0-5EAA-4E1B-A01D-6E98F46F62F3}.Ad-Hoc|x64.Deploy.0 = Release|x64
		{ED1344D0-5EAA-4E1B-A01D-6E98F46F62F3}.Ad-Hoc|x86.ActiveCfg = Release|x86
		{ED1344D0-5EAA-4E1B-A01D-6E98F46F62F3}.Ad-Hoc|x86.Build.0 = Release|x86
		{ED1344D0-5EAA-4E1B-A01D-6E98F46F62F3}.Ad-Hoc|x86.Deploy.0 = Release|x86
		{ED1344D0-5EAA-4E1B-A01D-6E98F46F62F3}.AppStore|Any CPU.ActiveCfg = Release|x86
		{ED1344D0-5EAA-4E1B-A01D-6E98F46F62F3}.AppStore|Any CPU.Build.0 = Release|x86
		{ED1344D0-5EAA-4E1B-A01D-6E98F46F62F3}.AppStore|Any CPU.Deploy.0 = Release|x86
		{ED1344D0-5EAA-4E1B-A01D-6E98F46F62F3}.AppStore|ARM.ActiveCfg = Release|ARM
		{ED1344D0-5EAA-4E1B-A01D-6E98F46F62F3}.AppStore|ARM.Build.0 = Release|ARM
		{ED1344D0-5EAA-4E1B-A01D-6E98F46F62F3}.AppStore|ARM.Deploy.0 = Release|ARM
		{ED1344D0-5EAA-4E1B-A01D-6E98F46F62F3}.AppStore|iPhone.ActiveCfg = Release|x86
		{ED1344D0-5EAA-4E1B-A01D-6E98F46F62F3}.AppStore|iPhone.Build.0 = Release|x86
		{ED1344D0-5EAA-4E1B-A01D-6E98F46F62F3}.AppStore|iPhone.Deploy.0 = Release|x86
		{ED1344D0-5EAA-4E1B-A01D-6E98F46F62F3}.AppStore|iPhoneSimulator.ActiveCfg = Release|x86
		{ED1344D0-5EAA-4E1B-A01D-6E98F46F62F3}.AppStore|iPhoneSimulator.Build.0 = Release|x86
		{ED1344D0-5EAA-4E1B-A01D-6E98F46F62F3}.AppStore|iPhoneSimulator.Deploy.0 = Release|x86
		{ED1344D0-5EAA-4E1B-A01D-6E98F46F62F3}.AppStore|x64.ActiveCfg = Release|x64
		{ED1344D0-5EAA-4E1B-A01D-6E98F46F62F3}.AppStore|x64.Build.0 = Release|x64
		{ED1344D0-5EAA-4E1B-A01D-6E98F46F62F3}.AppStore|x64.Deploy.0 = Release|x64
		{ED1344D0-5EAA-4E1B-A01D-6E98F46F62F3}.AppStore|x86.ActiveCfg = Release|x86
		{ED1344D0-5EAA-4E1B-A01D-6E98F46F62F3}.AppStore|x86.Build.0 = Release|x86
		{ED1344D0-5EAA-4E1B-A01D-6E98F46F62F3}.AppStore|x86.Deploy.0 = Release|x86
		{ED1344D0-5EAA-4E1B-A01D-6E98F46F62F3}.Debug|Any CPU.ActiveCfg = Debug|x86
		{ED1344D0-5EAA-4E1B-A01D-6E98F46F62F3}.Debug|Any CPU.Build.0 = Debug|x86
		{ED1344D0-5EAA-4E1B-A01D-6E98F46F62F3}.Debug|Any CPU.Deploy.0 = Debug|x86
		{ED1344D0-5EAA-4E1B-A01D-6E98F46F62F3}.Debug|ARM.ActiveCfg = Debug|ARM
		{ED1344D0-5EAA-4E1B-A01D-6E98F46F62F3}.Debug|ARM.Build.0 = Debug|ARM
		{ED1344D0-5EAA-4E1B-A01D-6E98F46F62F3}.Debug|ARM.Deploy.0 = Debug|ARM
		{ED1344D0-5EAA-4E1B-A01D-6E98F46F62F3}.Debug|iPhone.ActiveCfg = Debug|x86
		{ED1344D0-5EAA-4E1B-A01D-6E98F46F62F3}.Debug|iPhone.Build.0 = Debug|x86
		{ED1344D0-5EAA-4E1B-A01D-6E98F46F62F3}.Debug|iPhone.Deploy.0 = Debug|x86
		{ED1344D0-5EAA-4E1B-A01D-6E98F46F62F3}.Debug|iPhoneSimulator.ActiveCfg = Debug|x86
		{ED1344D0-5EAA-4E1B-A01D-6E98F46F62F3}.Debug|iPhoneSimulator.Build.0 = Debug|x86
		{ED1344D0-5EAA-4E1B-A01D-6E98F46F62F3}.Debug|iPhoneSimulator.Deploy.0 = Debug|x86
		{ED1344D0-5EAA-4E1B-A01D-6E98F46F62F3}.Debug|x64.ActiveCfg = Debug|x64
		{ED1344D0-5EAA-4E1B-A01D-6E98F46F62F3}.Debug|x64.Build.0 = Debug|x64
		{ED1344D0-5EAA-4E1B-A01D-6E98F46F62F3}.Debug|x64.Deploy.0 = Debug|x64
		{ED1344D0-5EAA-4E1B-A01D-6E98F46F62F3}.Debug|x86.ActiveCfg = Debug|x86
		{ED1344D0-5EAA-4E1B-A01D-6E98F46F62F3}.Debug|x86.Build.0 = Debug|x86
		{ED1344D0-5EAA-4E1B-A01D-6E98F46F62F3}.Debug|x86.Deploy.0 = Debug|x86
		{ED1344D0-5EAA-4E1B-A01D-6E98F46F62F3}.Release|Any CPU.ActiveCfg = Release|x86
		{ED1344D0-5EAA-4E1B-A01D-6E98F46F62F3}.Release|Any CPU.Build.0 = Release|x86
		{ED1344D0-5EAA-4E1B-A01D-6E98F46F62F3}.Release|Any CPU.Deploy.0 = Release|x86
		{ED1344D0-5EAA-4E1B-A01D-6E98F46F62F3}.Release|ARM.ActiveCfg = Release|ARM
		{ED1344D0-5EAA-4E1B-A01D-6E98F46F62F3}.Release|ARM.Build.0 = Release|ARM
		{ED1344D0-5EAA-4E1B-A01D-6E98F46F62F3}.Release|ARM.Deploy.0 = Release|ARM
		{ED1344D0-5EAA-4E1B-A01D-6E98F46F62F3}.Release|iPhone.ActiveCfg = Release|x86
		{ED1344D0-5EAA-4E1B-A01D-6E98F46F62F3}.Release|iPhone.Build.0 = Release|x86
		{ED1344D0-5EAA-4E1B-A01D-6E98F46F62F3}.Release|iPhone.Deploy.0 = Release|x86
		{ED1344D0-5EAA-4E1B-A01D-6E98F46F62F3}.Release|iPhoneSimulator.ActiveCfg = Release|x86
		{ED1344D0-5EAA-4E1B-A01D-6E98F46F62F3}.Release|iPhoneSimulator.Build.0 = Release|x86
		{ED1344D0-5EAA-4E1B-A01D-6E98F46F62F3}.Release|iPhoneSimulator.Deploy.0 = Release|x86
		{ED1344D0-5EAA-4E1B-A01D-6E98F46F62F3}.Release|x64.ActiveCfg = Release|x64
		{ED1344D0-5EAA-4E1B-A01D-6E98F46F62F3}.Release|x64.Build.0 = Release|x64
		{ED1344D0-5EAA-4E1B-A01D-6E98F46F62F3}.Release|x64.Deploy.0 = Release|x64
		{ED1344D0-5EAA-4E1B-A01D-6E98F46F62F3}.Release|x86.ActiveCfg = Release|x86
		{ED1344D0-5EAA-4E1B-A01D-6E98F46F62F3}.Release|x86.Build.0 = Release|x86
		{ED1344D0-5EAA-4E1B-A01D-6E98F46F62F3}.Release|x86.Deploy.0 = Release|x86
		{798A45A1-74B8-4E0A-BB0A-768600D6CC7E}.Ad-Hoc|Any CPU.ActiveCfg = Debug|Any CPU
		{798A45A1-74B8-4E0A-BB0A-768600D6CC7E}.Ad-Hoc|Any CPU.Build.0 = Debug|Any CPU
		{798A45A1-74B8-4E0A-BB0A-768600D6CC7E}.Ad-Hoc|Any CPU.Deploy.0 = Debug|Any CPU
		{798A45A1-74B8-4E0A-BB0A-768600D6CC7E}.Ad-Hoc|ARM.ActiveCfg = Debug|Any CPU
		{798A45A1-74B8-4E0A-BB0A-768600D6CC7E}.Ad-Hoc|ARM.Build.0 = Debug|Any CPU
		{798A45A1-74B8-4E0A-BB0A-768600D6CC7E}.Ad-Hoc|ARM.Deploy.0 = Debug|Any CPU
		{798A45A1-74B8-4E0A-BB0A-768600D6CC7E}.Ad-Hoc|iPhone.ActiveCfg = Debug|Any CPU
		{798A45A1-74B8-4E0A-BB0A-768600D6CC7E}.Ad-Hoc|iPhone.Build.0 = Debug|Any CPU
		{798A45A1-74B8-4E0A-BB0A-768600D6CC7E}.Ad-Hoc|iPhone.Deploy.0 = Debug|Any CPU
		{798A45A1-74B8-4E0A-BB0A-768600D6CC7E}.Ad-Hoc|iPhoneSimulator.ActiveCfg = Debug|Any CPU
		{798A45A1-74B8-4E0A-BB0A-768600D6CC7E}.Ad-Hoc|iPhoneSimulator.Build.0 = Debug|Any CPU
		{798A45A1-74B8-4E0A-BB0A-768600D6CC7E}.Ad-Hoc|iPhoneSimulator.Deploy.0 = Debug|Any CPU
		{798A45A1-74B8-4E0A-BB0A-768600D6CC7E}.Ad-Hoc|x64.ActiveCfg = Debug|Any CPU
		{798A45A1-74B8-4E0A-BB0A-768600D6CC7E}.Ad-Hoc|x64.Build.0 = Debug|Any CPU
		{798A45A1-74B8-4E0A-BB0A-768600D6CC7E}.Ad-Hoc|x64.Deploy.0 = Debug|Any CPU
		{798A45A1-74B8-4E0A-BB0A-768600D6CC7E}.Ad-Hoc|x86.ActiveCfg = Debug|Any CPU
		{798A45A1-74B8-4E0A-BB0A-768600D6CC7E}.Ad-Hoc|x86.Build.0 = Debug|Any CPU
		{798A45A1-74B8-4E0A-BB0A-768600D6CC7E}.Ad-Hoc|x86.Deploy.0 = Debug|Any CPU
		{798A45A1-74B8-4E0A-BB0A-768600D6CC7E}.AppStore|Any CPU.ActiveCfg = Debug|Any CPU
		{798A45A1-74B8-4E0A-BB0A-768600D6CC7E}.AppStore|Any CPU.Build.0 = Debug|Any CPU
		{798A45A1-74B8-4E0A-BB0A-768600D6CC7E}.AppStore|Any CPU.Deploy.0 = Debug|Any CPU
		{798A45A1-74B8-4E0A-BB0A-768600D6CC7E}.AppStore|ARM.ActiveCfg = Debug|Any CPU
		{798A45A1-74B8-4E0A-BB0A-768600D6CC7E}.AppStore|ARM.Build.0 = Debug|Any CPU
		{798A45A1-74B8-4E0A-BB0A-768600D6CC7E}.AppStore|ARM.Deploy.0 = Debug|Any CPU
		{798A45A1-74B8-4E0A-BB0A-768600D6CC7E}.AppStore|iPhone.ActiveCfg = Debug|Any CPU
		{798A45A1-74B8-4E0A-BB0A-768600D6CC7E}.AppStore|iPhone.Build.0 = Debug|Any CPU
		{798A45A1-74B8-4E0A-BB0A-768600D6CC7E}.AppStore|iPhone.Deploy.0 = Debug|Any CPU
		{798A45A1-74B8-4E0A-BB0A-768600D6CC7E}.AppStore|iPhoneSimulator.ActiveCfg = Debug|Any CPU
		{798A45A1-74B8-4E0A-BB0A-768600D6CC7E}.AppStore|iPhoneSimulator.Build.0 = Debug|Any CPU
		{798A45A1-74B8-4E0A-BB0A-768600D6CC7E}.AppStore|iPhoneSimulator.Deploy.0 = Debug|Any CPU
		{798A45A1-74B8-4E0A-BB0A-768600D6CC7E}.AppStore|x64.ActiveCfg = Debug|Any CPU
		{798A45A1-74B8-4E0A-BB0A-768600D6CC7E}.AppStore|x64.Build.0 = Debug|Any CPU
		{798A45A1-74B8-4E0A-BB0A-768600D6CC7E}.AppStore|x64.Deploy.0 = Debug|Any CPU
		{798A45A1-74B8-4E0A-BB0A-768600D6CC7E}.AppStore|x86.ActiveCfg = Debug|Any CPU
		{798A45A1-74B8-4E0A-BB0A-768600D6CC7E}.AppStore|x86.Build.0 = Debug|Any CPU
		{798A45A1-74B8-4E0A-BB0A-768600D6CC7E}.AppStore|x86.Deploy.0 = Debug|Any CPU
		{798A45A1-74B8-4E0A-BB0A-768600D6CC7E}.Debug|Any CPU.ActiveCfg = Debug|Any CPU
		{798A45A1-74B8-4E0A-BB0A-768600D6CC7E}.Debug|Any CPU.Build.0 = Debug|Any CPU
		{798A45A1-74B8-4E0A-BB0A-768600D6CC7E}.Debug|Any CPU.Deploy.0 = Debug|Any CPU
		{798A45A1-74B8-4E0A-BB0A-768600D6CC7E}.Debug|ARM.ActiveCfg = Debug|Any CPU
		{798A45A1-74B8-4E0A-BB0A-768600D6CC7E}.Debug|ARM.Build.0 = Debug|Any CPU
		{798A45A1-74B8-4E0A-BB0A-768600D6CC7E}.Debug|ARM.Deploy.0 = Debug|Any CPU
		{798A45A1-74B8-4E0A-BB0A-768600D6CC7E}.Debug|iPhone.ActiveCfg = Debug|Any CPU
		{798A45A1-74B8-4E0A-BB0A-768600D6CC7E}.Debug|iPhone.Build.0 = Debug|Any CPU
		{798A45A1-74B8-4E0A-BB0A-768600D6CC7E}.Debug|iPhone.Deploy.0 = Debug|Any CPU
		{798A45A1-74B8-4E0A-BB0A-768600D6CC7E}.Debug|iPhoneSimulator.ActiveCfg = Debug|Any CPU
		{798A45A1-74B8-4E0A-BB0A-768600D6CC7E}.Debug|iPhoneSimulator.Build.0 = Debug|Any CPU
		{798A45A1-74B8-4E0A-BB0A-768600D6CC7E}.Debug|iPhoneSimulator.Deploy.0 = Debug|Any CPU
		{798A45A1-74B8-4E0A-BB0A-768600D6CC7E}.Debug|x64.ActiveCfg = Debug|Any CPU
		{798A45A1-74B8-4E0A-BB0A-768600D6CC7E}.Debug|x64.Build.0 = Debug|Any CPU
		{798A45A1-74B8-4E0A-BB0A-768600D6CC7E}.Debug|x64.Deploy.0 = Debug|Any CPU
		{798A45A1-74B8-4E0A-BB0A-768600D6CC7E}.Debug|x86.ActiveCfg = Debug|Any CPU
		{798A45A1-74B8-4E0A-BB0A-768600D6CC7E}.Debug|x86.Build.0 = Debug|Any CPU
		{798A45A1-74B8-4E0A-BB0A-768600D6CC7E}.Debug|x86.Deploy.0 = Debug|Any CPU
		{798A45A1-74B8-4E0A-BB0A-768600D6CC7E}.Release|Any CPU.ActiveCfg = Release|Any CPU
		{798A45A1-74B8-4E0A-BB0A-768600D6CC7E}.Release|Any CPU.Build.0 = Release|Any CPU
		{798A45A1-74B8-4E0A-BB0A-768600D6CC7E}.Release|Any CPU.Deploy.0 = Release|Any CPU
		{798A45A1-74B8-4E0A-BB0A-768600D6CC7E}.Release|ARM.ActiveCfg = Release|Any CPU
		{798A45A1-74B8-4E0A-BB0A-768600D6CC7E}.Release|ARM.Build.0 = Release|Any CPU
		{798A45A1-74B8-4E0A-BB0A-768600D6CC7E}.Release|ARM.Deploy.0 = Release|Any CPU
		{798A45A1-74B8-4E0A-BB0A-768600D6CC7E}.Release|iPhone.ActiveCfg = Release|Any CPU
		{798A45A1-74B8-4E0A-BB0A-768600D6CC7E}.Release|iPhone.Build.0 = Release|Any CPU
		{798A45A1-74B8-4E0A-BB0A-768600D6CC7E}.Release|iPhone.Deploy.0 = Release|Any CPU
		{798A45A1-74B8-4E0A-BB0A-768600D6CC7E}.Release|iPhoneSimulator.ActiveCfg = Release|Any CPU
		{798A45A1-74B8-4E0A-BB0A-768600D6CC7E}.Release|iPhoneSimulator.Build.0 = Release|Any CPU
		{798A45A1-74B8-4E0A-BB0A-768600D6CC7E}.Release|iPhoneSimulator.Deploy.0 = Release|Any CPU
		{798A45A1-74B8-4E0A-BB0A-768600D6CC7E}.Release|x64.ActiveCfg = Release|Any CPU
		{798A45A1-74B8-4E0A-BB0A-768600D6CC7E}.Release|x64.Build.0 = Release|Any CPU
		{798A45A1-74B8-4E0A-BB0A-768600D6CC7E}.Release|x64.Deploy.0 = Release|Any CPU
		{798A45A1-74B8-4E0A-BB0A-768600D6CC7E}.Release|x86.ActiveCfg = Release|Any CPU
		{798A45A1-74B8-4E0A-BB0A-768600D6CC7E}.Release|x86.Build.0 = Release|Any CPU
		{798A45A1-74B8-4E0A-BB0A-768600D6CC7E}.Release|x86.Deploy.0 = Release|Any CPU
	EndGlobalSection
	GlobalSection(SolutionProperties) = preSolution
		HideSolutionNode = FALSE
	EndGlobalSection
	GlobalSection(ExtensibilityGlobals) = postSolution
		SolutionGuid = {EEFF4E21-A1A7-4A00-823B-298C3D3BCC66}
	EndGlobalSection
EndGlobal
