
Microsoft Visual Studio Solution File, Format Version 12.00
# Visual Studio Version 16
VisualStudioVersion = 16.0.30413.136
MinimumVisualStudioVersion = 10.0.40219.1
Project("{FAE04EC0-301F-11D3-BF4B-00C04F79EFBC}") = "Resources.UWP", "Resources\Resources.UWP\Resources.UWP.csproj", "{A5FA7113-0E03-4691-8081-BEA0ECDAEA0B}"
EndProject
Project("{FAE04EC0-301F-11D3-BF4B-00C04F79EFBC}") = "Resources.Android", "Resources\Resources.Android\Resources.Android.csproj", "{556E9924-17F0-4744-B4B0-D90CD74F8B2B}"
EndProject
Project("{FAE04EC0-301F-11D3-BF4B-00C04F79EFBC}") = "Resources.iOS", "Resources\Resources.iOS\Resources.iOS.csproj", "{083BC4C7-0895-4085-B1CD-B13665F939B2}"
EndProject
Project("{FAE04EC0-301F-11D3-BF4B-00C04F79EFBC}") = "Resources", "Resources\Resources\Resources.csproj", "{4EEBA798-B269-4328-BDD8-BD05FE31CCC0}"
EndProject
Global
	GlobalSection(SolutionConfigurationPlatforms) = preSolution
		Debug|Any CPU = Debug|Any CPU
		Debug|ARM = Debug|ARM
		Debug|iPhone = Debug|iPhone
		Debug|iPhoneSimulator = Debug|iPhoneSimulator
		Debug|x64 = Debug|x64
		Debug|x86 = Debug|x86
		Release|Any CPU = Release|Any CPU
		Release|ARM = Release|ARM
		Release|iPhone = Release|iPhone
		Release|iPhoneSimulator = Release|iPhoneSimulator
		Release|x64 = Release|x64
		Release|x86 = Release|x86
	EndGlobalSection
	GlobalSection(ProjectConfigurationPlatforms) = postSolution
		{A5FA7113-0E03-4691-8081-BEA0ECDAEA0B}.Debug|Any CPU.ActiveCfg = Debug|x86
		{A5FA7113-0E03-4691-8081-BEA0ECDAEA0B}.Debug|Any CPU.Build.0 = Debug|x86
		{A5FA7113-0E03-4691-8081-BEA0ECDAEA0B}.Debug|Any CPU.Deploy.0 = Debug|x86
		{A5FA7113-0E03-4691-8081-BEA0ECDAEA0B}.Debug|ARM.ActiveCfg = Debug|ARM
		{A5FA7113-0E03-4691-8081-BEA0ECDAEA0B}.Debug|ARM.Build.0 = Debug|ARM
		{A5FA7113-0E03-4691-8081-BEA0ECDAEA0B}.Debug|ARM.Deploy.0 = Debug|ARM
		{A5FA7113-0E03-4691-8081-BEA0ECDAEA0B}.Debug|iPhone.ActiveCfg = Debug|x86
		{A5FA7113-0E03-4691-8081-BEA0ECDAEA0B}.Debug|iPhone.Build.0 = Debug|x86
		{A5FA7113-0E03-4691-8081-BEA0ECDAEA0B}.Debug|iPhone.Deploy.0 = Debug|x86
		{A5FA7113-0E03-4691-8081-BEA0ECDAEA0B}.Debug|iPhoneSimulator.ActiveCfg = Debug|x86
		{A5FA7113-0E03-4691-8081-BEA0ECDAEA0B}.Debug|iPhoneSimulator.Build.0 = Debug|x86
		{A5FA7113-0E03-4691-8081-BEA0ECDAEA0B}.Debug|iPhoneSimulator.Deploy.0 = Debug|x86
		{A5FA7113-0E03-4691-8081-BEA0ECDAEA0B}.Debug|x64.ActiveCfg = Debug|x64
		{A5FA7113-0E03-4691-8081-BEA0ECDAEA0B}.Debug|x64.Build.0 = Debug|x64
		{A5FA7113-0E03-4691-8081-BEA0ECDAEA0B}.Debug|x64.Deploy.0 = Debug|x64
		{A5FA7113-0E03-4691-8081-BEA0ECDAEA0B}.Debug|x86.ActiveCfg = Debug|x86
		{A5FA7113-0E03-4691-8081-BEA0ECDAEA0B}.Debug|x86.Build.0 = Debug|x86
		{A5FA7113-0E03-4691-8081-BEA0ECDAEA0B}.Debug|x86.Deploy.0 = Debug|x86
		{A5FA7113-0E03-4691-8081-BEA0ECDAEA0B}.Release|Any CPU.ActiveCfg = Release|x86
		{A5FA7113-0E03-4691-8081-BEA0ECDAEA0B}.Release|Any CPU.Build.0 = Release|x86
		{A5FA7113-0E03-4691-8081-BEA0ECDAEA0B}.Release|Any CPU.Deploy.0 = Release|x86
		{A5FA7113-0E03-4691-8081-BEA0ECDAEA0B}.Release|ARM.ActiveCfg = Release|ARM
		{A5FA7113-0E03-4691-8081-BEA0ECDAEA0B}.Release|ARM.Build.0 = Release|ARM
		{A5FA7113-0E03-4691-8081-BEA0ECDAEA0B}.Release|ARM.Deploy.0 = Release|ARM
		{A5FA7113-0E03-4691-8081-BEA0ECDAEA0B}.Release|iPhone.ActiveCfg = Release|x86
		{A5FA7113-0E03-4691-8081-BEA0ECDAEA0B}.Release|iPhone.Build.0 = Release|x86
		{A5FA7113-0E03-4691-8081-BEA0ECDAEA0B}.Release|iPhone.Deploy.0 = Release|x86
		{A5FA7113-0E03-4691-8081-BEA0ECDAEA0B}.Release|iPhoneSimulator.ActiveCfg = Release|x86
		{A5FA7113-0E03-4691-8081-BEA0ECDAEA0B}.Release|iPhoneSimulator.Build.0 = Release|x86
		{A5FA7113-0E03-4691-8081-BEA0ECDAEA0B}.Release|iPhoneSimulator.Deploy.0 = Release|x86
		{A5FA7113-0E03-4691-8081-BEA0ECDAEA0B}.Release|x64.ActiveCfg = Release|x64
		{A5FA7113-0E03-4691-8081-BEA0ECDAEA0B}.Release|x64.Build.0 = Release|x64
		{A5FA7113-0E03-4691-8081-BEA0ECDAEA0B}.Release|x64.Deploy.0 = Release|x64
		{A5FA7113-0E03-4691-8081-BEA0ECDAEA0B}.Release|x86.ActiveCfg = Release|x86
		{A5FA7113-0E03-4691-8081-BEA0ECDAEA0B}.Release|x86.Build.0 = Release|x86
		{A5FA7113-0E03-4691-8081-BEA0ECDAEA0B}.Release|x86.Deploy.0 = Release|x86
		{556E9924-17F0-4744-B4B0-D90CD74F8B2B}.Debug|Any CPU.ActiveCfg = Debug|Any CPU
		{556E9924-17F0-4744-B4B0-D90CD74F8B2B}.Debug|Any CPU.Build.0 = Debug|Any CPU
		{556E9924-17F0-4744-B4B0-D90CD74F8B2B}.Debug|Any CPU.Deploy.0 = Debug|Any CPU
		{556E9924-17F0-4744-B4B0-D90CD74F8B2B}.Debug|ARM.ActiveCfg = Debug|Any CPU
		{556E9924-17F0-4744-B4B0-D90CD74F8B2B}.Debug|ARM.Build.0 = Debug|Any CPU
		{556E9924-17F0-4744-B4B0-D90CD74F8B2B}.Debug|ARM.Deploy.0 = Debug|Any CPU
		{556E9924-17F0-4744-B4B0-D90CD74F8B2B}.Debug|iPhone.ActiveCfg = Debug|Any CPU
		{556E9924-17F0-4744-B4B0-D90CD74F8B2B}.Debug|iPhone.Build.0 = Debug|Any CPU
		{556E9924-17F0-4744-B4B0-D90CD74F8B2B}.Debug|iPhone.Deploy.0 = Debug|Any CPU
		{556E9924-17F0-4744-B4B0-D90CD74F8B2B}.Debug|iPhoneSimulator.ActiveCfg = Debug|Any CPU
		{556E9924-17F0-4744-B4B0-D90CD74F8B2B}.Debug|iPhoneSimulator.Build.0 = Debug|Any CPU
		{556E9924-17F0-4744-B4B0-D90CD74F8B2B}.Debug|iPhoneSimulator.Deploy.0 = Debug|Any CPU
		{556E9924-17F0-4744-B4B0-D90CD74F8B2B}.Debug|x64.ActiveCfg = Debug|Any CPU
		{556E9924-17F0-4744-B4B0-D90CD74F8B2B}.Debug|x64.Build.0 = Debug|Any CPU
		{556E9924-17F0-4744-B4B0-D90CD74F8B2B}.Debug|x64.Deploy.0 = Debug|Any CPU
		{556E9924-17F0-4744-B4B0-D90CD74F8B2B}.Debug|x86.ActiveCfg = Debug|Any CPU
		{556E9924-17F0-4744-B4B0-D90CD74F8B2B}.Debug|x86.Build.0 = Debug|Any CPU
		{556E9924-17F0-4744-B4B0-D90CD74F8B2B}.Debug|x86.Deploy.0 = Debug|Any CPU
		{556E9924-17F0-4744-B4B0-D90CD74F8B2B}.Release|Any CPU.ActiveCfg = Release|Any CPU
		{556E9924-17F0-4744-B4B0-D90CD74F8B2B}.Release|Any CPU.Build.0 = Release|Any CPU
		{556E9924-17F0-4744-B4B0-D90CD74F8B2B}.Release|Any CPU.Deploy.0 = Release|Any CPU
		{556E9924-17F0-4744-B4B0-D90CD74F8B2B}.Release|ARM.ActiveCfg = Release|Any CPU
		{556E9924-17F0-4744-B4B0-D90CD74F8B2B}.Release|ARM.Build.0 = Release|Any CPU
		{556E9924-17F0-4744-B4B0-D90CD74F8B2B}.Release|ARM.Deploy.0 = Release|Any CPU
		{556E9924-17F0-4744-B4B0-D90CD74F8B2B}.Release|iPhone.ActiveCfg = Release|Any CPU
		{556E9924-17F0-4744-B4B0-D90CD74F8B2B}.Release|iPhone.Build.0 = Release|Any CPU
		{556E9924-17F0-4744-B4B0-D90CD74F8B2B}.Release|iPhone.Deploy.0 = Release|Any CPU
		{556E9924-17F0-4744-B4B0-D90CD74F8B2B}.Release|iPhoneSimulator.ActiveCfg = Release|Any CPU
		{556E9924-17F0-4744-B4B0-D90CD74F8B2B}.Release|iPhoneSimulator.Build.0 = Release|Any CPU
		{556E9924-17F0-4744-B4B0-D90CD74F8B2B}.Release|iPhoneSimulator.Deploy.0 = Release|Any CPU
		{556E9924-17F0-4744-B4B0-D90CD74F8B2B}.Release|x64.ActiveCfg = Release|Any CPU
		{556E9924-17F0-4744-B4B0-D90CD74F8B2B}.Release|x64.Build.0 = Release|Any CPU
		{556E9924-17F0-4744-B4B0-D90CD74F8B2B}.Release|x64.Deploy.0 = Release|Any CPU
		{556E9924-17F0-4744-B4B0-D90CD74F8B2B}.Release|x86.ActiveCfg = Release|Any CPU
		{556E9924-17F0-4744-B4B0-D90CD74F8B2B}.Release|x86.Build.0 = Release|Any CPU
		{556E9924-17F0-4744-B4B0-D90CD74F8B2B}.Release|x86.Deploy.0 = Release|Any CPU
		{083BC4C7-0895-4085-B1CD-B13665F939B2}.Debug|Any CPU.ActiveCfg = Debug|iPhone
		{083BC4C7-0895-4085-B1CD-B13665F939B2}.Debug|Any CPU.Build.0 = Debug|iPhone
		{083BC4C7-0895-4085-B1CD-B13665F939B2}.Debug|Any CPU.Deploy.0 = Debug|iPhone
		{083BC4C7-0895-4085-B1CD-B13665F939B2}.Debug|ARM.ActiveCfg = Debug|iPhone
		{083BC4C7-0895-4085-B1CD-B13665F939B2}.Debug|ARM.Build.0 = Debug|iPhone
		{083BC4C7-0895-4085-B1CD-B13665F939B2}.Debug|ARM.Deploy.0 = Debug|iPhone
		{083BC4C7-0895-4085-B1CD-B13665F939B2}.Debug|iPhone.ActiveCfg = Debug|iPhone
		{083BC4C7-0895-4085-B1CD-B13665F939B2}.Debug|iPhone.Build.0 = Debug|iPhone
		{083BC4C7-0895-4085-B1CD-B13665F939B2}.Debug|iPhone.Deploy.0 = Debug|iPhone
		{083BC4C7-0895-4085-B1CD-B13665F939B2}.Debug|iPhoneSimulator.ActiveCfg = Debug|iPhoneSimulator
		{083BC4C7-0895-4085-B1CD-B13665F939B2}.Debug|iPhoneSimulator.Build.0 = Debug|iPhoneSimulator
		{083BC4C7-0895-4085-B1CD-B13665F939B2}.Debug|iPhoneSimulator.Deploy.0 = Debug|iPhoneSimulator
		{083BC4C7-0895-4085-B1CD-B13665F939B2}.Debug|x64.ActiveCfg = Debug|iPhone
		{083BC4C7-0895-4085-B1CD-B13665F939B2}.Debug|x64.Build.0 = Debug|iPhone
		{083BC4C7-0895-4085-B1CD-B13665F939B2}.Debug|x64.Deploy.0 = Debug|iPhone
		{083BC4C7-0895-4085-B1CD-B13665F939B2}.Debug|x86.ActiveCfg = Debug|iPhone
		{083BC4C7-0895-4085-B1CD-B13665F939B2}.Debug|x86.Build.0 = Debug|iPhone
		{083BC4C7-0895-4085-B1CD-B13665F939B2}.Debug|x86.Deploy.0 = Debug|iPhone
		{083BC4C7-0895-4085-B1CD-B13665F939B2}.Release|Any CPU.ActiveCfg = Release|iPhone
		{083BC4C7-0895-4085-B1CD-B13665F939B2}.Release|Any CPU.Build.0 = Release|iPhone
		{083BC4C7-0895-4085-B1CD-B13665F939B2}.Release|Any CPU.Deploy.0 = Release|iPhone
		{083BC4C7-0895-4085-B1CD-B13665F939B2}.Release|ARM.ActiveCfg = Release|iPhone
		{083BC4C7-0895-4085-B1CD-B13665F939B2}.Release|ARM.Build.0 = Release|iPhone
		{083BC4C7-0895-4085-B1CD-B13665F939B2}.Release|ARM.Deploy.0 = Release|iPhone
		{083BC4C7-0895-4085-B1CD-B13665F939B2}.Release|iPhone.ActiveCfg = Release|iPhone
		{083BC4C7-0895-4085-B1CD-B13665F939B2}.Release|iPhone.Build.0 = Release|iPhone
		{083BC4C7-0895-4085-B1CD-B13665F939B2}.Release|iPhone.Deploy.0 = Release|iPhone
		{083BC4C7-0895-4085-B1CD-B13665F939B2}.Release|iPhoneSimulator.ActiveCfg = Release|iPhoneSimulator
		{083BC4C7-0895-4085-B1CD-B13665F939B2}.Release|iPhoneSimulator.Build.0 = Release|iPhoneSimulator
		{083BC4C7-0895-4085-B1CD-B13665F939B2}.Release|iPhoneSimulator.Deploy.0 = Release|iPhoneSimulator
		{083BC4C7-0895-4085-B1CD-B13665F939B2}.Release|x64.ActiveCfg = Release|iPhone
		{083BC4C7-0895-4085-B1CD-B13665F939B2}.Release|x64.Build.0 = Release|iPhone
		{083BC4C7-0895-4085-B1CD-B13665F939B2}.Release|x64.Deploy.0 = Release|iPhone
		{083BC4C7-0895-4085-B1CD-B13665F939B2}.Release|x86.ActiveCfg = Release|iPhone
		{083BC4C7-0895-4085-B1CD-B13665F939B2}.Release|x86.Build.0 = Release|iPhone
		{083BC4C7-0895-4085-B1CD-B13665F939B2}.Release|x86.Deploy.0 = Release|iPhone
		{4EEBA798-B269-4328-BDD8-BD05FE31CCC0}.Debug|Any CPU.ActiveCfg = Debug|Any CPU
		{4EEBA798-B269-4328-BDD8-BD05FE31CCC0}.Debug|Any CPU.Build.0 = Debug|Any CPU
		{4EEBA798-B269-4328-BDD8-BD05FE31CCC0}.Debug|Any CPU.Deploy.0 = Debug|Any CPU
		{4EEBA798-B269-4328-BDD8-BD05FE31CCC0}.Debug|ARM.ActiveCfg = Debug|Any CPU
		{4EEBA798-B269-4328-BDD8-BD05FE31CCC0}.Debug|ARM.Build.0 = Debug|Any CPU
		{4EEBA798-B269-4328-BDD8-BD05FE31CCC0}.Debug|ARM.Deploy.0 = Debug|Any CPU
		{4EEBA798-B269-4328-BDD8-BD05FE31CCC0}.Debug|iPhone.ActiveCfg = Debug|Any CPU
		{4EEBA798-B269-4328-BDD8-BD05FE31CCC0}.Debug|iPhone.Build.0 = Debug|Any CPU
		{4EEBA798-B269-4328-BDD8-BD05FE31CCC0}.Debug|iPhone.Deploy.0 = Debug|Any CPU
		{4EEBA798-B269-4328-BDD8-BD05FE31CCC0}.Debug|iPhoneSimulator.ActiveCfg = Debug|Any CPU
		{4EEBA798-B269-4328-BDD8-BD05FE31CCC0}.Debug|iPhoneSimulator.Build.0 = Debug|Any CPU
		{4EEBA798-B269-4328-BDD8-BD05FE31CCC0}.Debug|iPhoneSimulator.Deploy.0 = Debug|Any CPU
		{4EEBA798-B269-4328-BDD8-BD05FE31CCC0}.Debug|x64.ActiveCfg = Debug|Any CPU
		{4EEBA798-B269-4328-BDD8-BD05FE31CCC0}.Debug|x64.Build.0 = Debug|Any CPU
		{4EEBA798-B269-4328-BDD8-BD05FE31CCC0}.Debug|x64.Deploy.0 = Debug|Any CPU
		{4EEBA798-B269-4328-BDD8-BD05FE31CCC0}.Debug|x86.ActiveCfg = Debug|Any CPU
		{4EEBA798-B269-4328-BDD8-BD05FE31CCC0}.Debug|x86.Build.0 = Debug|Any CPU
		{4EEBA798-B269-4328-BDD8-BD05FE31CCC0}.Debug|x86.Deploy.0 = Debug|Any CPU
		{4EEBA798-B269-4328-BDD8-BD05FE31CCC0}.Release|Any CPU.ActiveCfg = Release|Any CPU
		{4EEBA798-B269-4328-BDD8-BD05FE31CCC0}.Release|Any CPU.Build.0 = Release|Any CPU
		{4EEBA798-B269-4328-BDD8-BD05FE31CCC0}.Release|Any CPU.Deploy.0 = Release|Any CPU
		{4EEBA798-B269-4328-BDD8-BD05FE31CCC0}.Release|ARM.ActiveCfg = Release|Any CPU
		{4EEBA798-B269-4328-BDD8-BD05FE31CCC0}.Release|ARM.Build.0 = Release|Any CPU
		{4EEBA798-B269-4328-BDD8-BD05FE31CCC0}.Release|ARM.Deploy.0 = Release|Any CPU
		{4EEBA798-B269-4328-BDD8-BD05FE31CCC0}.Release|iPhone.ActiveCfg = Release|Any CPU
		{4EEBA798-B269-4328-BDD8-BD05FE31CCC0}.Release|iPhone.Build.0 = Release|Any CPU
		{4EEBA798-B269-4328-BDD8-BD05FE31CCC0}.Release|iPhone.Deploy.0 = Release|Any CPU
		{4EEBA798-B269-4328-BDD8-BD05FE31CCC0}.Release|iPhoneSimulator.ActiveCfg = Release|Any CPU
		{4EEBA798-B269-4328-BDD8-BD05FE31CCC0}.Release|iPhoneSimulator.Build.0 = Release|Any CPU
		{4EEBA798-B269-4328-BDD8-BD05FE31CCC0}.Release|iPhoneSimulator.Deploy.0 = Release|Any CPU
		{4EEBA798-B269-4328-BDD8-BD05FE31CCC0}.Release|x64.ActiveCfg = Release|Any CPU
		{4EEBA798-B269-4328-BDD8-BD05FE31CCC0}.Release|x64.Build.0 = Release|Any CPU
		{4EEBA798-B269-4328-BDD8-BD05FE31CCC0}.Release|x64.Deploy.0 = Release|Any CPU
		{4EEBA798-B269-4328-BDD8-BD05FE31CCC0}.Release|x86.ActiveCfg = Release|Any CPU
		{4EEBA798-B269-4328-BDD8-BD05FE31CCC0}.Release|x86.Build.0 = Release|Any CPU
		{4EEBA798-B269-4328-BDD8-BD05FE31CCC0}.Release|x86.Deploy.0 = Release|Any CPU
	EndGlobalSection
	GlobalSection(SolutionProperties) = preSolution
		HideSolutionNode = FALSE
	EndGlobalSection
	GlobalSection(ExtensibilityGlobals) = postSolution
		SolutionGuid = {A8260C41-67FE-43A0-B968-7722CCC67776}
	EndGlobalSection
EndGlobal
