
Microsoft Visual Studio Solution File, Format Version 12.00
# Visual Studio 15
VisualStudioVersion = 15.0.26430.16
MinimumVisualStudioVersion = 10.0.40219.1
Project("{FAE04EC0-301F-11D3-BF4B-00C04F79EFBC}") = "MvvmSample.Android", "MvvmSample\MvvmSample.Android\MvvmSample.Android.csproj", "{5B408DAA-1E6F-4892-9691-F82EC741D8BA}"
EndProject
Project("{FAE04EC0-301F-11D3-BF4B-00C04F79EFBC}") = "MvvmSample", "MvvmSample\MvvmSample\MvvmSample.csproj", "{A9CF652A-DB81-455F-89EC-B30E089CBEDA}"
EndProject
Project("{FAE04EC0-301F-11D3-BF4B-00C04F79EFBC}") = "MvvmSample.UWP", "MvvmSample\MvvmSample.UWP\MvvmSample.UWP.csproj", "{117319A5-F05C-45B7-92C4-A1E246D97A9D}"
EndProject
Project("{FAE04EC0-301F-11D3-BF4B-00C04F79EFBC}") = "MvvmSample.iOS", "MvvmSample\MvvmSample.iOS\MvvmSample.iOS.csproj", "{7DE9BFE0-19B9-4114-990F-1522C0E63DDF}"
EndProject
Global
	GlobalSection(SolutionConfigurationPlatforms) = preSolution
		Ad-Hoc|Any CPU = Ad-Hoc|Any CPU
		Ad-Hoc|ARM = Ad-Hoc|ARM
		Ad-Hoc|iPhone = Ad-Hoc|iPhone
		Ad-Hoc|iPhoneSimulator = Ad-Hoc|iPhoneSimulator
		Ad-Hoc|x64 = Ad-Hoc|x64
		Ad-Hoc|x86 = Ad-Hoc|x86
		AppStore|Any CPU = AppStore|Any CPU
		AppStore|ARM = AppStore|ARM
		AppStore|iPhone = AppStore|iPhone
		AppStore|iPhoneSimulator = AppStore|iPhoneSimulator
		AppStore|x64 = AppStore|x64
		AppStore|x86 = AppStore|x86
		Debug|Any CPU = Debug|Any CPU
		Debug|ARM = Debug|ARM
		Debug|iPhone = Debug|iPhone
		Debug|iPhoneSimulator = Debug|iPhoneSimulator
		Debug|x64 = Debug|x64
		Debug|x86 = Debug|x86
		Release|Any CPU = Release|Any CPU
		Release|ARM = Release|ARM
		Release|iPhone = Release|iPhone
		Release|iPhoneSimulator = Release|iPhoneSimulator
		Release|x64 = Release|x64
		Release|x86 = Release|x86
	EndGlobalSection
	GlobalSection(ProjectConfigurationPlatforms) = postSolution
		{5B408DAA-1E6F-4892-9691-F82EC741D8BA}.Ad-Hoc|Any CPU.ActiveCfg = Release|Any CPU
		{5B408DAA-1E6F-4892-9691-F82EC741D8BA}.Ad-Hoc|Any CPU.Build.0 = Release|Any CPU
		{5B408DAA-1E6F-4892-9691-F82EC741D8BA}.Ad-Hoc|Any CPU.Deploy.0 = Release|Any CPU
		{5B408DAA-1E6F-4892-9691-F82EC741D8BA}.Ad-Hoc|ARM.ActiveCfg = Release|Any CPU
		{5B408DAA-1E6F-4892-9691-F82EC741D8BA}.Ad-Hoc|ARM.Build.0 = Release|Any CPU
		{5B408DAA-1E6F-4892-9691-F82EC741D8BA}.Ad-Hoc|ARM.Deploy.0 = Release|Any CPU
		{5B408DAA-1E6F-4892-9691-F82EC741D8BA}.Ad-Hoc|iPhone.ActiveCfg = Release|Any CPU
		{5B408DAA-1E6F-4892-9691-F82EC741D8BA}.Ad-Hoc|iPhone.Build.0 = Release|Any CPU
		{5B408DAA-1E6F-4892-9691-F82EC741D8BA}.Ad-Hoc|iPhone.Deploy.0 = Release|Any CPU
		{5B408DAA-1E6F-4892-9691-F82EC741D8BA}.Ad-Hoc|iPhoneSimulator.ActiveCfg = Release|Any CPU
		{5B408DAA-1E6F-4892-9691-F82EC741D8BA}.Ad-Hoc|iPhoneSimulator.Build.0 = Release|Any CPU
		{5B408DAA-1E6F-4892-9691-F82EC741D8BA}.Ad-Hoc|iPhoneSimulator.Deploy.0 = Release|Any CPU
		{5B408DAA-1E6F-4892-9691-F82EC741D8BA}.Ad-Hoc|x64.ActiveCfg = Release|Any CPU
		{5B408DAA-1E6F-4892-9691-F82EC741D8BA}.Ad-Hoc|x64.Build.0 = Release|Any CPU
		{5B408DAA-1E6F-4892-9691-F82EC741D8BA}.Ad-Hoc|x64.Deploy.0 = Release|Any CPU
		{5B408DAA-1E6F-4892-9691-F82EC741D8BA}.Ad-Hoc|x86.ActiveCfg = Release|Any CPU
		{5B408DAA-1E6F-4892-9691-F82EC741D8BA}.Ad-Hoc|x86.Build.0 = Release|Any CPU
		{5B408DAA-1E6F-4892-9691-F82EC741D8BA}.Ad-Hoc|x86.Deploy.0 = Release|Any CPU
		{5B408DAA-1E6F-4892-9691-F82EC741D8BA}.AppStore|Any CPU.ActiveCfg = Release|Any CPU
		{5B408DAA-1E6F-4892-9691-F82EC741D8BA}.AppStore|Any CPU.Build.0 = Release|Any CPU
		{5B408DAA-1E6F-4892-9691-F82EC741D8BA}.AppStore|Any CPU.Deploy.0 = Release|Any CPU
		{5B408DAA-1E6F-4892-9691-F82EC741D8BA}.AppStore|ARM.ActiveCfg = Release|Any CPU
		{5B408DAA-1E6F-4892-9691-F82EC741D8BA}.AppStore|ARM.Build.0 = Release|Any CPU
		{5B408DAA-1E6F-4892-9691-F82EC741D8BA}.AppStore|ARM.Deploy.0 = Release|Any CPU
		{5B408DAA-1E6F-4892-9691-F82EC741D8BA}.AppStore|iPhone.ActiveCfg = Release|Any CPU
		{5B408DAA-1E6F-4892-9691-F82EC741D8BA}.AppStore|iPhone.Build.0 = Release|Any CPU
		{5B408DAA-1E6F-4892-9691-F82EC741D8BA}.AppStore|iPhone.Deploy.0 = Release|Any CPU
		{5B408DAA-1E6F-4892-9691-F82EC741D8BA}.AppStore|iPhoneSimulator.ActiveCfg = Release|Any CPU
		{5B408DAA-1E6F-4892-9691-F82EC741D8BA}.AppStore|iPhoneSimulator.Build.0 = Release|Any CPU
		{5B408DAA-1E6F-4892-9691-F82EC741D8BA}.AppStore|iPhoneSimulator.Deploy.0 = Release|Any CPU
		{5B408DAA-1E6F-4892-9691-F82EC741D8BA}.AppStore|x64.ActiveCfg = Release|Any CPU
		{5B408DAA-1E6F-4892-9691-F82EC741D8BA}.AppStore|x64.Build.0 = Release|Any CPU
		{5B408DAA-1E6F-4892-9691-F82EC741D8BA}.AppStore|x64.Deploy.0 = Release|Any CPU
		{5B408DAA-1E6F-4892-9691-F82EC741D8BA}.AppStore|x86.ActiveCfg = Release|Any CPU
		{5B408DAA-1E6F-4892-9691-F82EC741D8BA}.AppStore|x86.Build.0 = Release|Any CPU
		{5B408DAA-1E6F-4892-9691-F82EC741D8BA}.AppStore|x86.Deploy.0 = Release|Any CPU
		{5B408DAA-1E6F-4892-9691-F82EC741D8BA}.Debug|Any CPU.ActiveCfg = Debug|Any CPU
		{5B408DAA-1E6F-4892-9691-F82EC741D8BA}.Debug|Any CPU.Build.0 = Debug|Any CPU
		{5B408DAA-1E6F-4892-9691-F82EC741D8BA}.Debug|Any CPU.Deploy.0 = Debug|Any CPU
		{5B408DAA-1E6F-4892-9691-F82EC741D8BA}.Debug|ARM.ActiveCfg = Debug|Any CPU
		{5B408DAA-1E6F-4892-9691-F82EC741D8BA}.Debug|ARM.Build.0 = Debug|Any CPU
		{5B408DAA-1E6F-4892-9691-F82EC741D8BA}.Debug|ARM.Deploy.0 = Debug|Any CPU
		{5B408DAA-1E6F-4892-9691-F82EC741D8BA}.Debug|iPhone.ActiveCfg = Debug|Any CPU
		{5B408DAA-1E6F-4892-9691-F82EC741D8BA}.Debug|iPhone.Build.0 = Debug|Any CPU
		{5B408DAA-1E6F-4892-9691-F82EC741D8BA}.Debug|iPhone.Deploy.0 = Debug|Any CPU
		{5B408DAA-1E6F-4892-9691-F82EC741D8BA}.Debug|iPhoneSimulator.ActiveCfg = Debug|Any CPU
		{5B408DAA-1E6F-4892-9691-F82EC741D8BA}.Debug|iPhoneSimulator.Build.0 = Debug|Any CPU
		{5B408DAA-1E6F-4892-9691-F82EC741D8BA}.Debug|iPhoneSimulator.Deploy.0 = Debug|Any CPU
		{5B408DAA-1E6F-4892-9691-F82EC741D8BA}.Debug|x64.ActiveCfg = Debug|Any CPU
		{5B408DAA-1E6F-4892-9691-F82EC741D8BA}.Debug|x64.Build.0 = Debug|Any CPU
		{5B408DAA-1E6F-4892-9691-F82EC741D8BA}.Debug|x64.Deploy.0 = Debug|Any CPU
		{5B408DAA-1E6F-4892-9691-F82EC741D8BA}.Debug|x86.ActiveCfg = Debug|Any CPU
		{5B408DAA-1E6F-4892-9691-F82EC741D8BA}.Debug|x86.Build.0 = Debug|Any CPU
		{5B408DAA-1E6F-4892-9691-F82EC741D8BA}.Debug|x86.Deploy.0 = Debug|Any CPU
		{5B408DAA-1E6F-4892-9691-F82EC741D8BA}.Release|Any CPU.ActiveCfg = Release|Any CPU
		{5B408DAA-1E6F-4892-9691-F82EC741D8BA}.Release|Any CPU.Build.0 = Release|Any CPU
		{5B408DAA-1E6F-4892-9691-F82EC741D8BA}.Release|Any CPU.Deploy.0 = Release|Any CPU
		{5B408DAA-1E6F-4892-9691-F82EC741D8BA}.Release|ARM.ActiveCfg = Release|Any CPU
		{5B408DAA-1E6F-4892-9691-F82EC741D8BA}.Release|ARM.Build.0 = Release|Any CPU
		{5B408DAA-1E6F-4892-9691-F82EC741D8BA}.Release|ARM.Deploy.0 = Release|Any CPU
		{5B408DAA-1E6F-4892-9691-F82EC741D8BA}.Release|iPhone.ActiveCfg = Release|Any CPU
		{5B408DAA-1E6F-4892-9691-F82EC741D8BA}.Release|iPhone.Build.0 = Release|Any CPU
		{5B408DAA-1E6F-4892-9691-F82EC741D8BA}.Release|iPhone.Deploy.0 = Release|Any CPU
		{5B408DAA-1E6F-4892-9691-F82EC741D8BA}.Release|iPhoneSimulator.ActiveCfg = Release|Any CPU
		{5B408DAA-1E6F-4892-9691-F82EC741D8BA}.Release|iPhoneSimulator.Build.0 = Release|Any CPU
		{5B408DAA-1E6F-4892-9691-F82EC741D8BA}.Release|iPhoneSimulator.Deploy.0 = Release|Any CPU
		{5B408DAA-1E6F-4892-9691-F82EC741D8BA}.Release|x64.ActiveCfg = Release|Any CPU
		{5B408DAA-1E6F-4892-9691-F82EC741D8BA}.Release|x64.Build.0 = Release|Any CPU
		{5B408DAA-1E6F-4892-9691-F82EC741D8BA}.Release|x64.Deploy.0 = Release|Any CPU
		{5B408DAA-1E6F-4892-9691-F82EC741D8BA}.Release|x86.ActiveCfg = Release|Any CPU
		{5B408DAA-1E6F-4892-9691-F82EC741D8BA}.Release|x86.Build.0 = Release|Any CPU
		{5B408DAA-1E6F-4892-9691-F82EC741D8BA}.Release|x86.Deploy.0 = Release|Any CPU
		{A9CF652A-DB81-455F-89EC-B30E089CBEDA}.Ad-Hoc|Any CPU.ActiveCfg = Release|Any CPU
		{A9CF652A-DB81-455F-89EC-B30E089CBEDA}.Ad-Hoc|Any CPU.Build.0 = Release|Any CPU
		{A9CF652A-DB81-455F-89EC-B30E089CBEDA}.Ad-Hoc|ARM.ActiveCfg = Release|Any CPU
		{A9CF652A-DB81-455F-89EC-B30E089CBEDA}.Ad-Hoc|ARM.Build.0 = Release|Any CPU
		{A9CF652A-DB81-455F-89EC-B30E089CBEDA}.Ad-Hoc|iPhone.ActiveCfg = Release|Any CPU
		{A9CF652A-DB81-455F-89EC-B30E089CBEDA}.Ad-Hoc|iPhone.Build.0 = Release|Any CPU
		{A9CF652A-DB81-455F-89EC-B30E089CBEDA}.Ad-Hoc|iPhoneSimulator.ActiveCfg = Release|Any CPU
		{A9CF652A-DB81-455F-89EC-B30E089CBEDA}.Ad-Hoc|iPhoneSimulator.Build.0 = Release|Any CPU
		{A9CF652A-DB81-455F-89EC-B30E089CBEDA}.Ad-Hoc|x64.ActiveCfg = Release|Any CPU
		{A9CF652A-DB81-455F-89EC-B30E089CBEDA}.Ad-Hoc|x64.Build.0 = Release|Any CPU
		{A9CF652A-DB81-455F-89EC-B30E089CBEDA}.Ad-Hoc|x86.ActiveCfg = Release|Any CPU
		{A9CF652A-DB81-455F-89EC-B30E089CBEDA}.Ad-Hoc|x86.Build.0 = Release|Any CPU
		{A9CF652A-DB81-455F-89EC-B30E089CBEDA}.AppStore|Any CPU.ActiveCfg = Release|Any CPU
		{A9CF652A-DB81-455F-89EC-B30E089CBEDA}.AppStore|Any CPU.Build.0 = Release|Any CPU
		{A9CF652A-DB81-455F-89EC-B30E089CBEDA}.AppStore|ARM.ActiveCfg = Release|Any CPU
		{A9CF652A-DB81-455F-89EC-B30E089CBEDA}.AppStore|ARM.Build.0 = Release|Any CPU
		{A9CF652A-DB81-455F-89EC-B30E089CBEDA}.AppStore|iPhone.ActiveCfg = Release|Any CPU
		{A9CF652A-DB81-455F-89EC-B30E089CBEDA}.AppStore|iPhone.Build.0 = Release|Any CPU
		{A9CF652A-DB81-455F-89EC-B30E089CBEDA}.AppStore|iPhoneSimulator.ActiveCfg = Release|Any CPU
		{A9CF652A-DB81-455F-89EC-B30E089CBEDA}.AppStore|iPhoneSimulator.Build.0 = Release|Any CPU
		{A9CF652A-DB81-455F-89EC-B30E089CBEDA}.AppStore|x64.ActiveCfg = Release|Any CPU
		{A9CF652A-DB81-455F-89EC-B30E089CBEDA}.AppStore|x64.Build.0 = Release|Any CPU
		{A9CF652A-DB81-455F-89EC-B30E089CBEDA}.AppStore|x86.ActiveCfg = Release|Any CPU
		{A9CF652A-DB81-455F-89EC-B30E089CBEDA}.AppStore|x86.Build.0 = Release|Any CPU
		{A9CF652A-DB81-455F-89EC-B30E089CBEDA}.Debug|Any CPU.ActiveCfg = Debug|Any CPU
		{A9CF652A-DB81-455F-89EC-B30E089CBEDA}.Debug|Any CPU.Build.0 = Debug|Any CPU
		{A9CF652A-DB81-455F-89EC-B30E089CBEDA}.Debug|ARM.ActiveCfg = Debug|Any CPU
		{A9CF652A-DB81-455F-89EC-B30E089CBEDA}.Debug|ARM.Build.0 = Debug|Any CPU
		{A9CF652A-DB81-455F-89EC-B30E089CBEDA}.Debug|iPhone.ActiveCfg = Debug|Any CPU
		{A9CF652A-DB81-455F-89EC-B30E089CBEDA}.Debug|iPhone.Build.0 = Debug|Any CPU
		{A9CF652A-DB81-455F-89EC-B30E089CBEDA}.Debug|iPhoneSimulator.ActiveCfg = Debug|Any CPU
		{A9CF652A-DB81-455F-89EC-B30E089CBEDA}.Debug|iPhoneSimulator.Build.0 = Debug|Any CPU
		{A9CF652A-DB81-455F-89EC-B30E089CBEDA}.Debug|x64.ActiveCfg = Debug|Any CPU
		{A9CF652A-DB81-455F-89EC-B30E089CBEDA}.Debug|x64.Build.0 = Debug|Any CPU
		{A9CF652A-DB81-455F-89EC-B30E089CBEDA}.Debug|x86.ActiveCfg = Debug|Any CPU
		{A9CF652A-DB81-455F-89EC-B30E089CBEDA}.Debug|x86.Build.0 = Debug|Any CPU
		{A9CF652A-DB81-455F-89EC-B30E089CBEDA}.Release|Any CPU.ActiveCfg = Release|Any CPU
		{A9CF652A-DB81-455F-89EC-B30E089CBEDA}.Release|Any CPU.Build.0 = Release|Any CPU
		{A9CF652A-DB81-455F-89EC-B30E089CBEDA}.Release|ARM.ActiveCfg = Release|Any CPU
		{A9CF652A-DB81-455F-89EC-B30E089CBEDA}.Release|ARM.Build.0 = Release|Any CPU
		{A9CF652A-DB81-455F-89EC-B30E089CBEDA}.Release|iPhone.ActiveCfg = Release|Any CPU
		{A9CF652A-DB81-455F-89EC-B30E089CBEDA}.Release|iPhone.Build.0 = Release|Any CPU
		{A9CF652A-DB81-455F-89EC-B30E089CBEDA}.Release|iPhoneSimulator.ActiveCfg = Release|Any CPU
		{A9CF652A-DB81-455F-89EC-B30E089CBEDA}.Release|iPhoneSimulator.Build.0 = Release|Any CPU
		{A9CF652A-DB81-455F-89EC-B30E089CBEDA}.Release|x64.ActiveCfg = Release|Any CPU
		{A9CF652A-DB81-455F-89EC-B30E089CBEDA}.Release|x64.Build.0 = Release|Any CPU
		{A9CF652A-DB81-455F-89EC-B30E089CBEDA}.Release|x86.ActiveCfg = Release|Any CPU
		{A9CF652A-DB81-455F-89EC-B30E089CBEDA}.Release|x86.Build.0 = Release|Any CPU
		{117319A5-F05C-45B7-92C4-A1E246D97A9D}.Ad-Hoc|Any CPU.ActiveCfg = Release|x86
		{117319A5-F05C-45B7-92C4-A1E246D97A9D}.Ad-Hoc|Any CPU.Build.0 = Release|x86
		{117319A5-F05C-45B7-92C4-A1E246D97A9D}.Ad-Hoc|Any CPU.Deploy.0 = Release|x86
		{117319A5-F05C-45B7-92C4-A1E246D97A9D}.Ad-Hoc|ARM.ActiveCfg = Release|ARM
		{117319A5-F05C-45B7-92C4-A1E246D97A9D}.Ad-Hoc|ARM.Build.0 = Release|ARM
		{117319A5-F05C-45B7-92C4-A1E246D97A9D}.Ad-Hoc|ARM.Deploy.0 = Release|ARM
		{117319A5-F05C-45B7-92C4-A1E246D97A9D}.Ad-Hoc|iPhone.ActiveCfg = Release|x86
		{117319A5-F05C-45B7-92C4-A1E246D97A9D}.Ad-Hoc|iPhone.Build.0 = Release|x86
		{117319A5-F05C-45B7-92C4-A1E246D97A9D}.Ad-Hoc|iPhone.Deploy.0 = Release|x86
		{117319A5-F05C-45B7-92C4-A1E246D97A9D}.Ad-Hoc|iPhoneSimulator.ActiveCfg = Release|x86
		{117319A5-F05C-45B7-92C4-A1E246D97A9D}.Ad-Hoc|iPhoneSimulator.Build.0 = Release|x86
		{117319A5-F05C-45B7-92C4-A1E246D97A9D}.Ad-Hoc|iPhoneSimulator.Deploy.0 = Release|x86
		{117319A5-F05C-45B7-92C4-A1E246D97A9D}.Ad-Hoc|x64.ActiveCfg = Release|x64
		{117319A5-F05C-45B7-92C4-A1E246D97A9D}.Ad-Hoc|x64.Build.0 = Release|x64
		{117319A5-F05C-45B7-92C4-A1E246D97A9D}.Ad-Hoc|x64.Deploy.0 = Release|x64
		{117319A5-F05C-45B7-92C4-A1E246D97A9D}.Ad-Hoc|x86.ActiveCfg = Release|x86
		{117319A5-F05C-45B7-92C4-A1E246D97A9D}.Ad-Hoc|x86.Build.0 = Release|x86
		{117319A5-F05C-45B7-92C4-A1E246D97A9D}.Ad-Hoc|x86.Deploy.0 = Release|x86
		{117319A5-F05C-45B7-92C4-A1E246D97A9D}.AppStore|Any CPU.ActiveCfg = Release|x86
		{117319A5-F05C-45B7-92C4-A1E246D97A9D}.AppStore|Any CPU.Build.0 = Release|x86
		{117319A5-F05C-45B7-92C4-A1E246D97A9D}.AppStore|Any CPU.Deploy.0 = Release|x86
		{117319A5-F05C-45B7-92C4-A1E246D97A9D}.AppStore|ARM.ActiveCfg = Release|ARM
		{117319A5-F05C-45B7-92C4-A1E246D97A9D}.AppStore|ARM.Build.0 = Release|ARM
		{117319A5-F05C-45B7-92C4-A1E246D97A9D}.AppStore|ARM.Deploy.0 = Release|ARM
		{117319A5-F05C-45B7-92C4-A1E246D97A9D}.AppStore|iPhone.ActiveCfg = Release|x86
		{117319A5-F05C-45B7-92C4-A1E246D97A9D}.AppStore|iPhone.Build.0 = Release|x86
		{117319A5-F05C-45B7-92C4-A1E246D97A9D}.AppStore|iPhone.Deploy.0 = Release|x86
		{117319A5-F05C-45B7-92C4-A1E246D97A9D}.AppStore|iPhoneSimulator.ActiveCfg = Release|x86
		{117319A5-F05C-45B7-92C4-A1E246D97A9D}.AppStore|iPhoneSimulator.Build.0 = Release|x86
		{117319A5-F05C-45B7-92C4-A1E246D97A9D}.AppStore|iPhoneSimulator.Deploy.0 = Release|x86
		{117319A5-F05C-45B7-92C4-A1E246D97A9D}.AppStore|x64.ActiveCfg = Release|x64
		{117319A5-F05C-45B7-92C4-A1E246D97A9D}.AppStore|x64.Build.0 = Release|x64
		{117319A5-F05C-45B7-92C4-A1E246D97A9D}.AppStore|x64.Deploy.0 = Release|x64
		{117319A5-F05C-45B7-92C4-A1E246D97A9D}.AppStore|x86.ActiveCfg = Release|x86
		{117319A5-F05C-45B7-92C4-A1E246D97A9D}.AppStore|x86.Build.0 = Release|x86
		{117319A5-F05C-45B7-92C4-A1E246D97A9D}.AppStore|x86.Deploy.0 = Release|x86
		{117319A5-F05C-45B7-92C4-A1E246D97A9D}.Debug|Any CPU.ActiveCfg = Debug|x86
		{117319A5-F05C-45B7-92C4-A1E246D97A9D}.Debug|Any CPU.Build.0 = Debug|x86
		{117319A5-F05C-45B7-92C4-A1E246D97A9D}.Debug|Any CPU.Deploy.0 = Debug|x86
		{117319A5-F05C-45B7-92C4-A1E246D97A9D}.Debug|ARM.ActiveCfg = Debug|ARM
		{117319A5-F05C-45B7-92C4-A1E246D97A9D}.Debug|ARM.Build.0 = Debug|ARM
		{117319A5-F05C-45B7-92C4-A1E246D97A9D}.Debug|ARM.Deploy.0 = Debug|ARM
		{117319A5-F05C-45B7-92C4-A1E246D97A9D}.Debug|iPhone.ActiveCfg = Debug|x86
		{117319A5-F05C-45B7-92C4-A1E246D97A9D}.Debug|iPhoneSimulator.ActiveCfg = Debug|x86
		{117319A5-F05C-45B7-92C4-A1E246D97A9D}.Debug|x64.ActiveCfg = Debug|x64
		{117319A5-F05C-45B7-92C4-A1E246D97A9D}.Debug|x64.Build.0 = Debug|x64
		{117319A5-F05C-45B7-92C4-A1E246D97A9D}.Debug|x64.Deploy.0 = Debug|x64
		{117319A5-F05C-45B7-92C4-A1E246D97A9D}.Debug|x86.ActiveCfg = Debug|x86
		{117319A5-F05C-45B7-92C4-A1E246D97A9D}.Debug|x86.Build.0 = Debug|x86
		{117319A5-F05C-45B7-92C4-A1E246D97A9D}.Debug|x86.Deploy.0 = Debug|x86
		{117319A5-F05C-45B7-92C4-A1E246D97A9D}.Release|Any CPU.ActiveCfg = Release|x86
		{117319A5-F05C-45B7-92C4-A1E246D97A9D}.Release|ARM.ActiveCfg = Release|ARM
		{117319A5-F05C-45B7-92C4-A1E246D97A9D}.Release|ARM.Build.0 = Release|ARM
		{117319A5-F05C-45B7-92C4-A1E246D97A9D}.Release|ARM.Deploy.0 = Release|ARM
		{117319A5-F05C-45B7-92C4-A1E246D97A9D}.Release|iPhone.ActiveCfg = Release|x86
		{117319A5-F05C-45B7-92C4-A1E246D97A9D}.Release|iPhoneSimulator.ActiveCfg = Release|x86
		{117319A5-F05C-45B7-92C4-A1E246D97A9D}.Release|x64.ActiveCfg = Release|x64
		{117319A5-F05C-45B7-92C4-A1E246D97A9D}.Release|x64.Build.0 = Release|x64
		{117319A5-F05C-45B7-92C4-A1E246D97A9D}.Release|x64.Deploy.0 = Release|x64
		{117319A5-F05C-45B7-92C4-A1E246D97A9D}.Release|x86.ActiveCfg = Release|x86
		{117319A5-F05C-45B7-92C4-A1E246D97A9D}.Release|x86.Build.0 = Release|x86
		{117319A5-F05C-45B7-92C4-A1E246D97A9D}.Release|x86.Deploy.0 = Release|x86
		{7DE9BFE0-19B9-4114-990F-1522C0E63DDF}.Ad-Hoc|Any CPU.ActiveCfg = Ad-Hoc|iPhone
		{7DE9BFE0-19B9-4114-990F-1522C0E63DDF}.Ad-Hoc|ARM.ActiveCfg = Ad-Hoc|iPhone
		{7DE9BFE0-19B9-4114-990F-1522C0E63DDF}.Ad-Hoc|iPhone.ActiveCfg = Ad-Hoc|iPhone
		{7DE9BFE0-19B9-4114-990F-1522C0E63DDF}.Ad-Hoc|iPhone.Build.0 = Ad-Hoc|iPhone
		{7DE9BFE0-19B9-4114-990F-1522C0E63DDF}.Ad-Hoc|iPhoneSimulator.ActiveCfg = Ad-Hoc|iPhoneSimulator
		{7DE9BFE0-19B9-4114-990F-1522C0E63DDF}.Ad-Hoc|iPhoneSimulator.Build.0 = Ad-Hoc|iPhoneSimulator
		{7DE9BFE0-19B9-4114-990F-1522C0E63DDF}.Ad-Hoc|x64.ActiveCfg = Ad-Hoc|iPhone
		{7DE9BFE0-19B9-4114-990F-1522C0E63DDF}.Ad-Hoc|x86.ActiveCfg = Ad-Hoc|iPhone
		{7DE9BFE0-19B9-4114-990F-1522C0E63DDF}.AppStore|Any CPU.ActiveCfg = AppStore|iPhone
		{7DE9BFE0-19B9-4114-990F-1522C0E63DDF}.AppStore|ARM.ActiveCfg = AppStore|iPhone
		{7DE9BFE0-19B9-4114-990F-1522C0E63DDF}.AppStore|iPhone.ActiveCfg = AppStore|iPhone
		{7DE9BFE0-19B9-4114-990F-1522C0E63DDF}.AppStore|iPhone.Build.0 = AppStore|iPhone
		{7DE9BFE0-19B9-4114-990F-1522C0E63DDF}.AppStore|iPhoneSimulator.ActiveCfg = AppStore|iPhoneSimulator
		{7DE9BFE0-19B9-4114-990F-1522C0E63DDF}.AppStore|iPhoneSimulator.Build.0 = AppStore|iPhoneSimulator
		{7DE9BFE0-19B9-4114-990F-1522C0E63DDF}.AppStore|x64.ActiveCfg = AppStore|iPhone
		{7DE9BFE0-19B9-4114-990F-1522C0E63DDF}.AppStore|x86.ActiveCfg = AppStore|iPhone
		{7DE9BFE0-19B9-4114-990F-1522C0E63DDF}.Debug|Any CPU.ActiveCfg = Debug|iPhone
		{7DE9BFE0-19B9-4114-990F-1522C0E63DDF}.Debug|ARM.ActiveCfg = Debug|iPhone
		{7DE9BFE0-19B9-4114-990F-1522C0E63DDF}.Debug|iPhone.ActiveCfg = Debug|iPhone
		{7DE9BFE0-19B9-4114-990F-1522C0E63DDF}.Debug|iPhone.Build.0 = Debug|iPhone
		{7DE9BFE0-19B9-4114-990F-1522C0E63DDF}.Debug|iPhoneSimulator.ActiveCfg = Debug|iPhoneSimulator
		{7DE9BFE0-19B9-4114-990F-1522C0E63DDF}.Debug|iPhoneSimulator.Build.0 = Debug|iPhoneSimulator
		{7DE9BFE0-19B9-4114-990F-1522C0E63DDF}.Debug|x64.ActiveCfg = Debug|iPhone
		{7DE9BFE0-19B9-4114-990F-1522C0E63DDF}.Debug|x86.ActiveCfg = Debug|iPhone
		{7DE9BFE0-19B9-4114-990F-1522C0E63DDF}.Release|Any CPU.ActiveCfg = Release|iPhone
		{7DE9BFE0-19B9-4114-990F-1522C0E63DDF}.Release|ARM.ActiveCfg = Release|iPhone
		{7DE9BFE0-19B9-4114-990F-1522C0E63DDF}.Release|iPhone.ActiveCfg = Release|iPhone
		{7DE9BFE0-19B9-4114-990F-1522C0E63DDF}.Release|iPhone.Build.0 = Release|iPhone
		{7DE9BFE0-19B9-4114-990F-1522C0E63DDF}.Release|iPhoneSimulator.ActiveCfg = Release|iPhoneSimulator
		{7DE9BFE0-19B9-4114-990F-1522C0E63DDF}.Release|iPhoneSimulator.Build.0 = Release|iPhoneSimulator
		{7DE9BFE0-19B9-4114-990F-1522C0E63DDF}.Release|x64.ActiveCfg = Release|iPhone
		{7DE9BFE0-19B9-4114-990F-1522C0E63DDF}.Release|x86.ActiveCfg = Release|iPhone
	EndGlobalSection
	GlobalSection(SolutionProperties) = preSolution
		HideSolutionNode = FALSE
	EndGlobalSection
EndGlobal
