
Microsoft Visual Studio Solution File, Format Version 12.00
# Visual Studio 15
VisualStudioVersion = 15.0.27703.2042
MinimumVisualStudioVersion = 10.0.40219.1
Project("{FAE04EC0-301F-11D3-BF4B-00C04F79EFBC}") = "NativeAccess.Android", "NativeAccess\NativeAccess.Android\NativeAccess.Android.csproj", "{8D34FA25-135A-4F4E-AF80-61B63A5ED8CE}"
EndProject
Project("{FAE04EC0-301F-11D3-BF4B-00C04F79EFBC}") = "NativeAccess.iOS", "NativeAccess\NativeAccess.iOS\NativeAccess.iOS.csproj", "{7F612169-B72B-4FA6-BEA9-934F90A936FB}"
EndProject
Project("{FAE04EC0-301F-11D3-BF4B-00C04F79EFBC}") = "NativeAccess.UWP", "NativeAccess\NativeAccess.UWP\NativeAccess.UWP.csproj", "{A32A258D-FF1B-4C89-A046-60E8E0BCACB1}"
EndProject
Project("{FAE04EC0-301F-11D3-BF4B-00C04F79EFBC}") = "NativeAccess", "NativeAccess\NativeAccess\NativeAccess.csproj", "{2231FAAD-7552-4BD4-9D08-F6971B6FBF1E}"
EndProject
Global
	GlobalSection(SolutionConfigurationPlatforms) = preSolution
		Ad-Hoc|Any CPU = Ad-Hoc|Any CPU
		Ad-Hoc|ARM = Ad-Hoc|ARM
		Ad-Hoc|iPhone = Ad-Hoc|iPhone
		Ad-Hoc|iPhoneSimulator = Ad-Hoc|iPhoneSimulator
		Ad-Hoc|x64 = Ad-Hoc|x64
		Ad-Hoc|x86 = Ad-Hoc|x86
		AppStore|Any CPU = AppStore|Any CPU
		AppStore|ARM = AppStore|ARM
		AppStore|iPhone = AppStore|iPhone
		AppStore|iPhoneSimulator = AppStore|iPhoneSimulator
		AppStore|x64 = AppStore|x64
		AppStore|x86 = AppStore|x86
		Debug|Any CPU = Debug|Any CPU
		Debug|ARM = Debug|ARM
		Debug|iPhone = Debug|iPhone
		Debug|iPhoneSimulator = Debug|iPhoneSimulator
		Debug|x64 = Debug|x64
		Debug|x86 = Debug|x86
		Release|Any CPU = Release|Any CPU
		Release|ARM = Release|ARM
		Release|iPhone = Release|iPhone
		Release|iPhoneSimulator = Release|iPhoneSimulator
		Release|x64 = Release|x64
		Release|x86 = Release|x86
	EndGlobalSection
	GlobalSection(ProjectConfigurationPlatforms) = postSolution
		{8D34FA25-135A-4F4E-AF80-61B63A5ED8CE}.Ad-Hoc|Any CPU.ActiveCfg = Release|Any CPU
		{8D34FA25-135A-4F4E-AF80-61B63A5ED8CE}.Ad-Hoc|Any CPU.Build.0 = Release|Any CPU
		{8D34FA25-135A-4F4E-AF80-61B63A5ED8CE}.Ad-Hoc|Any CPU.Deploy.0 = Release|Any CPU
		{8D34FA25-135A-4F4E-AF80-61B63A5ED8CE}.Ad-Hoc|ARM.ActiveCfg = Release|Any CPU
		{8D34FA25-135A-4F4E-AF80-61B63A5ED8CE}.Ad-Hoc|ARM.Build.0 = Release|Any CPU
		{8D34FA25-135A-4F4E-AF80-61B63A5ED8CE}.Ad-Hoc|ARM.Deploy.0 = Release|Any CPU
		{8D34FA25-135A-4F4E-AF80-61B63A5ED8CE}.Ad-Hoc|iPhone.ActiveCfg = Release|Any CPU
		{8D34FA25-135A-4F4E-AF80-61B63A5ED8CE}.Ad-Hoc|iPhone.Build.0 = Release|Any CPU
		{8D34FA25-135A-4F4E-AF80-61B63A5ED8CE}.Ad-Hoc|iPhone.Deploy.0 = Release|Any CPU
		{8D34FA25-135A-4F4E-AF80-61B63A5ED8CE}.Ad-Hoc|iPhoneSimulator.ActiveCfg = Release|Any CPU
		{8D34FA25-135A-4F4E-AF80-61B63A5ED8CE}.Ad-Hoc|iPhoneSimulator.Build.0 = Release|Any CPU
		{8D34FA25-135A-4F4E-AF80-61B63A5ED8CE}.Ad-Hoc|iPhoneSimulator.Deploy.0 = Release|Any CPU
		{8D34FA25-135A-4F4E-AF80-61B63A5ED8CE}.Ad-Hoc|x64.ActiveCfg = Release|Any CPU
		{8D34FA25-135A-4F4E-AF80-61B63A5ED8CE}.Ad-Hoc|x64.Build.0 = Release|Any CPU
		{8D34FA25-135A-4F4E-AF80-61B63A5ED8CE}.Ad-Hoc|x64.Deploy.0 = Release|Any CPU
		{8D34FA25-135A-4F4E-AF80-61B63A5ED8CE}.Ad-Hoc|x86.ActiveCfg = Release|Any CPU
		{8D34FA25-135A-4F4E-AF80-61B63A5ED8CE}.Ad-Hoc|x86.Build.0 = Release|Any CPU
		{8D34FA25-135A-4F4E-AF80-61B63A5ED8CE}.Ad-Hoc|x86.Deploy.0 = Release|Any CPU
		{8D34FA25-135A-4F4E-AF80-61B63A5ED8CE}.AppStore|Any CPU.ActiveCfg = Release|Any CPU
		{8D34FA25-135A-4F4E-AF80-61B63A5ED8CE}.AppStore|Any CPU.Build.0 = Release|Any CPU
		{8D34FA25-135A-4F4E-AF80-61B63A5ED8CE}.AppStore|Any CPU.Deploy.0 = Release|Any CPU
		{8D34FA25-135A-4F4E-AF80-61B63A5ED8CE}.AppStore|ARM.ActiveCfg = Release|Any CPU
		{8D34FA25-135A-4F4E-AF80-61B63A5ED8CE}.AppStore|ARM.Build.0 = Release|Any CPU
		{8D34FA25-135A-4F4E-AF80-61B63A5ED8CE}.AppStore|ARM.Deploy.0 = Release|Any CPU
		{8D34FA25-135A-4F4E-AF80-61B63A5ED8CE}.AppStore|iPhone.ActiveCfg = Release|Any CPU
		{8D34FA25-135A-4F4E-AF80-61B63A5ED8CE}.AppStore|iPhone.Build.0 = Release|Any CPU
		{8D34FA25-135A-4F4E-AF80-61B63A5ED8CE}.AppStore|iPhone.Deploy.0 = Release|Any CPU
		{8D34FA25-135A-4F4E-AF80-61B63A5ED8CE}.AppStore|iPhoneSimulator.ActiveCfg = Release|Any CPU
		{8D34FA25-135A-4F4E-AF80-61B63A5ED8CE}.AppStore|iPhoneSimulator.Build.0 = Release|Any CPU
		{8D34FA25-135A-4F4E-AF80-61B63A5ED8CE}.AppStore|iPhoneSimulator.Deploy.0 = Release|Any CPU
		{8D34FA25-135A-4F4E-AF80-61B63A5ED8CE}.AppStore|x64.ActiveCfg = Release|Any CPU
		{8D34FA25-135A-4F4E-AF80-61B63A5ED8CE}.AppStore|x64.Build.0 = Release|Any CPU
		{8D34FA25-135A-4F4E-AF80-61B63A5ED8CE}.AppStore|x64.Deploy.0 = Release|Any CPU
		{8D34FA25-135A-4F4E-AF80-61B63A5ED8CE}.AppStore|x86.ActiveCfg = Release|Any CPU
		{8D34FA25-135A-4F4E-AF80-61B63A5ED8CE}.AppStore|x86.Build.0 = Release|Any CPU
		{8D34FA25-135A-4F4E-AF80-61B63A5ED8CE}.AppStore|x86.Deploy.0 = Release|Any CPU
		{8D34FA25-135A-4F4E-AF80-61B63A5ED8CE}.Debug|Any CPU.ActiveCfg = Debug|Any CPU
		{8D34FA25-135A-4F4E-AF80-61B63A5ED8CE}.Debug|Any CPU.Build.0 = Debug|Any CPU
		{8D34FA25-135A-4F4E-AF80-61B63A5ED8CE}.Debug|Any CPU.Deploy.0 = Debug|Any CPU
		{8D34FA25-135A-4F4E-AF80-61B63A5ED8CE}.Debug|ARM.ActiveCfg = Debug|Any CPU
		{8D34FA25-135A-4F4E-AF80-61B63A5ED8CE}.Debug|ARM.Build.0 = Debug|Any CPU
		{8D34FA25-135A-4F4E-AF80-61B63A5ED8CE}.Debug|ARM.Deploy.0 = Debug|Any CPU
		{8D34FA25-135A-4F4E-AF80-61B63A5ED8CE}.Debug|iPhone.ActiveCfg = Debug|Any CPU
		{8D34FA25-135A-4F4E-AF80-61B63A5ED8CE}.Debug|iPhone.Build.0 = Debug|Any CPU
		{8D34FA25-135A-4F4E-AF80-61B63A5ED8CE}.Debug|iPhone.Deploy.0 = Debug|Any CPU
		{8D34FA25-135A-4F4E-AF80-61B63A5ED8CE}.Debug|iPhoneSimulator.ActiveCfg = Debug|Any CPU
		{8D34FA25-135A-4F4E-AF80-61B63A5ED8CE}.Debug|iPhoneSimulator.Build.0 = Debug|Any CPU
		{8D34FA25-135A-4F4E-AF80-61B63A5ED8CE}.Debug|iPhoneSimulator.Deploy.0 = Debug|Any CPU
		{8D34FA25-135A-4F4E-AF80-61B63A5ED8CE}.Debug|x64.ActiveCfg = Debug|Any CPU
		{8D34FA25-135A-4F4E-AF80-61B63A5ED8CE}.Debug|x64.Build.0 = Debug|Any CPU
		{8D34FA25-135A-4F4E-AF80-61B63A5ED8CE}.Debug|x64.Deploy.0 = Debug|Any CPU
		{8D34FA25-135A-4F4E-AF80-61B63A5ED8CE}.Debug|x86.ActiveCfg = Debug|Any CPU
		{8D34FA25-135A-4F4E-AF80-61B63A5ED8CE}.Debug|x86.Build.0 = Debug|Any CPU
		{8D34FA25-135A-4F4E-AF80-61B63A5ED8CE}.Debug|x86.Deploy.0 = Debug|Any CPU
		{8D34FA25-135A-4F4E-AF80-61B63A5ED8CE}.Release|Any CPU.ActiveCfg = Release|Any CPU
		{8D34FA25-135A-4F4E-AF80-61B63A5ED8CE}.Release|Any CPU.Build.0 = Release|Any CPU
		{8D34FA25-135A-4F4E-AF80-61B63A5ED8CE}.Release|Any CPU.Deploy.0 = Release|Any CPU
		{8D34FA25-135A-4F4E-AF80-61B63A5ED8CE}.Release|ARM.ActiveCfg = Release|Any CPU
		{8D34FA25-135A-4F4E-AF80-61B63A5ED8CE}.Release|ARM.Build.0 = Release|Any CPU
		{8D34FA25-135A-4F4E-AF80-61B63A5ED8CE}.Release|ARM.Deploy.0 = Release|Any CPU
		{8D34FA25-135A-4F4E-AF80-61B63A5ED8CE}.Release|iPhone.ActiveCfg = Release|Any CPU
		{8D34FA25-135A-4F4E-AF80-61B63A5ED8CE}.Release|iPhone.Build.0 = Release|Any CPU
		{8D34FA25-135A-4F4E-AF80-61B63A5ED8CE}.Release|iPhone.Deploy.0 = Release|Any CPU
		{8D34FA25-135A-4F4E-AF80-61B63A5ED8CE}.Release|iPhoneSimulator.ActiveCfg = Release|Any CPU
		{8D34FA25-135A-4F4E-AF80-61B63A5ED8CE}.Release|iPhoneSimulator.Build.0 = Release|Any CPU
		{8D34FA25-135A-4F4E-AF80-61B63A5ED8CE}.Release|iPhoneSimulator.Deploy.0 = Release|Any CPU
		{8D34FA25-135A-4F4E-AF80-61B63A5ED8CE}.Release|x64.ActiveCfg = Release|Any CPU
		{8D34FA25-135A-4F4E-AF80-61B63A5ED8CE}.Release|x64.Build.0 = Release|Any CPU
		{8D34FA25-135A-4F4E-AF80-61B63A5ED8CE}.Release|x64.Deploy.0 = Release|Any CPU
		{8D34FA25-135A-4F4E-AF80-61B63A5ED8CE}.Release|x86.ActiveCfg = Release|Any CPU
		{8D34FA25-135A-4F4E-AF80-61B63A5ED8CE}.Release|x86.Build.0 = Release|Any CPU
		{8D34FA25-135A-4F4E-AF80-61B63A5ED8CE}.Release|x86.Deploy.0 = Release|Any CPU
		{7F612169-B72B-4FA6-BEA9-934F90A936FB}.Ad-Hoc|Any CPU.ActiveCfg = Ad-Hoc|iPhone
		{7F612169-B72B-4FA6-BEA9-934F90A936FB}.Ad-Hoc|Any CPU.Build.0 = Ad-Hoc|iPhone
		{7F612169-B72B-4FA6-BEA9-934F90A936FB}.Ad-Hoc|Any CPU.Deploy.0 = Ad-Hoc|iPhone
		{7F612169-B72B-4FA6-BEA9-934F90A936FB}.Ad-Hoc|ARM.ActiveCfg = Ad-Hoc|iPhone
		{7F612169-B72B-4FA6-BEA9-934F90A936FB}.Ad-Hoc|ARM.Build.0 = Ad-Hoc|iPhone
		{7F612169-B72B-4FA6-BEA9-934F90A936FB}.Ad-Hoc|ARM.Deploy.0 = Ad-Hoc|iPhone
		{7F612169-B72B-4FA6-BEA9-934F90A936FB}.Ad-Hoc|iPhone.ActiveCfg = Ad-Hoc|iPhone
		{7F612169-B72B-4FA6-BEA9-934F90A936FB}.Ad-Hoc|iPhone.Build.0 = Ad-Hoc|iPhone
		{7F612169-B72B-4FA6-BEA9-934F90A936FB}.Ad-Hoc|iPhone.Deploy.0 = Ad-Hoc|iPhone
		{7F612169-B72B-4FA6-BEA9-934F90A936FB}.Ad-Hoc|iPhoneSimulator.ActiveCfg = Ad-Hoc|iPhoneSimulator
		{7F612169-B72B-4FA6-BEA9-934F90A936FB}.Ad-Hoc|iPhoneSimulator.Build.0 = Ad-Hoc|iPhoneSimulator
		{7F612169-B72B-4FA6-BEA9-934F90A936FB}.Ad-Hoc|iPhoneSimulator.Deploy.0 = Ad-Hoc|iPhoneSimulator
		{7F612169-B72B-4FA6-BEA9-934F90A936FB}.Ad-Hoc|x64.ActiveCfg = Ad-Hoc|iPhone
		{7F612169-B72B-4FA6-BEA9-934F90A936FB}.Ad-Hoc|x64.Build.0 = Ad-Hoc|iPhone
		{7F612169-B72B-4FA6-BEA9-934F90A936FB}.Ad-Hoc|x64.Deploy.0 = Ad-Hoc|iPhone
		{7F612169-B72B-4FA6-BEA9-934F90A936FB}.Ad-Hoc|x86.ActiveCfg = Ad-Hoc|iPhone
		{7F612169-B72B-4FA6-BEA9-934F90A936FB}.Ad-Hoc|x86.Build.0 = Ad-Hoc|iPhone
		{7F612169-B72B-4FA6-BEA9-934F90A936FB}.Ad-Hoc|x86.Deploy.0 = Ad-Hoc|iPhone
		{7F612169-B72B-4FA6-BEA9-934F90A936FB}.AppStore|Any CPU.ActiveCfg = AppStore|iPhone
		{7F612169-B72B-4FA6-BEA9-934F90A936FB}.AppStore|Any CPU.Build.0 = AppStore|iPhone
		{7F612169-B72B-4FA6-BEA9-934F90A936FB}.AppStore|Any CPU.Deploy.0 = AppStore|iPhone
		{7F612169-B72B-4FA6-BEA9-934F90A936FB}.AppStore|ARM.ActiveCfg = AppStore|iPhone
		{7F612169-B72B-4FA6-BEA9-934F90A936FB}.AppStore|ARM.Build.0 = AppStore|iPhone
		{7F612169-B72B-4FA6-BEA9-934F90A936FB}.AppStore|ARM.Deploy.0 = AppStore|iPhone
		{7F612169-B72B-4FA6-BEA9-934F90A936FB}.AppStore|iPhone.ActiveCfg = AppStore|iPhone
		{7F612169-B72B-4FA6-BEA9-934F90A936FB}.AppStore|iPhone.Build.0 = AppStore|iPhone
		{7F612169-B72B-4FA6-BEA9-934F90A936FB}.AppStore|iPhone.Deploy.0 = AppStore|iPhone
		{7F612169-B72B-4FA6-BEA9-934F90A936FB}.AppStore|iPhoneSimulator.ActiveCfg = AppStore|iPhoneSimulator
		{7F612169-B72B-4FA6-BEA9-934F90A936FB}.AppStore|iPhoneSimulator.Build.0 = AppStore|iPhoneSimulator
		{7F612169-B72B-4FA6-BEA9-934F90A936FB}.AppStore|iPhoneSimulator.Deploy.0 = AppStore|iPhoneSimulator
		{7F612169-B72B-4FA6-BEA9-934F90A936FB}.AppStore|x64.ActiveCfg = AppStore|iPhone
		{7F612169-B72B-4FA6-BEA9-934F90A936FB}.AppStore|x64.Build.0 = AppStore|iPhone
		{7F612169-B72B-4FA6-BEA9-934F90A936FB}.AppStore|x64.Deploy.0 = AppStore|iPhone
		{7F612169-B72B-4FA6-BEA9-934F90A936FB}.AppStore|x86.ActiveCfg = AppStore|iPhone
		{7F612169-B72B-4FA6-BEA9-934F90A936FB}.AppStore|x86.Build.0 = AppStore|iPhone
		{7F612169-B72B-4FA6-BEA9-934F90A936FB}.AppStore|x86.Deploy.0 = AppStore|iPhone
		{7F612169-B72B-4FA6-BEA9-934F90A936FB}.Debug|Any CPU.ActiveCfg = Debug|iPhoneSimulator
		{7F612169-B72B-4FA6-BEA9-934F90A936FB}.Debug|Any CPU.Build.0 = Debug|iPhoneSimulator
		{7F612169-B72B-4FA6-BEA9-934F90A936FB}.Debug|Any CPU.Deploy.0 = Debug|iPhoneSimulator
		{7F612169-B72B-4FA6-BEA9-934F90A936FB}.Debug|ARM.ActiveCfg = Debug|iPhone
		{7F612169-B72B-4FA6-BEA9-934F90A936FB}.Debug|ARM.Build.0 = Debug|iPhone
		{7F612169-B72B-4FA6-BEA9-934F90A936FB}.Debug|ARM.Deploy.0 = Debug|iPhone
		{7F612169-B72B-4FA6-BEA9-934F90A936FB}.Debug|iPhone.ActiveCfg = Debug|iPhone
		{7F612169-B72B-4FA6-BEA9-934F90A936FB}.Debug|iPhone.Build.0 = Debug|iPhone
		{7F612169-B72B-4FA6-BEA9-934F90A936FB}.Debug|iPhone.Deploy.0 = Debug|iPhone
		{7F612169-B72B-4FA6-BEA9-934F90A936FB}.Debug|iPhoneSimulator.ActiveCfg = Debug|iPhoneSimulator
		{7F612169-B72B-4FA6-BEA9-934F90A936FB}.Debug|iPhoneSimulator.Build.0 = Debug|iPhoneSimulator
		{7F612169-B72B-4FA6-BEA9-934F90A936FB}.Debug|iPhoneSimulator.Deploy.0 = Debug|iPhoneSimulator
		{7F612169-B72B-4FA6-BEA9-934F90A936FB}.Debug|x64.ActiveCfg = Debug|iPhone
		{7F612169-B72B-4FA6-BEA9-934F90A936FB}.Debug|x64.Build.0 = Debug|iPhone
		{7F612169-B72B-4FA6-BEA9-934F90A936FB}.Debug|x64.Deploy.0 = Debug|iPhone
		{7F612169-B72B-4FA6-BEA9-934F90A936FB}.Debug|x86.ActiveCfg = Debug|iPhone
		{7F612169-B72B-4FA6-BEA9-934F90A936FB}.Debug|x86.Build.0 = Debug|iPhone
		{7F612169-B72B-4FA6-BEA9-934F90A936FB}.Debug|x86.Deploy.0 = Debug|iPhone
		{7F612169-B72B-4FA6-BEA9-934F90A936FB}.Release|Any CPU.ActiveCfg = Release|iPhone
		{7F612169-B72B-4FA6-BEA9-934F90A936FB}.Release|Any CPU.Build.0 = Release|iPhone
		{7F612169-B72B-4FA6-BEA9-934F90A936FB}.Release|Any CPU.Deploy.0 = Release|iPhone
		{7F612169-B72B-4FA6-BEA9-934F90A936FB}.Release|ARM.ActiveCfg = Release|iPhone
		{7F612169-B72B-4FA6-BEA9-934F90A936FB}.Release|ARM.Build.0 = Release|iPhone
		{7F612169-B72B-4FA6-BEA9-934F90A936FB}.Release|ARM.Deploy.0 = Release|iPhone
		{7F612169-B72B-4FA6-BEA9-934F90A936FB}.Release|iPhone.ActiveCfg = Release|iPhone
		{7F612169-B72B-4FA6-BEA9-934F90A936FB}.Release|iPhone.Build.0 = Release|iPhone
		{7F612169-B72B-4FA6-BEA9-934F90A936FB}.Release|iPhone.Deploy.0 = Release|iPhone
		{7F612169-B72B-4FA6-BEA9-934F90A936FB}.Release|iPhoneSimulator.ActiveCfg = Release|iPhoneSimulator
		{7F612169-B72B-4FA6-BEA9-934F90A936FB}.Release|iPhoneSimulator.Build.0 = Release|iPhoneSimulator
		{7F612169-B72B-4FA6-BEA9-934F90A936FB}.Release|iPhoneSimulator.Deploy.0 = Release|iPhoneSimulator
		{7F612169-B72B-4FA6-BEA9-934F90A936FB}.Release|x64.ActiveCfg = Release|iPhone
		{7F612169-B72B-4FA6-BEA9-934F90A936FB}.Release|x64.Build.0 = Release|iPhone
		{7F612169-B72B-4FA6-BEA9-934F90A936FB}.Release|x64.Deploy.0 = Release|iPhone
		{7F612169-B72B-4FA6-BEA9-934F90A936FB}.Release|x86.ActiveCfg = Release|iPhone
		{7F612169-B72B-4FA6-BEA9-934F90A936FB}.Release|x86.Build.0 = Release|iPhone
		{7F612169-B72B-4FA6-BEA9-934F90A936FB}.Release|x86.Deploy.0 = Release|iPhone
		{A32A258D-FF1B-4C89-A046-60E8E0BCACB1}.Ad-Hoc|Any CPU.ActiveCfg = Release|x86
		{A32A258D-FF1B-4C89-A046-60E8E0BCACB1}.Ad-Hoc|Any CPU.Build.0 = Release|x86
		{A32A258D-FF1B-4C89-A046-60E8E0BCACB1}.Ad-Hoc|Any CPU.Deploy.0 = Release|x86
		{A32A258D-FF1B-4C89-A046-60E8E0BCACB1}.Ad-Hoc|ARM.ActiveCfg = Release|ARM
		{A32A258D-FF1B-4C89-A046-60E8E0BCACB1}.Ad-Hoc|ARM.Build.0 = Release|ARM
		{A32A258D-FF1B-4C89-A046-60E8E0BCACB1}.Ad-Hoc|ARM.Deploy.0 = Release|ARM
		{A32A258D-FF1B-4C89-A046-60E8E0BCACB1}.Ad-Hoc|iPhone.ActiveCfg = Release|x86
		{A32A258D-FF1B-4C89-A046-60E8E0BCACB1}.Ad-Hoc|iPhone.Build.0 = Release|x86
		{A32A258D-FF1B-4C89-A046-60E8E0BCACB1}.Ad-Hoc|iPhone.Deploy.0 = Release|x86
		{A32A258D-FF1B-4C89-A046-60E8E0BCACB1}.Ad-Hoc|iPhoneSimulator.ActiveCfg = Release|x86
		{A32A258D-FF1B-4C89-A046-60E8E0BCACB1}.Ad-Hoc|iPhoneSimulator.Build.0 = Release|x86
		{A32A258D-FF1B-4C89-A046-60E8E0BCACB1}.Ad-Hoc|iPhoneSimulator.Deploy.0 = Release|x86
		{A32A258D-FF1B-4C89-A046-60E8E0BCACB1}.Ad-Hoc|x64.ActiveCfg = Release|x64
		{A32A258D-FF1B-4C89-A046-60E8E0BCACB1}.Ad-Hoc|x64.Build.0 = Release|x64
		{A32A258D-FF1B-4C89-A046-60E8E0BCACB1}.Ad-Hoc|x64.Deploy.0 = Release|x64
		{A32A258D-FF1B-4C89-A046-60E8E0BCACB1}.Ad-Hoc|x86.ActiveCfg = Release|x86
		{A32A258D-FF1B-4C89-A046-60E8E0BCACB1}.Ad-Hoc|x86.Build.0 = Release|x86
		{A32A258D-FF1B-4C89-A046-60E8E0BCACB1}.Ad-Hoc|x86.Deploy.0 = Release|x86
		{A32A258D-FF1B-4C89-A046-60E8E0BCACB1}.AppStore|Any CPU.ActiveCfg = Release|x86
		{A32A258D-FF1B-4C89-A046-60E8E0BCACB1}.AppStore|Any CPU.Build.0 = Release|x86
		{A32A258D-FF1B-4C89-A046-60E8E0BCACB1}.AppStore|Any CPU.Deploy.0 = Release|x86
		{A32A258D-FF1B-4C89-A046-60E8E0BCACB1}.AppStore|ARM.ActiveCfg = Release|ARM
		{A32A258D-FF1B-4C89-A046-60E8E0BCACB1}.AppStore|ARM.Build.0 = Release|ARM
		{A32A258D-FF1B-4C89-A046-60E8E0BCACB1}.AppStore|ARM.Deploy.0 = Release|ARM
		{A32A258D-FF1B-4C89-A046-60E8E0BCACB1}.AppStore|iPhone.ActiveCfg = Release|x86
		{A32A258D-FF1B-4C89-A046-60E8E0BCACB1}.AppStore|iPhone.Build.0 = Release|x86
		{A32A258D-FF1B-4C89-A046-60E8E0BCACB1}.AppStore|iPhone.Deploy.0 = Release|x86
		{A32A258D-FF1B-4C89-A046-60E8E0BCACB1}.AppStore|iPhoneSimulator.ActiveCfg = Release|x86
		{A32A258D-FF1B-4C89-A046-60E8E0BCACB1}.AppStore|iPhoneSimulator.Build.0 = Release|x86
		{A32A258D-FF1B-4C89-A046-60E8E0BCACB1}.AppStore|iPhoneSimulator.Deploy.0 = Release|x86
		{A32A258D-FF1B-4C89-A046-60E8E0BCACB1}.AppStore|x64.ActiveCfg = Release|x64
		{A32A258D-FF1B-4C89-A046-60E8E0BCACB1}.AppStore|x64.Build.0 = Release|x64
		{A32A258D-FF1B-4C89-A046-60E8E0BCACB1}.AppStore|x64.Deploy.0 = Release|x64
		{A32A258D-FF1B-4C89-A046-60E8E0BCACB1}.AppStore|x86.ActiveCfg = Release|x86
		{A32A258D-FF1B-4C89-A046-60E8E0BCACB1}.AppStore|x86.Build.0 = Release|x86
		{A32A258D-FF1B-4C89-A046-60E8E0BCACB1}.AppStore|x86.Deploy.0 = Release|x86
		{A32A258D-FF1B-4C89-A046-60E8E0BCACB1}.Debug|Any CPU.ActiveCfg = Debug|x86
		{A32A258D-FF1B-4C89-A046-60E8E0BCACB1}.Debug|Any CPU.Build.0 = Debug|x86
		{A32A258D-FF1B-4C89-A046-60E8E0BCACB1}.Debug|Any CPU.Deploy.0 = Debug|x86
		{A32A258D-FF1B-4C89-A046-60E8E0BCACB1}.Debug|ARM.ActiveCfg = Debug|ARM
		{A32A258D-FF1B-4C89-A046-60E8E0BCACB1}.Debug|ARM.Build.0 = Debug|ARM
		{A32A258D-FF1B-4C89-A046-60E8E0BCACB1}.Debug|ARM.Deploy.0 = Debug|ARM
		{A32A258D-FF1B-4C89-A046-60E8E0BCACB1}.Debug|iPhone.ActiveCfg = Debug|x86
		{A32A258D-FF1B-4C89-A046-60E8E0BCACB1}.Debug|iPhone.Build.0 = Debug|x86
		{A32A258D-FF1B-4C89-A046-60E8E0BCACB1}.Debug|iPhone.Deploy.0 = Debug|x86
		{A32A258D-FF1B-4C89-A046-60E8E0BCACB1}.Debug|iPhoneSimulator.ActiveCfg = Debug|x86
		{A32A258D-FF1B-4C89-A046-60E8E0BCACB1}.Debug|iPhoneSimulator.Build.0 = Debug|x86
		{A32A258D-FF1B-4C89-A046-60E8E0BCACB1}.Debug|iPhoneSimulator.Deploy.0 = Debug|x86
		{A32A258D-FF1B-4C89-A046-60E8E0BCACB1}.Debug|x64.ActiveCfg = Debug|x64
		{A32A258D-FF1B-4C89-A046-60E8E0BCACB1}.Debug|x64.Build.0 = Debug|x64
		{A32A258D-FF1B-4C89-A046-60E8E0BCACB1}.Debug|x64.Deploy.0 = Debug|x64
		{A32A258D-FF1B-4C89-A046-60E8E0BCACB1}.Debug|x86.ActiveCfg = Debug|x86
		{A32A258D-FF1B-4C89-A046-60E8E0BCACB1}.Debug|x86.Build.0 = Debug|x86
		{A32A258D-FF1B-4C89-A046-60E8E0BCACB1}.Debug|x86.Deploy.0 = Debug|x86
		{A32A258D-FF1B-4C89-A046-60E8E0BCACB1}.Release|Any CPU.ActiveCfg = Release|x86
		{A32A258D-FF1B-4C89-A046-60E8E0BCACB1}.Release|Any CPU.Build.0 = Release|x86
		{A32A258D-FF1B-4C89-A046-60E8E0BCACB1}.Release|Any CPU.Deploy.0 = Release|x86
		{A32A258D-FF1B-4C89-A046-60E8E0BCACB1}.Release|ARM.ActiveCfg = Release|ARM
		{A32A258D-FF1B-4C89-A046-60E8E0BCACB1}.Release|ARM.Build.0 = Release|ARM
		{A32A258D-FF1B-4C89-A046-60E8E0BCACB1}.Release|ARM.Deploy.0 = Release|ARM
		{A32A258D-FF1B-4C89-A046-60E8E0BCACB1}.Release|iPhone.ActiveCfg = Release|x86
		{A32A258D-FF1B-4C89-A046-60E8E0BCACB1}.Release|iPhone.Build.0 = Release|x86
		{A32A258D-FF1B-4C89-A046-60E8E0BCACB1}.Release|iPhone.Deploy.0 = Release|x86
		{A32A258D-FF1B-4C89-A046-60E8E0BCACB1}.Release|iPhoneSimulator.ActiveCfg = Release|x86
		{A32A258D-FF1B-4C89-A046-60E8E0BCACB1}.Release|iPhoneSimulator.Build.0 = Release|x86
		{A32A258D-FF1B-4C89-A046-60E8E0BCACB1}.Release|iPhoneSimulator.Deploy.0 = Release|x86
		{A32A258D-FF1B-4C89-A046-60E8E0BCACB1}.Release|x64.ActiveCfg = Release|x64
		{A32A258D-FF1B-4C89-A046-60E8E0BCACB1}.Release|x64.Build.0 = Release|x64
		{A32A258D-FF1B-4C89-A046-60E8E0BCACB1}.Release|x64.Deploy.0 = Release|x64
		{A32A258D-FF1B-4C89-A046-60E8E0BCACB1}.Release|x86.ActiveCfg = Release|x86
		{A32A258D-FF1B-4C89-A046-60E8E0BCACB1}.Release|x86.Build.0 = Release|x86
		{A32A258D-FF1B-4C89-A046-60E8E0BCACB1}.Release|x86.Deploy.0 = Release|x86
		{2231FAAD-7552-4BD4-9D08-F6971B6FBF1E}.Ad-Hoc|Any CPU.ActiveCfg = Debug|Any CPU
		{2231FAAD-7552-4BD4-9D08-F6971B6FBF1E}.Ad-Hoc|Any CPU.Build.0 = Debug|Any CPU
		{2231FAAD-7552-4BD4-9D08-F6971B6FBF1E}.Ad-Hoc|Any CPU.Deploy.0 = Debug|Any CPU
		{2231FAAD-7552-4BD4-9D08-F6971B6FBF1E}.Ad-Hoc|ARM.ActiveCfg = Debug|Any CPU
		{2231FAAD-7552-4BD4-9D08-F6971B6FBF1E}.Ad-Hoc|ARM.Build.0 = Debug|Any CPU
		{2231FAAD-7552-4BD4-9D08-F6971B6FBF1E}.Ad-Hoc|ARM.Deploy.0 = Debug|Any CPU
		{2231FAAD-7552-4BD4-9D08-F6971B6FBF1E}.Ad-Hoc|iPhone.ActiveCfg = Debug|Any CPU
		{2231FAAD-7552-4BD4-9D08-F6971B6FBF1E}.Ad-Hoc|iPhone.Build.0 = Debug|Any CPU
		{2231FAAD-7552-4BD4-9D08-F6971B6FBF1E}.Ad-Hoc|iPhone.Deploy.0 = Debug|Any CPU
		{2231FAAD-7552-4BD4-9D08-F6971B6FBF1E}.Ad-Hoc|iPhoneSimulator.ActiveCfg = Debug|Any CPU
		{2231FAAD-7552-4BD4-9D08-F6971B6FBF1E}.Ad-Hoc|iPhoneSimulator.Build.0 = Debug|Any CPU
		{2231FAAD-7552-4BD4-9D08-F6971B6FBF1E}.Ad-Hoc|iPhoneSimulator.Deploy.0 = Debug|Any CPU
		{2231FAAD-7552-4BD4-9D08-F6971B6FBF1E}.Ad-Hoc|x64.ActiveCfg = Debug|Any CPU
		{2231FAAD-7552-4BD4-9D08-F6971B6FBF1E}.Ad-Hoc|x64.Build.0 = Debug|Any CPU
		{2231FAAD-7552-4BD4-9D08-F6971B6FBF1E}.Ad-Hoc|x64.Deploy.0 = Debug|Any CPU
		{2231FAAD-7552-4BD4-9D08-F6971B6FBF1E}.Ad-Hoc|x86.ActiveCfg = Debug|Any CPU
		{2231FAAD-7552-4BD4-9D08-F6971B6FBF1E}.Ad-Hoc|x86.Build.0 = Debug|Any CPU
		{2231FAAD-7552-4BD4-9D08-F6971B6FBF1E}.Ad-Hoc|x86.Deploy.0 = Debug|Any CPU
		{2231FAAD-7552-4BD4-9D08-F6971B6FBF1E}.AppStore|Any CPU.ActiveCfg = Debug|Any CPU
		{2231FAAD-7552-4BD4-9D08-F6971B6FBF1E}.AppStore|Any CPU.Build.0 = Debug|Any CPU
		{2231FAAD-7552-4BD4-9D08-F6971B6FBF1E}.AppStore|Any CPU.Deploy.0 = Debug|Any CPU
		{2231FAAD-7552-4BD4-9D08-F6971B6FBF1E}.AppStore|ARM.ActiveCfg = Debug|Any CPU
		{2231FAAD-7552-4BD4-9D08-F6971B6FBF1E}.AppStore|ARM.Build.0 = Debug|Any CPU
		{2231FAAD-7552-4BD4-9D08-F6971B6FBF1E}.AppStore|ARM.Deploy.0 = Debug|Any CPU
		{2231FAAD-7552-4BD4-9D08-F6971B6FBF1E}.AppStore|iPhone.ActiveCfg = Debug|Any CPU
		{2231FAAD-7552-4BD4-9D08-F6971B6FBF1E}.AppStore|iPhone.Build.0 = Debug|Any CPU
		{2231FAAD-7552-4BD4-9D08-F6971B6FBF1E}.AppStore|iPhone.Deploy.0 = Debug|Any CPU
		{2231FAAD-7552-4BD4-9D08-F6971B6FBF1E}.AppStore|iPhoneSimulator.ActiveCfg = Debug|Any CPU
		{2231FAAD-7552-4BD4-9D08-F6971B6FBF1E}.AppStore|iPhoneSimulator.Build.0 = Debug|Any CPU
		{2231FAAD-7552-4BD4-9D08-F6971B6FBF1E}.AppStore|iPhoneSimulator.Deploy.0 = Debug|Any CPU
		{2231FAAD-7552-4BD4-9D08-F6971B6FBF1E}.AppStore|x64.ActiveCfg = Debug|Any CPU
		{2231FAAD-7552-4BD4-9D08-F6971B6FBF1E}.AppStore|x64.Build.0 = Debug|Any CPU
		{2231FAAD-7552-4BD4-9D08-F6971B6FBF1E}.AppStore|x64.Deploy.0 = Debug|Any CPU
		{2231FAAD-7552-4BD4-9D08-F6971B6FBF1E}.AppStore|x86.ActiveCfg = Debug|Any CPU
		{2231FAAD-7552-4BD4-9D08-F6971B6FBF1E}.AppStore|x86.Build.0 = Debug|Any CPU
		{2231FAAD-7552-4BD4-9D08-F6971B6FBF1E}.AppStore|x86.Deploy.0 = Debug|Any CPU
		{2231FAAD-7552-4BD4-9D08-F6971B6FBF1E}.Debug|Any CPU.ActiveCfg = Debug|Any CPU
		{2231FAAD-7552-4BD4-9D08-F6971B6FBF1E}.Debug|Any CPU.Build.0 = Debug|Any CPU
		{2231FAAD-7552-4BD4-9D08-F6971B6FBF1E}.Debug|Any CPU.Deploy.0 = Debug|Any CPU
		{2231FAAD-7552-4BD4-9D08-F6971B6FBF1E}.Debug|ARM.ActiveCfg = Debug|Any CPU
		{2231FAAD-7552-4BD4-9D08-F6971B6FBF1E}.Debug|ARM.Build.0 = Debug|Any CPU
		{2231FAAD-7552-4BD4-9D08-F6971B6FBF1E}.Debug|ARM.Deploy.0 = Debug|Any CPU
		{2231FAAD-7552-4BD4-9D08-F6971B6FBF1E}.Debug|iPhone.ActiveCfg = Debug|Any CPU
		{2231FAAD-7552-4BD4-9D08-F6971B6FBF1E}.Debug|iPhone.Build.0 = Debug|Any CPU
		{2231FAAD-7552-4BD4-9D08-F6971B6FBF1E}.Debug|iPhone.Deploy.0 = Debug|Any CPU
		{2231FAAD-7552-4BD4-9D08-F6971B6FBF1E}.Debug|iPhoneSimulator.ActiveCfg = Debug|Any CPU
		{2231FAAD-7552-4BD4-9D08-F6971B6FBF1E}.Debug|iPhoneSimulator.Build.0 = Debug|Any CPU
		{2231FAAD-7552-4BD4-9D08-F6971B6FBF1E}.Debug|iPhoneSimulator.Deploy.0 = Debug|Any CPU
		{2231FAAD-7552-4BD4-9D08-F6971B6FBF1E}.Debug|x64.ActiveCfg = Debug|Any CPU
		{2231FAAD-7552-4BD4-9D08-F6971B6FBF1E}.Debug|x64.Build.0 = Debug|Any CPU
		{2231FAAD-7552-4BD4-9D08-F6971B6FBF1E}.Debug|x64.Deploy.0 = Debug|Any CPU
		{2231FAAD-7552-4BD4-9D08-F6971B6FBF1E}.Debug|x86.ActiveCfg = Debug|Any CPU
		{2231FAAD-7552-4BD4-9D08-F6971B6FBF1E}.Debug|x86.Build.0 = Debug|Any CPU
		{2231FAAD-7552-4BD4-9D08-F6971B6FBF1E}.Debug|x86.Deploy.0 = Debug|Any CPU
		{2231FAAD-7552-4BD4-9D08-F6971B6FBF1E}.Release|Any CPU.ActiveCfg = Release|Any CPU
		{2231FAAD-7552-4BD4-9D08-F6971B6FBF1E}.Release|Any CPU.Build.0 = Release|Any CPU
		{2231FAAD-7552-4BD4-9D08-F6971B6FBF1E}.Release|Any CPU.Deploy.0 = Release|Any CPU
		{2231FAAD-7552-4BD4-9D08-F6971B6FBF1E}.Release|ARM.ActiveCfg = Release|Any CPU
		{2231FAAD-7552-4BD4-9D08-F6971B6FBF1E}.Release|ARM.Build.0 = Release|Any CPU
		{2231FAAD-7552-4BD4-9D08-F6971B6FBF1E}.Release|ARM.Deploy.0 = Release|Any CPU
		{2231FAAD-7552-4BD4-9D08-F6971B6FBF1E}.Release|iPhone.ActiveCfg = Release|Any CPU
		{2231FAAD-7552-4BD4-9D08-F6971B6FBF1E}.Release|iPhone.Build.0 = Release|Any CPU
		{2231FAAD-7552-4BD4-9D08-F6971B6FBF1E}.Release|iPhone.Deploy.0 = Release|Any CPU
		{2231FAAD-7552-4BD4-9D08-F6971B6FBF1E}.Release|iPhoneSimulator.ActiveCfg = Release|Any CPU
		{2231FAAD-7552-4BD4-9D08-F6971B6FBF1E}.Release|iPhoneSimulator.Build.0 = Release|Any CPU
		{2231FAAD-7552-4BD4-9D08-F6971B6FBF1E}.Release|iPhoneSimulator.Deploy.0 = Release|Any CPU
		{2231FAAD-7552-4BD4-9D08-F6971B6FBF1E}.Release|x64.ActiveCfg = Release|Any CPU
		{2231FAAD-7552-4BD4-9D08-F6971B6FBF1E}.Release|x64.Build.0 = Release|Any CPU
		{2231FAAD-7552-4BD4-9D08-F6971B6FBF1E}.Release|x64.Deploy.0 = Release|Any CPU
		{2231FAAD-7552-4BD4-9D08-F6971B6FBF1E}.Release|x86.ActiveCfg = Release|Any CPU
		{2231FAAD-7552-4BD4-9D08-F6971B6FBF1E}.Release|x86.Build.0 = Release|Any CPU
		{2231FAAD-7552-4BD4-9D08-F6971B6FBF1E}.Release|x86.Deploy.0 = Release|Any CPU
	EndGlobalSection
	GlobalSection(SolutionProperties) = preSolution
		HideSolutionNode = FALSE
	EndGlobalSection
	GlobalSection(ExtensibilityGlobals) = postSolution
		SolutionGuid = {95A12A1F-BAB5-40D0-8205-C199CCDC76AB}
	EndGlobalSection
EndGlobal
