
Microsoft Visual Studio Solution File, Format Version 12.00
# Visual Studio Version 16
VisualStudioVersion = 16.0.30413.136
MinimumVisualStudioVersion = 10.0.40219.1
Project("{FAE04EC0-301F-11D3-BF4B-00C04F79EFBC}") = "DataBinding.UWP", "DataBinding\DataBinding.UWP\DataBinding.UWP.csproj", "{0C8CC39E-0FE9-4634-9A6D-DC29BAFC572B}"
EndProject
Project("{FAE04EC0-301F-11D3-BF4B-00C04F79EFBC}") = "DataBinding.Android", "DataBinding\DataBinding.Android\DataBinding.Android.csproj", "{67EB5B7F-3C54-4314-B5E7-C5DC01091A9B}"
EndProject
Project("{FAE04EC0-301F-11D3-BF4B-00C04F79EFBC}") = "DataBinding.iOS", "DataBinding\DataBinding.iOS\DataBinding.iOS.csproj", "{65CA40AA-7936-4881-B902-B1BE6F066381}"
EndProject
Project("{FAE04EC0-301F-11D3-BF4B-00C04F79EFBC}") = "DataBinding", "DataBinding\DataBinding\DataBinding.csproj", "{CAA80B22-9F3F-43BE-B991-5BF83B3D9FA7}"
EndProject
Global
	GlobalSection(SolutionConfigurationPlatforms) = preSolution
		Debug|Any CPU = Debug|Any CPU
		Debug|ARM = Debug|ARM
		Debug|iPhone = Debug|iPhone
		Debug|iPhoneSimulator = Debug|iPhoneSimulator
		Debug|x64 = Debug|x64
		Debug|x86 = Debug|x86
		Release|Any CPU = Release|Any CPU
		Release|ARM = Release|ARM
		Release|iPhone = Release|iPhone
		Release|iPhoneSimulator = Release|iPhoneSimulator
		Release|x64 = Release|x64
		Release|x86 = Release|x86
	EndGlobalSection
	GlobalSection(ProjectConfigurationPlatforms) = postSolution
		{0C8CC39E-0FE9-4634-9A6D-DC29BAFC572B}.Debug|Any CPU.ActiveCfg = Debug|x86
		{0C8CC39E-0FE9-4634-9A6D-DC29BAFC572B}.Debug|Any CPU.Build.0 = Debug|x86
		{0C8CC39E-0FE9-4634-9A6D-DC29BAFC572B}.Debug|Any CPU.Deploy.0 = Debug|x86
		{0C8CC39E-0FE9-4634-9A6D-DC29BAFC572B}.Debug|ARM.ActiveCfg = Debug|ARM
		{0C8CC39E-0FE9-4634-9A6D-DC29BAFC572B}.Debug|ARM.Build.0 = Debug|ARM
		{0C8CC39E-0FE9-4634-9A6D-DC29BAFC572B}.Debug|ARM.Deploy.0 = Debug|ARM
		{0C8CC39E-0FE9-4634-9A6D-DC29BAFC572B}.Debug|iPhone.ActiveCfg = Debug|x86
		{0C8CC39E-0FE9-4634-9A6D-DC29BAFC572B}.Debug|iPhone.Build.0 = Debug|x86
		{0C8CC39E-0FE9-4634-9A6D-DC29BAFC572B}.Debug|iPhone.Deploy.0 = Debug|x86
		{0C8CC39E-0FE9-4634-9A6D-DC29BAFC572B}.Debug|iPhoneSimulator.ActiveCfg = Debug|x86
		{0C8CC39E-0FE9-4634-9A6D-DC29BAFC572B}.Debug|iPhoneSimulator.Build.0 = Debug|x86
		{0C8CC39E-0FE9-4634-9A6D-DC29BAFC572B}.Debug|iPhoneSimulator.Deploy.0 = Debug|x86
		{0C8CC39E-0FE9-4634-9A6D-DC29BAFC572B}.Debug|x64.ActiveCfg = Debug|x64
		{0C8CC39E-0FE9-4634-9A6D-DC29BAFC572B}.Debug|x64.Build.0 = Debug|x64
		{0C8CC39E-0FE9-4634-9A6D-DC29BAFC572B}.Debug|x64.Deploy.0 = Debug|x64
		{0C8CC39E-0FE9-4634-9A6D-DC29BAFC572B}.Debug|x86.ActiveCfg = Debug|x86
		{0C8CC39E-0FE9-4634-9A6D-DC29BAFC572B}.Debug|x86.Build.0 = Debug|x86
		{0C8CC39E-0FE9-4634-9A6D-DC29BAFC572B}.Debug|x86.Deploy.0 = Debug|x86
		{0C8CC39E-0FE9-4634-9A6D-DC29BAFC572B}.Release|Any CPU.ActiveCfg = Release|x86
		{0C8CC39E-0FE9-4634-9A6D-DC29BAFC572B}.Release|Any CPU.Build.0 = Release|x86
		{0C8CC39E-0FE9-4634-9A6D-DC29BAFC572B}.Release|Any CPU.Deploy.0 = Release|x86
		{0C8CC39E-0FE9-4634-9A6D-DC29BAFC572B}.Release|ARM.ActiveCfg = Release|ARM
		{0C8CC39E-0FE9-4634-9A6D-DC29BAFC572B}.Release|ARM.Build.0 = Release|ARM
		{0C8CC39E-0FE9-4634-9A6D-DC29BAFC572B}.Release|ARM.Deploy.0 = Release|ARM
		{0C8CC39E-0FE9-4634-9A6D-DC29BAFC572B}.Release|iPhone.ActiveCfg = Release|x86
		{0C8CC39E-0FE9-4634-9A6D-DC29BAFC572B}.Release|iPhone.Build.0 = Release|x86
		{0C8CC39E-0FE9-4634-9A6D-DC29BAFC572B}.Release|iPhone.Deploy.0 = Release|x86
		{0C8CC39E-0FE9-4634-9A6D-DC29BAFC572B}.Release|iPhoneSimulator.ActiveCfg = Release|x86
		{0C8CC39E-0FE9-4634-9A6D-DC29BAFC572B}.Release|iPhoneSimulator.Build.0 = Release|x86
		{0C8CC39E-0FE9-4634-9A6D-DC29BAFC572B}.Release|iPhoneSimulator.Deploy.0 = Release|x86
		{0C8CC39E-0FE9-4634-9A6D-DC29BAFC572B}.Release|x64.ActiveCfg = Release|x64
		{0C8CC39E-0FE9-4634-9A6D-DC29BAFC572B}.Release|x64.Build.0 = Release|x64
		{0C8CC39E-0FE9-4634-9A6D-DC29BAFC572B}.Release|x64.Deploy.0 = Release|x64
		{0C8CC39E-0FE9-4634-9A6D-DC29BAFC572B}.Release|x86.ActiveCfg = Release|x86
		{0C8CC39E-0FE9-4634-9A6D-DC29BAFC572B}.Release|x86.Build.0 = Release|x86
		{0C8CC39E-0FE9-4634-9A6D-DC29BAFC572B}.Release|x86.Deploy.0 = Release|x86
		{67EB5B7F-3C54-4314-B5E7-C5DC01091A9B}.Debug|Any CPU.ActiveCfg = Debug|Any CPU
		{67EB5B7F-3C54-4314-B5E7-C5DC01091A9B}.Debug|Any CPU.Build.0 = Debug|Any CPU
		{67EB5B7F-3C54-4314-B5E7-C5DC01091A9B}.Debug|Any CPU.Deploy.0 = Debug|Any CPU
		{67EB5B7F-3C54-4314-B5E7-C5DC01091A9B}.Debug|ARM.ActiveCfg = Debug|Any CPU
		{67EB5B7F-3C54-4314-B5E7-C5DC01091A9B}.Debug|ARM.Build.0 = Debug|Any CPU
		{67EB5B7F-3C54-4314-B5E7-C5DC01091A9B}.Debug|ARM.Deploy.0 = Debug|Any CPU
		{67EB5B7F-3C54-4314-B5E7-C5DC01091A9B}.Debug|iPhone.ActiveCfg = Debug|Any CPU
		{67EB5B7F-3C54-4314-B5E7-C5DC01091A9B}.Debug|iPhone.Build.0 = Debug|Any CPU
		{67EB5B7F-3C54-4314-B5E7-C5DC01091A9B}.Debug|iPhone.Deploy.0 = Debug|Any CPU
		{67EB5B7F-3C54-4314-B5E7-C5DC01091A9B}.Debug|iPhoneSimulator.ActiveCfg = Debug|Any CPU
		{67EB5B7F-3C54-4314-B5E7-C5DC01091A9B}.Debug|iPhoneSimulator.Build.0 = Debug|Any CPU
		{67EB5B7F-3C54-4314-B5E7-C5DC01091A9B}.Debug|iPhoneSimulator.Deploy.0 = Debug|Any CPU
		{67EB5B7F-3C54-4314-B5E7-C5DC01091A9B}.Debug|x64.ActiveCfg = Debug|Any CPU
		{67EB5B7F-3C54-4314-B5E7-C5DC01091A9B}.Debug|x64.Build.0 = Debug|Any CPU
		{67EB5B7F-3C54-4314-B5E7-C5DC01091A9B}.Debug|x64.Deploy.0 = Debug|Any CPU
		{67EB5B7F-3C54-4314-B5E7-C5DC01091A9B}.Debug|x86.ActiveCfg = Debug|Any CPU
		{67EB5B7F-3C54-4314-B5E7-C5DC01091A9B}.Debug|x86.Build.0 = Debug|Any CPU
		{67EB5B7F-3C54-4314-B5E7-C5DC01091A9B}.Debug|x86.Deploy.0 = Debug|Any CPU
		{67EB5B7F-3C54-4314-B5E7-C5DC01091A9B}.Release|Any CPU.ActiveCfg = Release|Any CPU
		{67EB5B7F-3C54-4314-B5E7-C5DC01091A9B}.Release|Any CPU.Build.0 = Release|Any CPU
		{67EB5B7F-3C54-4314-B5E7-C5DC01091A9B}.Release|Any CPU.Deploy.0 = Release|Any CPU
		{67EB5B7F-3C54-4314-B5E7-C5DC01091A9B}.Release|ARM.ActiveCfg = Release|Any CPU
		{67EB5B7F-3C54-4314-B5E7-C5DC01091A9B}.Release|ARM.Build.0 = Release|Any CPU
		{67EB5B7F-3C54-4314-B5E7-C5DC01091A9B}.Release|ARM.Deploy.0 = Release|Any CPU
		{67EB5B7F-3C54-4314-B5E7-C5DC01091A9B}.Release|iPhone.ActiveCfg = Release|Any CPU
		{67EB5B7F-3C54-4314-B5E7-C5DC01091A9B}.Release|iPhone.Build.0 = Release|Any CPU
		{67EB5B7F-3C54-4314-B5E7-C5DC01091A9B}.Release|iPhone.Deploy.0 = Release|Any CPU
		{67EB5B7F-3C54-4314-B5E7-C5DC01091A9B}.Release|iPhoneSimulator.ActiveCfg = Release|Any CPU
		{67EB5B7F-3C54-4314-B5E7-C5DC01091A9B}.Release|iPhoneSimulator.Build.0 = Release|Any CPU
		{67EB5B7F-3C54-4314-B5E7-C5DC01091A9B}.Release|iPhoneSimulator.Deploy.0 = Release|Any CPU
		{67EB5B7F-3C54-4314-B5E7-C5DC01091A9B}.Release|x64.ActiveCfg = Release|Any CPU
		{67EB5B7F-3C54-4314-B5E7-C5DC01091A9B}.Release|x64.Build.0 = Release|Any CPU
		{67EB5B7F-3C54-4314-B5E7-C5DC01091A9B}.Release|x64.Deploy.0 = Release|Any CPU
		{67EB5B7F-3C54-4314-B5E7-C5DC01091A9B}.Release|x86.ActiveCfg = Release|Any CPU
		{67EB5B7F-3C54-4314-B5E7-C5DC01091A9B}.Release|x86.Build.0 = Release|Any CPU
		{67EB5B7F-3C54-4314-B5E7-C5DC01091A9B}.Release|x86.Deploy.0 = Release|Any CPU
		{65CA40AA-7936-4881-B902-B1BE6F066381}.Debug|Any CPU.ActiveCfg = Debug|iPhone
		{65CA40AA-7936-4881-B902-B1BE6F066381}.Debug|Any CPU.Build.0 = Debug|iPhone
		{65CA40AA-7936-4881-B902-B1BE6F066381}.Debug|Any CPU.Deploy.0 = Debug|iPhone
		{65CA40AA-7936-4881-B902-B1BE6F066381}.Debug|ARM.ActiveCfg = Debug|iPhone
		{65CA40AA-7936-4881-B902-B1BE6F066381}.Debug|ARM.Build.0 = Debug|iPhone
		{65CA40AA-7936-4881-B902-B1BE6F066381}.Debug|ARM.Deploy.0 = Debug|iPhone
		{65CA40AA-7936-4881-B902-B1BE6F066381}.Debug|iPhone.ActiveCfg = Debug|iPhone
		{65CA40AA-7936-4881-B902-B1BE6F066381}.Debug|iPhone.Build.0 = Debug|iPhone
		{65CA40AA-7936-4881-B902-B1BE6F066381}.Debug|iPhone.Deploy.0 = Debug|iPhone
		{65CA40AA-7936-4881-B902-B1BE6F066381}.Debug|iPhoneSimulator.ActiveCfg = Debug|iPhoneSimulator
		{65CA40AA-7936-4881-B902-B1BE6F066381}.Debug|iPhoneSimulator.Build.0 = Debug|iPhoneSimulator
		{65CA40AA-7936-4881-B902-B1BE6F066381}.Debug|iPhoneSimulator.Deploy.0 = Debug|iPhoneSimulator
		{65CA40AA-7936-4881-B902-B1BE6F066381}.Debug|x64.ActiveCfg = Debug|iPhone
		{65CA40AA-7936-4881-B902-B1BE6F066381}.Debug|x64.Build.0 = Debug|iPhone
		{65CA40AA-7936-4881-B902-B1BE6F066381}.Debug|x64.Deploy.0 = Debug|iPhone
		{65CA40AA-7936-4881-B902-B1BE6F066381}.Debug|x86.ActiveCfg = Debug|iPhone
		{65CA40AA-7936-4881-B902-B1BE6F066381}.Debug|x86.Build.0 = Debug|iPhone
		{65CA40AA-7936-4881-B902-B1BE6F066381}.Debug|x86.Deploy.0 = Debug|iPhone
		{65CA40AA-7936-4881-B902-B1BE6F066381}.Release|Any CPU.ActiveCfg = Release|iPhone
		{65CA40AA-7936-4881-B902-B1BE6F066381}.Release|Any CPU.Build.0 = Release|iPhone
		{65CA40AA-7936-4881-B902-B1BE6F066381}.Release|Any CPU.Deploy.0 = Release|iPhone
		{65CA40AA-7936-4881-B902-B1BE6F066381}.Release|ARM.ActiveCfg = Release|iPhone
		{65CA40AA-7936-4881-B902-B1BE6F066381}.Release|ARM.Build.0 = Release|iPhone
		{65CA40AA-7936-4881-B902-B1BE6F066381}.Release|ARM.Deploy.0 = Release|iPhone
		{65CA40AA-7936-4881-B902-B1BE6F066381}.Release|iPhone.ActiveCfg = Release|iPhone
		{65CA40AA-7936-4881-B902-B1BE6F066381}.Release|iPhone.Build.0 = Release|iPhone
		{65CA40AA-7936-4881-B902-B1BE6F066381}.Release|iPhone.Deploy.0 = Release|iPhone
		{65CA40AA-7936-4881-B902-B1BE6F066381}.Release|iPhoneSimulator.ActiveCfg = Release|iPhoneSimulator
		{65CA40AA-7936-4881-B902-B1BE6F066381}.Release|iPhoneSimulator.Build.0 = Release|iPhoneSimulator
		{65CA40AA-7936-4881-B902-B1BE6F066381}.Release|iPhoneSimulator.Deploy.0 = Release|iPhoneSimulator
		{65CA40AA-7936-4881-B902-B1BE6F066381}.Release|x64.ActiveCfg = Release|iPhone
		{65CA40AA-7936-4881-B902-B1BE6F066381}.Release|x64.Build.0 = Release|iPhone
		{65CA40AA-7936-4881-B902-B1BE6F066381}.Release|x64.Deploy.0 = Release|iPhone
		{65CA40AA-7936-4881-B902-B1BE6F066381}.Release|x86.ActiveCfg = Release|iPhone
		{65CA40AA-7936-4881-B902-B1BE6F066381}.Release|x86.Build.0 = Release|iPhone
		{65CA40AA-7936-4881-B902-B1BE6F066381}.Release|x86.Deploy.0 = Release|iPhone
		{CAA80B22-9F3F-43BE-B991-5BF83B3D9FA7}.Debug|Any CPU.ActiveCfg = Debug|Any CPU
		{CAA80B22-9F3F-43BE-B991-5BF83B3D9FA7}.Debug|Any CPU.Build.0 = Debug|Any CPU
		{CAA80B22-9F3F-43BE-B991-5BF83B3D9FA7}.Debug|Any CPU.Deploy.0 = Debug|Any CPU
		{CAA80B22-9F3F-43BE-B991-5BF83B3D9FA7}.Debug|ARM.ActiveCfg = Debug|Any CPU
		{CAA80B22-9F3F-43BE-B991-5BF83B3D9FA7}.Debug|ARM.Build.0 = Debug|Any CPU
		{CAA80B22-9F3F-43BE-B991-5BF83B3D9FA7}.Debug|ARM.Deploy.0 = Debug|Any CPU
		{CAA80B22-9F3F-43BE-B991-5BF83B3D9FA7}.Debug|iPhone.ActiveCfg = Debug|Any CPU
		{CAA80B22-9F3F-43BE-B991-5BF83B3D9FA7}.Debug|iPhone.Build.0 = Debug|Any CPU
		{CAA80B22-9F3F-43BE-B991-5BF83B3D9FA7}.Debug|iPhone.Deploy.0 = Debug|Any CPU
		{CAA80B22-9F3F-43BE-B991-5BF83B3D9FA7}.Debug|iPhoneSimulator.ActiveCfg = Debug|Any CPU
		{CAA80B22-9F3F-43BE-B991-5BF83B3D9FA7}.Debug|iPhoneSimulator.Build.0 = Debug|Any CPU
		{CAA80B22-9F3F-43BE-B991-5BF83B3D9FA7}.Debug|iPhoneSimulator.Deploy.0 = Debug|Any CPU
		{CAA80B22-9F3F-43BE-B991-5BF83B3D9FA7}.Debug|x64.ActiveCfg = Debug|Any CPU
		{CAA80B22-9F3F-43BE-B991-5BF83B3D9FA7}.Debug|x64.Build.0 = Debug|Any CPU
		{CAA80B22-9F3F-43BE-B991-5BF83B3D9FA7}.Debug|x64.Deploy.0 = Debug|Any CPU
		{CAA80B22-9F3F-43BE-B991-5BF83B3D9FA7}.Debug|x86.ActiveCfg = Debug|Any CPU
		{CAA80B22-9F3F-43BE-B991-5BF83B3D9FA7}.Debug|x86.Build.0 = Debug|Any CPU
		{CAA80B22-9F3F-43BE-B991-5BF83B3D9FA7}.Debug|x86.Deploy.0 = Debug|Any CPU
		{CAA80B22-9F3F-43BE-B991-5BF83B3D9FA7}.Release|Any CPU.ActiveCfg = Release|Any CPU
		{CAA80B22-9F3F-43BE-B991-5BF83B3D9FA7}.Release|Any CPU.Build.0 = Release|Any CPU
		{CAA80B22-9F3F-43BE-B991-5BF83B3D9FA7}.Release|Any CPU.Deploy.0 = Release|Any CPU
		{CAA80B22-9F3F-43BE-B991-5BF83B3D9FA7}.Release|ARM.ActiveCfg = Release|Any CPU
		{CAA80B22-9F3F-43BE-B991-5BF83B3D9FA7}.Release|ARM.Build.0 = Release|Any CPU
		{CAA80B22-9F3F-43BE-B991-5BF83B3D9FA7}.Release|ARM.Deploy.0 = Release|Any CPU
		{CAA80B22-9F3F-43BE-B991-5BF83B3D9FA7}.Release|iPhone.ActiveCfg = Release|Any CPU
		{CAA80B22-9F3F-43BE-B991-5BF83B3D9FA7}.Release|iPhone.Build.0 = Release|Any CPU
		{CAA80B22-9F3F-43BE-B991-5BF83B3D9FA7}.Release|iPhone.Deploy.0 = Release|Any CPU
		{CAA80B22-9F3F-43BE-B991-5BF83B3D9FA7}.Release|iPhoneSimulator.ActiveCfg = Release|Any CPU
		{CAA80B22-9F3F-43BE-B991-5BF83B3D9FA7}.Release|iPhoneSimulator.Build.0 = Release|Any CPU
		{CAA80B22-9F3F-43BE-B991-5BF83B3D9FA7}.Release|iPhoneSimulator.Deploy.0 = Release|Any CPU
		{CAA80B22-9F3F-43BE-B991-5BF83B3D9FA7}.Release|x64.ActiveCfg = Release|Any CPU
		{CAA80B22-9F3F-43BE-B991-5BF83B3D9FA7}.Release|x64.Build.0 = Release|Any CPU
		{CAA80B22-9F3F-43BE-B991-5BF83B3D9FA7}.Release|x64.Deploy.0 = Release|Any CPU
		{CAA80B22-9F3F-43BE-B991-5BF83B3D9FA7}.Release|x86.ActiveCfg = Release|Any CPU
		{CAA80B22-9F3F-43BE-B991-5BF83B3D9FA7}.Release|x86.Build.0 = Release|Any CPU
		{CAA80B22-9F3F-43BE-B991-5BF83B3D9FA7}.Release|x86.Deploy.0 = Release|Any CPU
	EndGlobalSection
	GlobalSection(SolutionProperties) = preSolution
		HideSolutionNode = FALSE
	EndGlobalSection
	GlobalSection(ExtensibilityGlobals) = postSolution
		SolutionGuid = {6C3990EB-A815-450D-83C4-5D70F0004803}
	EndGlobalSection
EndGlobal
