
Microsoft Visual Studio Solution File, Format Version 12.00
# Visual Studio Version 16
VisualStudioVersion = 16.0.30413.136
MinimumVisualStudioVersion = 10.0.40219.1
Project("{FAE04EC0-301F-11D3-BF4B-00C04F79EFBC}") = "Shapes.UWP", "Shapes\Shapes.UWP\Shapes.UWP.csproj", "{B500D097-FD2E-45D9-BEF5-DDC964DFC55B}"
EndProject
Project("{FAE04EC0-301F-11D3-BF4B-00C04F79EFBC}") = "Shapes.Android", "Shapes\Shapes.Android\Shapes.Android.csproj", "{61046E1F-EF4C-4E9C-B59B-5A15B8C0760A}"
EndProject
Project("{FAE04EC0-301F-11D3-BF4B-00C04F79EFBC}") = "Shapes.iOS", "Shapes\Shapes.iOS\Shapes.iOS.csproj", "{B80AA1B5-7E1F-44A7-AD1B-5B28C8D1A307}"
EndProject
Project("{FAE04EC0-301F-11D3-BF4B-00C04F79EFBC}") = "Shapes", "Shapes\Shapes\Shapes.csproj", "{1CD5797D-2C48-47BC-8D65-0CC227863EF3}"
EndProject
Global
	GlobalSection(SolutionConfigurationPlatforms) = preSolution
		Debug|Any CPU = Debug|Any CPU
		Debug|ARM = Debug|ARM
		Debug|iPhone = Debug|iPhone
		Debug|iPhoneSimulator = Debug|iPhoneSimulator
		Debug|x64 = Debug|x64
		Debug|x86 = Debug|x86
		Release|Any CPU = Release|Any CPU
		Release|ARM = Release|ARM
		Release|iPhone = Release|iPhone
		Release|iPhoneSimulator = Release|iPhoneSimulator
		Release|x64 = Release|x64
		Release|x86 = Release|x86
	EndGlobalSection
	GlobalSection(ProjectConfigurationPlatforms) = postSolution
		{B500D097-FD2E-45D9-BEF5-DDC964DFC55B}.Debug|Any CPU.ActiveCfg = Debug|x86
		{B500D097-FD2E-45D9-BEF5-DDC964DFC55B}.Debug|Any CPU.Build.0 = Debug|x86
		{B500D097-FD2E-45D9-BEF5-DDC964DFC55B}.Debug|Any CPU.Deploy.0 = Debug|x86
		{B500D097-FD2E-45D9-BEF5-DDC964DFC55B}.Debug|ARM.ActiveCfg = Debug|ARM
		{B500D097-FD2E-45D9-BEF5-DDC964DFC55B}.Debug|ARM.Build.0 = Debug|ARM
		{B500D097-FD2E-45D9-BEF5-DDC964DFC55B}.Debug|ARM.Deploy.0 = Debug|ARM
		{B500D097-FD2E-45D9-BEF5-DDC964DFC55B}.Debug|iPhone.ActiveCfg = Debug|x86
		{B500D097-FD2E-45D9-BEF5-DDC964DFC55B}.Debug|iPhone.Build.0 = Debug|x86
		{B500D097-FD2E-45D9-BEF5-DDC964DFC55B}.Debug|iPhone.Deploy.0 = Debug|x86
		{B500D097-FD2E-45D9-BEF5-DDC964DFC55B}.Debug|iPhoneSimulator.ActiveCfg = Debug|x86
		{B500D097-FD2E-45D9-BEF5-DDC964DFC55B}.Debug|iPhoneSimulator.Build.0 = Debug|x86
		{B500D097-FD2E-45D9-BEF5-DDC964DFC55B}.Debug|iPhoneSimulator.Deploy.0 = Debug|x86
		{B500D097-FD2E-45D9-BEF5-DDC964DFC55B}.Debug|x64.ActiveCfg = Debug|x64
		{B500D097-FD2E-45D9-BEF5-DDC964DFC55B}.Debug|x64.Build.0 = Debug|x64
		{B500D097-FD2E-45D9-BEF5-DDC964DFC55B}.Debug|x64.Deploy.0 = Debug|x64
		{B500D097-FD2E-45D9-BEF5-DDC964DFC55B}.Debug|x86.ActiveCfg = Debug|x86
		{B500D097-FD2E-45D9-BEF5-DDC964DFC55B}.Debug|x86.Build.0 = Debug|x86
		{B500D097-FD2E-45D9-BEF5-DDC964DFC55B}.Debug|x86.Deploy.0 = Debug|x86
		{B500D097-FD2E-45D9-BEF5-DDC964DFC55B}.Release|Any CPU.ActiveCfg = Release|x86
		{B500D097-FD2E-45D9-BEF5-DDC964DFC55B}.Release|Any CPU.Build.0 = Release|x86
		{B500D097-FD2E-45D9-BEF5-DDC964DFC55B}.Release|Any CPU.Deploy.0 = Release|x86
		{B500D097-FD2E-45D9-BEF5-DDC964DFC55B}.Release|ARM.ActiveCfg = Release|ARM
		{B500D097-FD2E-45D9-BEF5-DDC964DFC55B}.Release|ARM.Build.0 = Release|ARM
		{B500D097-FD2E-45D9-BEF5-DDC964DFC55B}.Release|ARM.Deploy.0 = Release|ARM
		{B500D097-FD2E-45D9-BEF5-DDC964DFC55B}.Release|iPhone.ActiveCfg = Release|x86
		{B500D097-FD2E-45D9-BEF5-DDC964DFC55B}.Release|iPhone.Build.0 = Release|x86
		{B500D097-FD2E-45D9-BEF5-DDC964DFC55B}.Release|iPhone.Deploy.0 = Release|x86
		{B500D097-FD2E-45D9-BEF5-DDC964DFC55B}.Release|iPhoneSimulator.ActiveCfg = Release|x86
		{B500D097-FD2E-45D9-BEF5-DDC964DFC55B}.Release|iPhoneSimulator.Build.0 = Release|x86
		{B500D097-FD2E-45D9-BEF5-DDC964DFC55B}.Release|iPhoneSimulator.Deploy.0 = Release|x86
		{B500D097-FD2E-45D9-BEF5-DDC964DFC55B}.Release|x64.ActiveCfg = Release|x64
		{B500D097-FD2E-45D9-BEF5-DDC964DFC55B}.Release|x64.Build.0 = Release|x64
		{B500D097-FD2E-45D9-BEF5-DDC964DFC55B}.Release|x64.Deploy.0 = Release|x64
		{B500D097-FD2E-45D9-BEF5-DDC964DFC55B}.Release|x86.ActiveCfg = Release|x86
		{B500D097-FD2E-45D9-BEF5-DDC964DFC55B}.Release|x86.Build.0 = Release|x86
		{B500D097-FD2E-45D9-BEF5-DDC964DFC55B}.Release|x86.Deploy.0 = Release|x86
		{61046E1F-EF4C-4E9C-B59B-5A15B8C0760A}.Debug|Any CPU.ActiveCfg = Debug|Any CPU
		{61046E1F-EF4C-4E9C-B59B-5A15B8C0760A}.Debug|Any CPU.Build.0 = Debug|Any CPU
		{61046E1F-EF4C-4E9C-B59B-5A15B8C0760A}.Debug|Any CPU.Deploy.0 = Debug|Any CPU
		{61046E1F-EF4C-4E9C-B59B-5A15B8C0760A}.Debug|ARM.ActiveCfg = Debug|Any CPU
		{61046E1F-EF4C-4E9C-B59B-5A15B8C0760A}.Debug|ARM.Build.0 = Debug|Any CPU
		{61046E1F-EF4C-4E9C-B59B-5A15B8C0760A}.Debug|ARM.Deploy.0 = Debug|Any CPU
		{61046E1F-EF4C-4E9C-B59B-5A15B8C0760A}.Debug|iPhone.ActiveCfg = Debug|Any CPU
		{61046E1F-EF4C-4E9C-B59B-5A15B8C0760A}.Debug|iPhone.Build.0 = Debug|Any CPU
		{61046E1F-EF4C-4E9C-B59B-5A15B8C0760A}.Debug|iPhone.Deploy.0 = Debug|Any CPU
		{61046E1F-EF4C-4E9C-B59B-5A15B8C0760A}.Debug|iPhoneSimulator.ActiveCfg = Debug|Any CPU
		{61046E1F-EF4C-4E9C-B59B-5A15B8C0760A}.Debug|iPhoneSimulator.Build.0 = Debug|Any CPU
		{61046E1F-EF4C-4E9C-B59B-5A15B8C0760A}.Debug|iPhoneSimulator.Deploy.0 = Debug|Any CPU
		{61046E1F-EF4C-4E9C-B59B-5A15B8C0760A}.Debug|x64.ActiveCfg = Debug|Any CPU
		{61046E1F-EF4C-4E9C-B59B-5A15B8C0760A}.Debug|x64.Build.0 = Debug|Any CPU
		{61046E1F-EF4C-4E9C-B59B-5A15B8C0760A}.Debug|x64.Deploy.0 = Debug|Any CPU
		{61046E1F-EF4C-4E9C-B59B-5A15B8C0760A}.Debug|x86.ActiveCfg = Debug|Any CPU
		{61046E1F-EF4C-4E9C-B59B-5A15B8C0760A}.Debug|x86.Build.0 = Debug|Any CPU
		{61046E1F-EF4C-4E9C-B59B-5A15B8C0760A}.Debug|x86.Deploy.0 = Debug|Any CPU
		{61046E1F-EF4C-4E9C-B59B-5A15B8C0760A}.Release|Any CPU.ActiveCfg = Release|Any CPU
		{61046E1F-EF4C-4E9C-B59B-5A15B8C0760A}.Release|Any CPU.Build.0 = Release|Any CPU
		{61046E1F-EF4C-4E9C-B59B-5A15B8C0760A}.Release|Any CPU.Deploy.0 = Release|Any CPU
		{61046E1F-EF4C-4E9C-B59B-5A15B8C0760A}.Release|ARM.ActiveCfg = Release|Any CPU
		{61046E1F-EF4C-4E9C-B59B-5A15B8C0760A}.Release|ARM.Build.0 = Release|Any CPU
		{61046E1F-EF4C-4E9C-B59B-5A15B8C0760A}.Release|ARM.Deploy.0 = Release|Any CPU
		{61046E1F-EF4C-4E9C-B59B-5A15B8C0760A}.Release|iPhone.ActiveCfg = Release|Any CPU
		{61046E1F-EF4C-4E9C-B59B-5A15B8C0760A}.Release|iPhone.Build.0 = Release|Any CPU
		{61046E1F-EF4C-4E9C-B59B-5A15B8C0760A}.Release|iPhone.Deploy.0 = Release|Any CPU
		{61046E1F-EF4C-4E9C-B59B-5A15B8C0760A}.Release|iPhoneSimulator.ActiveCfg = Release|Any CPU
		{61046E1F-EF4C-4E9C-B59B-5A15B8C0760A}.Release|iPhoneSimulator.Build.0 = Release|Any CPU
		{61046E1F-EF4C-4E9C-B59B-5A15B8C0760A}.Release|iPhoneSimulator.Deploy.0 = Release|Any CPU
		{61046E1F-EF4C-4E9C-B59B-5A15B8C0760A}.Release|x64.ActiveCfg = Release|Any CPU
		{61046E1F-EF4C-4E9C-B59B-5A15B8C0760A}.Release|x64.Build.0 = Release|Any CPU
		{61046E1F-EF4C-4E9C-B59B-5A15B8C0760A}.Release|x64.Deploy.0 = Release|Any CPU
		{61046E1F-EF4C-4E9C-B59B-5A15B8C0760A}.Release|x86.ActiveCfg = Release|Any CPU
		{61046E1F-EF4C-4E9C-B59B-5A15B8C0760A}.Release|x86.Build.0 = Release|Any CPU
		{61046E1F-EF4C-4E9C-B59B-5A15B8C0760A}.Release|x86.Deploy.0 = Release|Any CPU
		{B80AA1B5-7E1F-44A7-AD1B-5B28C8D1A307}.Debug|Any CPU.ActiveCfg = Debug|iPhone
		{B80AA1B5-7E1F-44A7-AD1B-5B28C8D1A307}.Debug|Any CPU.Build.0 = Debug|iPhone
		{B80AA1B5-7E1F-44A7-AD1B-5B28C8D1A307}.Debug|Any CPU.Deploy.0 = Debug|iPhone
		{B80AA1B5-7E1F-44A7-AD1B-5B28C8D1A307}.Debug|ARM.ActiveCfg = Debug|iPhone
		{B80AA1B5-7E1F-44A7-AD1B-5B28C8D1A307}.Debug|ARM.Build.0 = Debug|iPhone
		{B80AA1B5-7E1F-44A7-AD1B-5B28C8D1A307}.Debug|ARM.Deploy.0 = Debug|iPhone
		{B80AA1B5-7E1F-44A7-AD1B-5B28C8D1A307}.Debug|iPhone.ActiveCfg = Debug|iPhone
		{B80AA1B5-7E1F-44A7-AD1B-5B28C8D1A307}.Debug|iPhone.Build.0 = Debug|iPhone
		{B80AA1B5-7E1F-44A7-AD1B-5B28C8D1A307}.Debug|iPhone.Deploy.0 = Debug|iPhone
		{B80AA1B5-7E1F-44A7-AD1B-5B28C8D1A307}.Debug|iPhoneSimulator.ActiveCfg = Debug|iPhoneSimulator
		{B80AA1B5-7E1F-44A7-AD1B-5B28C8D1A307}.Debug|iPhoneSimulator.Build.0 = Debug|iPhoneSimulator
		{B80AA1B5-7E1F-44A7-AD1B-5B28C8D1A307}.Debug|iPhoneSimulator.Deploy.0 = Debug|iPhoneSimulator
		{B80AA1B5-7E1F-44A7-AD1B-5B28C8D1A307}.Debug|x64.ActiveCfg = Debug|iPhone
		{B80AA1B5-7E1F-44A7-AD1B-5B28C8D1A307}.Debug|x64.Build.0 = Debug|iPhone
		{B80AA1B5-7E1F-44A7-AD1B-5B28C8D1A307}.Debug|x64.Deploy.0 = Debug|iPhone
		{B80AA1B5-7E1F-44A7-AD1B-5B28C8D1A307}.Debug|x86.ActiveCfg = Debug|iPhone
		{B80AA1B5-7E1F-44A7-AD1B-5B28C8D1A307}.Debug|x86.Build.0 = Debug|iPhone
		{B80AA1B5-7E1F-44A7-AD1B-5B28C8D1A307}.Debug|x86.Deploy.0 = Debug|iPhone
		{B80AA1B5-7E1F-44A7-AD1B-5B28C8D1A307}.Release|Any CPU.ActiveCfg = Release|iPhone
		{B80AA1B5-7E1F-44A7-AD1B-5B28C8D1A307}.Release|Any CPU.Build.0 = Release|iPhone
		{B80AA1B5-7E1F-44A7-AD1B-5B28C8D1A307}.Release|Any CPU.Deploy.0 = Release|iPhone
		{B80AA1B5-7E1F-44A7-AD1B-5B28C8D1A307}.Release|ARM.ActiveCfg = Release|iPhone
		{B80AA1B5-7E1F-44A7-AD1B-5B28C8D1A307}.Release|ARM.Build.0 = Release|iPhone
		{B80AA1B5-7E1F-44A7-AD1B-5B28C8D1A307}.Release|ARM.Deploy.0 = Release|iPhone
		{B80AA1B5-7E1F-44A7-AD1B-5B28C8D1A307}.Release|iPhone.ActiveCfg = Release|iPhone
		{B80AA1B5-7E1F-44A7-AD1B-5B28C8D1A307}.Release|iPhone.Build.0 = Release|iPhone
		{B80AA1B5-7E1F-44A7-AD1B-5B28C8D1A307}.Release|iPhone.Deploy.0 = Release|iPhone
		{B80AA1B5-7E1F-44A7-AD1B-5B28C8D1A307}.Release|iPhoneSimulator.ActiveCfg = Release|iPhoneSimulator
		{B80AA1B5-7E1F-44A7-AD1B-5B28C8D1A307}.Release|iPhoneSimulator.Build.0 = Release|iPhoneSimulator
		{B80AA1B5-7E1F-44A7-AD1B-5B28C8D1A307}.Release|iPhoneSimulator.Deploy.0 = Release|iPhoneSimulator
		{B80AA1B5-7E1F-44A7-AD1B-5B28C8D1A307}.Release|x64.ActiveCfg = Release|iPhone
		{B80AA1B5-7E1F-44A7-AD1B-5B28C8D1A307}.Release|x64.Build.0 = Release|iPhone
		{B80AA1B5-7E1F-44A7-AD1B-5B28C8D1A307}.Release|x64.Deploy.0 = Release|iPhone
		{B80AA1B5-7E1F-44A7-AD1B-5B28C8D1A307}.Release|x86.ActiveCfg = Release|iPhone
		{B80AA1B5-7E1F-44A7-AD1B-5B28C8D1A307}.Release|x86.Build.0 = Release|iPhone
		{B80AA1B5-7E1F-44A7-AD1B-5B28C8D1A307}.Release|x86.Deploy.0 = Release|iPhone
		{1CD5797D-2C48-47BC-8D65-0CC227863EF3}.Debug|Any CPU.ActiveCfg = Debug|Any CPU
		{1CD5797D-2C48-47BC-8D65-0CC227863EF3}.Debug|Any CPU.Build.0 = Debug|Any CPU
		{1CD5797D-2C48-47BC-8D65-0CC227863EF3}.Debug|Any CPU.Deploy.0 = Debug|Any CPU
		{1CD5797D-2C48-47BC-8D65-0CC227863EF3}.Debug|ARM.ActiveCfg = Debug|Any CPU
		{1CD5797D-2C48-47BC-8D65-0CC227863EF3}.Debug|ARM.Build.0 = Debug|Any CPU
		{1CD5797D-2C48-47BC-8D65-0CC227863EF3}.Debug|ARM.Deploy.0 = Debug|Any CPU
		{1CD5797D-2C48-47BC-8D65-0CC227863EF3}.Debug|iPhone.ActiveCfg = Debug|Any CPU
		{1CD5797D-2C48-47BC-8D65-0CC227863EF3}.Debug|iPhone.Build.0 = Debug|Any CPU
		{1CD5797D-2C48-47BC-8D65-0CC227863EF3}.Debug|iPhone.Deploy.0 = Debug|Any CPU
		{1CD5797D-2C48-47BC-8D65-0CC227863EF3}.Debug|iPhoneSimulator.ActiveCfg = Debug|Any CPU
		{1CD5797D-2C48-47BC-8D65-0CC227863EF3}.Debug|iPhoneSimulator.Build.0 = Debug|Any CPU
		{1CD5797D-2C48-47BC-8D65-0CC227863EF3}.Debug|iPhoneSimulator.Deploy.0 = Debug|Any CPU
		{1CD5797D-2C48-47BC-8D65-0CC227863EF3}.Debug|x64.ActiveCfg = Debug|Any CPU
		{1CD5797D-2C48-47BC-8D65-0CC227863EF3}.Debug|x64.Build.0 = Debug|Any CPU
		{1CD5797D-2C48-47BC-8D65-0CC227863EF3}.Debug|x64.Deploy.0 = Debug|Any CPU
		{1CD5797D-2C48-47BC-8D65-0CC227863EF3}.Debug|x86.ActiveCfg = Debug|Any CPU
		{1CD5797D-2C48-47BC-8D65-0CC227863EF3}.Debug|x86.Build.0 = Debug|Any CPU
		{1CD5797D-2C48-47BC-8D65-0CC227863EF3}.Debug|x86.Deploy.0 = Debug|Any CPU
		{1CD5797D-2C48-47BC-8D65-0CC227863EF3}.Release|Any CPU.ActiveCfg = Release|Any CPU
		{1CD5797D-2C48-47BC-8D65-0CC227863EF3}.Release|Any CPU.Build.0 = Release|Any CPU
		{1CD5797D-2C48-47BC-8D65-0CC227863EF3}.Release|Any CPU.Deploy.0 = Release|Any CPU
		{1CD5797D-2C48-47BC-8D65-0CC227863EF3}.Release|ARM.ActiveCfg = Release|Any CPU
		{1CD5797D-2C48-47BC-8D65-0CC227863EF3}.Release|ARM.Build.0 = Release|Any CPU
		{1CD5797D-2C48-47BC-8D65-0CC227863EF3}.Release|ARM.Deploy.0 = Release|Any CPU
		{1CD5797D-2C48-47BC-8D65-0CC227863EF3}.Release|iPhone.ActiveCfg = Release|Any CPU
		{1CD5797D-2C48-47BC-8D65-0CC227863EF3}.Release|iPhone.Build.0 = Release|Any CPU
		{1CD5797D-2C48-47BC-8D65-0CC227863EF3}.Release|iPhone.Deploy.0 = Release|Any CPU
		{1CD5797D-2C48-47BC-8D65-0CC227863EF3}.Release|iPhoneSimulator.ActiveCfg = Release|Any CPU
		{1CD5797D-2C48-47BC-8D65-0CC227863EF3}.Release|iPhoneSimulator.Build.0 = Release|Any CPU
		{1CD5797D-2C48-47BC-8D65-0CC227863EF3}.Release|iPhoneSimulator.Deploy.0 = Release|Any CPU
		{1CD5797D-2C48-47BC-8D65-0CC227863EF3}.Release|x64.ActiveCfg = Release|Any CPU
		{1CD5797D-2C48-47BC-8D65-0CC227863EF3}.Release|x64.Build.0 = Release|Any CPU
		{1CD5797D-2C48-47BC-8D65-0CC227863EF3}.Release|x64.Deploy.0 = Release|Any CPU
		{1CD5797D-2C48-47BC-8D65-0CC227863EF3}.Release|x86.ActiveCfg = Release|Any CPU
		{1CD5797D-2C48-47BC-8D65-0CC227863EF3}.Release|x86.Build.0 = Release|Any CPU
		{1CD5797D-2C48-47BC-8D65-0CC227863EF3}.Release|x86.Deploy.0 = Release|Any CPU
	EndGlobalSection
	GlobalSection(SolutionProperties) = preSolution
		HideSolutionNode = FALSE
	EndGlobalSection
	GlobalSection(ExtensibilityGlobals) = postSolution
		SolutionGuid = {0EB5487F-6974-42DD-A813-BE518272992E}
	EndGlobalSection
EndGlobal
