
Microsoft Visual Studio Solution File, Format Version 12.00
# Visual Studio Version 16
VisualStudioVersion = 16.0.30413.136
MinimumVisualStudioVersion = 10.0.40219.1
Project("{FAE04EC0-301F-11D3-BF4B-00C04F79EFBC}") = "Layouts.UWP", "Layouts\Layouts.UWP\Layouts.UWP.csproj", "{217E710E-911E-42E1-817A-13F68851BB04}"
EndProject
Project("{FAE04EC0-301F-11D3-BF4B-00C04F79EFBC}") = "Layouts.Android", "Layouts\Layouts.Android\Layouts.Android.csproj", "{26B1E2D2-4B63-4648-865A-0B66D4ECAACB}"
EndProject
Project("{FAE04EC0-301F-11D3-BF4B-00C04F79EFBC}") = "Layouts.iOS", "Layouts\Layouts.iOS\Layouts.iOS.csproj", "{77C21D04-2B46-43CA-9EF5-63F6BABF7E3C}"
EndProject
Project("{FAE04EC0-301F-11D3-BF4B-00C04F79EFBC}") = "Layouts", "Layouts\Layouts\Layouts.csproj", "{8F174E6A-4BEE-48F9-9AB3-0F12B01076D2}"
EndProject
Global
	GlobalSection(SolutionConfigurationPlatforms) = preSolution
		Debug|Any CPU = Debug|Any CPU
		Debug|ARM = Debug|ARM
		Debug|iPhone = Debug|iPhone
		Debug|iPhoneSimulator = Debug|iPhoneSimulator
		Debug|x64 = Debug|x64
		Debug|x86 = Debug|x86
		Release|Any CPU = Release|Any CPU
		Release|ARM = Release|ARM
		Release|iPhone = Release|iPhone
		Release|iPhoneSimulator = Release|iPhoneSimulator
		Release|x64 = Release|x64
		Release|x86 = Release|x86
	EndGlobalSection
	GlobalSection(ProjectConfigurationPlatforms) = postSolution
		{217E710E-911E-42E1-817A-13F68851BB04}.Debug|Any CPU.ActiveCfg = Debug|x86
		{217E710E-911E-42E1-817A-13F68851BB04}.Debug|Any CPU.Build.0 = Debug|x86
		{217E710E-911E-42E1-817A-13F68851BB04}.Debug|Any CPU.Deploy.0 = Debug|x86
		{217E710E-911E-42E1-817A-13F68851BB04}.Debug|ARM.ActiveCfg = Debug|ARM
		{217E710E-911E-42E1-817A-13F68851BB04}.Debug|ARM.Build.0 = Debug|ARM
		{217E710E-911E-42E1-817A-13F68851BB04}.Debug|ARM.Deploy.0 = Debug|ARM
		{217E710E-911E-42E1-817A-13F68851BB04}.Debug|iPhone.ActiveCfg = Debug|x86
		{217E710E-911E-42E1-817A-13F68851BB04}.Debug|iPhone.Build.0 = Debug|x86
		{217E710E-911E-42E1-817A-13F68851BB04}.Debug|iPhone.Deploy.0 = Debug|x86
		{217E710E-911E-42E1-817A-13F68851BB04}.Debug|iPhoneSimulator.ActiveCfg = Debug|x86
		{217E710E-911E-42E1-817A-13F68851BB04}.Debug|iPhoneSimulator.Build.0 = Debug|x86
		{217E710E-911E-42E1-817A-13F68851BB04}.Debug|iPhoneSimulator.Deploy.0 = Debug|x86
		{217E710E-911E-42E1-817A-13F68851BB04}.Debug|x64.ActiveCfg = Debug|x64
		{217E710E-911E-42E1-817A-13F68851BB04}.Debug|x64.Build.0 = Debug|x64
		{217E710E-911E-42E1-817A-13F68851BB04}.Debug|x64.Deploy.0 = Debug|x64
		{217E710E-911E-42E1-817A-13F68851BB04}.Debug|x86.ActiveCfg = Debug|x86
		{217E710E-911E-42E1-817A-13F68851BB04}.Debug|x86.Build.0 = Debug|x86
		{217E710E-911E-42E1-817A-13F68851BB04}.Debug|x86.Deploy.0 = Debug|x86
		{217E710E-911E-42E1-817A-13F68851BB04}.Release|Any CPU.ActiveCfg = Release|x86
		{217E710E-911E-42E1-817A-13F68851BB04}.Release|Any CPU.Build.0 = Release|x86
		{217E710E-911E-42E1-817A-13F68851BB04}.Release|Any CPU.Deploy.0 = Release|x86
		{217E710E-911E-42E1-817A-13F68851BB04}.Release|ARM.ActiveCfg = Release|ARM
		{217E710E-911E-42E1-817A-13F68851BB04}.Release|ARM.Build.0 = Release|ARM
		{217E710E-911E-42E1-817A-13F68851BB04}.Release|ARM.Deploy.0 = Release|ARM
		{217E710E-911E-42E1-817A-13F68851BB04}.Release|iPhone.ActiveCfg = Release|x86
		{217E710E-911E-42E1-817A-13F68851BB04}.Release|iPhone.Build.0 = Release|x86
		{217E710E-911E-42E1-817A-13F68851BB04}.Release|iPhone.Deploy.0 = Release|x86
		{217E710E-911E-42E1-817A-13F68851BB04}.Release|iPhoneSimulator.ActiveCfg = Release|x86
		{217E710E-911E-42E1-817A-13F68851BB04}.Release|iPhoneSimulator.Build.0 = Release|x86
		{217E710E-911E-42E1-817A-13F68851BB04}.Release|iPhoneSimulator.Deploy.0 = Release|x86
		{217E710E-911E-42E1-817A-13F68851BB04}.Release|x64.ActiveCfg = Release|x64
		{217E710E-911E-42E1-817A-13F68851BB04}.Release|x64.Build.0 = Release|x64
		{217E710E-911E-42E1-817A-13F68851BB04}.Release|x64.Deploy.0 = Release|x64
		{217E710E-911E-42E1-817A-13F68851BB04}.Release|x86.ActiveCfg = Release|x86
		{217E710E-911E-42E1-817A-13F68851BB04}.Release|x86.Build.0 = Release|x86
		{217E710E-911E-42E1-817A-13F68851BB04}.Release|x86.Deploy.0 = Release|x86
		{26B1E2D2-4B63-4648-865A-0B66D4ECAACB}.Debug|Any CPU.ActiveCfg = Debug|Any CPU
		{26B1E2D2-4B63-4648-865A-0B66D4ECAACB}.Debug|Any CPU.Build.0 = Debug|Any CPU
		{26B1E2D2-4B63-4648-865A-0B66D4ECAACB}.Debug|Any CPU.Deploy.0 = Debug|Any CPU
		{26B1E2D2-4B63-4648-865A-0B66D4ECAACB}.Debug|ARM.ActiveCfg = Debug|Any CPU
		{26B1E2D2-4B63-4648-865A-0B66D4ECAACB}.Debug|ARM.Build.0 = Debug|Any CPU
		{26B1E2D2-4B63-4648-865A-0B66D4ECAACB}.Debug|ARM.Deploy.0 = Debug|Any CPU
		{26B1E2D2-4B63-4648-865A-0B66D4ECAACB}.Debug|iPhone.ActiveCfg = Debug|Any CPU
		{26B1E2D2-4B63-4648-865A-0B66D4ECAACB}.Debug|iPhone.Build.0 = Debug|Any CPU
		{26B1E2D2-4B63-4648-865A-0B66D4ECAACB}.Debug|iPhone.Deploy.0 = Debug|Any CPU
		{26B1E2D2-4B63-4648-865A-0B66D4ECAACB}.Debug|iPhoneSimulator.ActiveCfg = Debug|Any CPU
		{26B1E2D2-4B63-4648-865A-0B66D4ECAACB}.Debug|iPhoneSimulator.Build.0 = Debug|Any CPU
		{26B1E2D2-4B63-4648-865A-0B66D4ECAACB}.Debug|iPhoneSimulator.Deploy.0 = Debug|Any CPU
		{26B1E2D2-4B63-4648-865A-0B66D4ECAACB}.Debug|x64.ActiveCfg = Debug|Any CPU
		{26B1E2D2-4B63-4648-865A-0B66D4ECAACB}.Debug|x64.Build.0 = Debug|Any CPU
		{26B1E2D2-4B63-4648-865A-0B66D4ECAACB}.Debug|x64.Deploy.0 = Debug|Any CPU
		{26B1E2D2-4B63-4648-865A-0B66D4ECAACB}.Debug|x86.ActiveCfg = Debug|Any CPU
		{26B1E2D2-4B63-4648-865A-0B66D4ECAACB}.Debug|x86.Build.0 = Debug|Any CPU
		{26B1E2D2-4B63-4648-865A-0B66D4ECAACB}.Debug|x86.Deploy.0 = Debug|Any CPU
		{26B1E2D2-4B63-4648-865A-0B66D4ECAACB}.Release|Any CPU.ActiveCfg = Release|Any CPU
		{26B1E2D2-4B63-4648-865A-0B66D4ECAACB}.Release|Any CPU.Build.0 = Release|Any CPU
		{26B1E2D2-4B63-4648-865A-0B66D4ECAACB}.Release|Any CPU.Deploy.0 = Release|Any CPU
		{26B1E2D2-4B63-4648-865A-0B66D4ECAACB}.Release|ARM.ActiveCfg = Release|Any CPU
		{26B1E2D2-4B63-4648-865A-0B66D4ECAACB}.Release|ARM.Build.0 = Release|Any CPU
		{26B1E2D2-4B63-4648-865A-0B66D4ECAACB}.Release|ARM.Deploy.0 = Release|Any CPU
		{26B1E2D2-4B63-4648-865A-0B66D4ECAACB}.Release|iPhone.ActiveCfg = Release|Any CPU
		{26B1E2D2-4B63-4648-865A-0B66D4ECAACB}.Release|iPhone.Build.0 = Release|Any CPU
		{26B1E2D2-4B63-4648-865A-0B66D4ECAACB}.Release|iPhone.Deploy.0 = Release|Any CPU
		{26B1E2D2-4B63-4648-865A-0B66D4ECAACB}.Release|iPhoneSimulator.ActiveCfg = Release|Any CPU
		{26B1E2D2-4B63-4648-865A-0B66D4ECAACB}.Release|iPhoneSimulator.Build.0 = Release|Any CPU
		{26B1E2D2-4B63-4648-865A-0B66D4ECAACB}.Release|iPhoneSimulator.Deploy.0 = Release|Any CPU
		{26B1E2D2-4B63-4648-865A-0B66D4ECAACB}.Release|x64.ActiveCfg = Release|Any CPU
		{26B1E2D2-4B63-4648-865A-0B66D4ECAACB}.Release|x64.Build.0 = Release|Any CPU
		{26B1E2D2-4B63-4648-865A-0B66D4ECAACB}.Release|x64.Deploy.0 = Release|Any CPU
		{26B1E2D2-4B63-4648-865A-0B66D4ECAACB}.Release|x86.ActiveCfg = Release|Any CPU
		{26B1E2D2-4B63-4648-865A-0B66D4ECAACB}.Release|x86.Build.0 = Release|Any CPU
		{26B1E2D2-4B63-4648-865A-0B66D4ECAACB}.Release|x86.Deploy.0 = Release|Any CPU
		{77C21D04-2B46-43CA-9EF5-63F6BABF7E3C}.Debug|Any CPU.ActiveCfg = Debug|iPhone
		{77C21D04-2B46-43CA-9EF5-63F6BABF7E3C}.Debug|Any CPU.Build.0 = Debug|iPhone
		{77C21D04-2B46-43CA-9EF5-63F6BABF7E3C}.Debug|Any CPU.Deploy.0 = Debug|iPhone
		{77C21D04-2B46-43CA-9EF5-63F6BABF7E3C}.Debug|ARM.ActiveCfg = Debug|iPhone
		{77C21D04-2B46-43CA-9EF5-63F6BABF7E3C}.Debug|ARM.Build.0 = Debug|iPhone
		{77C21D04-2B46-43CA-9EF5-63F6BABF7E3C}.Debug|ARM.Deploy.0 = Debug|iPhone
		{77C21D04-2B46-43CA-9EF5-63F6BABF7E3C}.Debug|iPhone.ActiveCfg = Debug|iPhone
		{77C21D04-2B46-43CA-9EF5-63F6BABF7E3C}.Debug|iPhone.Build.0 = Debug|iPhone
		{77C21D04-2B46-43CA-9EF5-63F6BABF7E3C}.Debug|iPhone.Deploy.0 = Debug|iPhone
		{77C21D04-2B46-43CA-9EF5-63F6BABF7E3C}.Debug|iPhoneSimulator.ActiveCfg = Debug|iPhoneSimulator
		{77C21D04-2B46-43CA-9EF5-63F6BABF7E3C}.Debug|iPhoneSimulator.Build.0 = Debug|iPhoneSimulator
		{77C21D04-2B46-43CA-9EF5-63F6BABF7E3C}.Debug|iPhoneSimulator.Deploy.0 = Debug|iPhoneSimulator
		{77C21D04-2B46-43CA-9EF5-63F6BABF7E3C}.Debug|x64.ActiveCfg = Debug|iPhone
		{77C21D04-2B46-43CA-9EF5-63F6BABF7E3C}.Debug|x64.Build.0 = Debug|iPhone
		{77C21D04-2B46-43CA-9EF5-63F6BABF7E3C}.Debug|x64.Deploy.0 = Debug|iPhone
		{77C21D04-2B46-43CA-9EF5-63F6BABF7E3C}.Debug|x86.ActiveCfg = Debug|iPhone
		{77C21D04-2B46-43CA-9EF5-63F6BABF7E3C}.Debug|x86.Build.0 = Debug|iPhone
		{77C21D04-2B46-43CA-9EF5-63F6BABF7E3C}.Debug|x86.Deploy.0 = Debug|iPhone
		{77C21D04-2B46-43CA-9EF5-63F6BABF7E3C}.Release|Any CPU.ActiveCfg = Release|iPhone
		{77C21D04-2B46-43CA-9EF5-63F6BABF7E3C}.Release|Any CPU.Build.0 = Release|iPhone
		{77C21D04-2B46-43CA-9EF5-63F6BABF7E3C}.Release|Any CPU.Deploy.0 = Release|iPhone
		{77C21D04-2B46-43CA-9EF5-63F6BABF7E3C}.Release|ARM.ActiveCfg = Release|iPhone
		{77C21D04-2B46-43CA-9EF5-63F6BABF7E3C}.Release|ARM.Build.0 = Release|iPhone
		{77C21D04-2B46-43CA-9EF5-63F6BABF7E3C}.Release|ARM.Deploy.0 = Release|iPhone
		{77C21D04-2B46-43CA-9EF5-63F6BABF7E3C}.Release|iPhone.ActiveCfg = Release|iPhone
		{77C21D04-2B46-43CA-9EF5-63F6BABF7E3C}.Release|iPhone.Build.0 = Release|iPhone
		{77C21D04-2B46-43CA-9EF5-63F6BABF7E3C}.Release|iPhone.Deploy.0 = Release|iPhone
		{77C21D04-2B46-43CA-9EF5-63F6BABF7E3C}.Release|iPhoneSimulator.ActiveCfg = Release|iPhoneSimulator
		{77C21D04-2B46-43CA-9EF5-63F6BABF7E3C}.Release|iPhoneSimulator.Build.0 = Release|iPhoneSimulator
		{77C21D04-2B46-43CA-9EF5-63F6BABF7E3C}.Release|iPhoneSimulator.Deploy.0 = Release|iPhoneSimulator
		{77C21D04-2B46-43CA-9EF5-63F6BABF7E3C}.Release|x64.ActiveCfg = Release|iPhone
		{77C21D04-2B46-43CA-9EF5-63F6BABF7E3C}.Release|x64.Build.0 = Release|iPhone
		{77C21D04-2B46-43CA-9EF5-63F6BABF7E3C}.Release|x64.Deploy.0 = Release|iPhone
		{77C21D04-2B46-43CA-9EF5-63F6BABF7E3C}.Release|x86.ActiveCfg = Release|iPhone
		{77C21D04-2B46-43CA-9EF5-63F6BABF7E3C}.Release|x86.Build.0 = Release|iPhone
		{77C21D04-2B46-43CA-9EF5-63F6BABF7E3C}.Release|x86.Deploy.0 = Release|iPhone
		{8F174E6A-4BEE-48F9-9AB3-0F12B01076D2}.Debug|Any CPU.ActiveCfg = Debug|Any CPU
		{8F174E6A-4BEE-48F9-9AB3-0F12B01076D2}.Debug|Any CPU.Build.0 = Debug|Any CPU
		{8F174E6A-4BEE-48F9-9AB3-0F12B01076D2}.Debug|Any CPU.Deploy.0 = Debug|Any CPU
		{8F174E6A-4BEE-48F9-9AB3-0F12B01076D2}.Debug|ARM.ActiveCfg = Debug|Any CPU
		{8F174E6A-4BEE-48F9-9AB3-0F12B01076D2}.Debug|ARM.Build.0 = Debug|Any CPU
		{8F174E6A-4BEE-48F9-9AB3-0F12B01076D2}.Debug|ARM.Deploy.0 = Debug|Any CPU
		{8F174E6A-4BEE-48F9-9AB3-0F12B01076D2}.Debug|iPhone.ActiveCfg = Debug|Any CPU
		{8F174E6A-4BEE-48F9-9AB3-0F12B01076D2}.Debug|iPhone.Build.0 = Debug|Any CPU
		{8F174E6A-4BEE-48F9-9AB3-0F12B01076D2}.Debug|iPhone.Deploy.0 = Debug|Any CPU
		{8F174E6A-4BEE-48F9-9AB3-0F12B01076D2}.Debug|iPhoneSimulator.ActiveCfg = Debug|Any CPU
		{8F174E6A-4BEE-48F9-9AB3-0F12B01076D2}.Debug|iPhoneSimulator.Build.0 = Debug|Any CPU
		{8F174E6A-4BEE-48F9-9AB3-0F12B01076D2}.Debug|iPhoneSimulator.Deploy.0 = Debug|Any CPU
		{8F174E6A-4BEE-48F9-9AB3-0F12B01076D2}.Debug|x64.ActiveCfg = Debug|Any CPU
		{8F174E6A-4BEE-48F9-9AB3-0F12B01076D2}.Debug|x64.Build.0 = Debug|Any CPU
		{8F174E6A-4BEE-48F9-9AB3-0F12B01076D2}.Debug|x64.Deploy.0 = Debug|Any CPU
		{8F174E6A-4BEE-48F9-9AB3-0F12B01076D2}.Debug|x86.ActiveCfg = Debug|Any CPU
		{8F174E6A-4BEE-48F9-9AB3-0F12B01076D2}.Debug|x86.Build.0 = Debug|Any CPU
		{8F174E6A-4BEE-48F9-9AB3-0F12B01076D2}.Debug|x86.Deploy.0 = Debug|Any CPU
		{8F174E6A-4BEE-48F9-9AB3-0F12B01076D2}.Release|Any CPU.ActiveCfg = Release|Any CPU
		{8F174E6A-4BEE-48F9-9AB3-0F12B01076D2}.Release|Any CPU.Build.0 = Release|Any CPU
		{8F174E6A-4BEE-48F9-9AB3-0F12B01076D2}.Release|Any CPU.Deploy.0 = Release|Any CPU
		{8F174E6A-4BEE-48F9-9AB3-0F12B01076D2}.Release|ARM.ActiveCfg = Release|Any CPU
		{8F174E6A-4BEE-48F9-9AB3-0F12B01076D2}.Release|ARM.Build.0 = Release|Any CPU
		{8F174E6A-4BEE-48F9-9AB3-0F12B01076D2}.Release|ARM.Deploy.0 = Release|Any CPU
		{8F174E6A-4BEE-48F9-9AB3-0F12B01076D2}.Release|iPhone.ActiveCfg = Release|Any CPU
		{8F174E6A-4BEE-48F9-9AB3-0F12B01076D2}.Release|iPhone.Build.0 = Release|Any CPU
		{8F174E6A-4BEE-48F9-9AB3-0F12B01076D2}.Release|iPhone.Deploy.0 = Release|Any CPU
		{8F174E6A-4BEE-48F9-9AB3-0F12B01076D2}.Release|iPhoneSimulator.ActiveCfg = Release|Any CPU
		{8F174E6A-4BEE-48F9-9AB3-0F12B01076D2}.Release|iPhoneSimulator.Build.0 = Release|Any CPU
		{8F174E6A-4BEE-48F9-9AB3-0F12B01076D2}.Release|iPhoneSimulator.Deploy.0 = Release|Any CPU
		{8F174E6A-4BEE-48F9-9AB3-0F12B01076D2}.Release|x64.ActiveCfg = Release|Any CPU
		{8F174E6A-4BEE-48F9-9AB3-0F12B01076D2}.Release|x64.Build.0 = Release|Any CPU
		{8F174E6A-4BEE-48F9-9AB3-0F12B01076D2}.Release|x64.Deploy.0 = Release|Any CPU
		{8F174E6A-4BEE-48F9-9AB3-0F12B01076D2}.Release|x86.ActiveCfg = Release|Any CPU
		{8F174E6A-4BEE-48F9-9AB3-0F12B01076D2}.Release|x86.Build.0 = Release|Any CPU
		{8F174E6A-4BEE-48F9-9AB3-0F12B01076D2}.Release|x86.Deploy.0 = Release|Any CPU
	EndGlobalSection
	GlobalSection(SolutionProperties) = preSolution
		HideSolutionNode = FALSE
	EndGlobalSection
	GlobalSection(ExtensibilityGlobals) = postSolution
		SolutionGuid = {003E6FAB-E97F-49D2-8F55-963773444DE8}
	EndGlobalSection
EndGlobal
