
Microsoft Visual Studio Solution File, Format Version 12.00
# Visual Studio Version 16
VisualStudioVersion = 16.0.30413.136
MinimumVisualStudioVersion = 10.0.40219.1
Project("{FAE04EC0-301F-11D3-BF4B-00C04F79EFBC}") = "Brushes.UWP", "Brushes\Brushes.UWP\Brushes.UWP.csproj", "{B4215ACE-24BB-4819-B55E-43E0FE4E6314}"
EndProject
Project("{FAE04EC0-301F-11D3-BF4B-00C04F79EFBC}") = "Brushes.Android", "Brushes\Brushes.Android\Brushes.Android.csproj", "{D6B31F7A-8C18-4AFE-8CB7-B863B2AEE35D}"
EndProject
Project("{FAE04EC0-301F-11D3-BF4B-00C04F79EFBC}") = "Brushes.iOS", "Brushes\Brushes.iOS\Brushes.iOS.csproj", "{D94DE592-D3BF-491C-A9A4-2094BE6CBFC0}"
EndProject
Project("{FAE04EC0-301F-11D3-BF4B-00C04F79EFBC}") = "Brushes", "Brushes\Brushes\Brushes.csproj", "{FC5AA486-F4B5-4027-98CF-8D0502814C65}"
EndProject
Global
	GlobalSection(SolutionConfigurationPlatforms) = preSolution
		Debug|Any CPU = Debug|Any CPU
		Debug|ARM = Debug|ARM
		Debug|iPhone = Debug|iPhone
		Debug|iPhoneSimulator = Debug|iPhoneSimulator
		Debug|x64 = Debug|x64
		Debug|x86 = Debug|x86
		Release|Any CPU = Release|Any CPU
		Release|ARM = Release|ARM
		Release|iPhone = Release|iPhone
		Release|iPhoneSimulator = Release|iPhoneSimulator
		Release|x64 = Release|x64
		Release|x86 = Release|x86
	EndGlobalSection
	GlobalSection(ProjectConfigurationPlatforms) = postSolution
		{B4215ACE-24BB-4819-B55E-43E0FE4E6314}.Debug|Any CPU.ActiveCfg = Debug|x86
		{B4215ACE-24BB-4819-B55E-43E0FE4E6314}.Debug|Any CPU.Build.0 = Debug|x86
		{B4215ACE-24BB-4819-B55E-43E0FE4E6314}.Debug|Any CPU.Deploy.0 = Debug|x86
		{B4215ACE-24BB-4819-B55E-43E0FE4E6314}.Debug|ARM.ActiveCfg = Debug|ARM
		{B4215ACE-24BB-4819-B55E-43E0FE4E6314}.Debug|ARM.Build.0 = Debug|ARM
		{B4215ACE-24BB-4819-B55E-43E0FE4E6314}.Debug|ARM.Deploy.0 = Debug|ARM
		{B4215ACE-24BB-4819-B55E-43E0FE4E6314}.Debug|iPhone.ActiveCfg = Debug|x86
		{B4215ACE-24BB-4819-B55E-43E0FE4E6314}.Debug|iPhone.Build.0 = Debug|x86
		{B4215ACE-24BB-4819-B55E-43E0FE4E6314}.Debug|iPhone.Deploy.0 = Debug|x86
		{B4215ACE-24BB-4819-B55E-43E0FE4E6314}.Debug|iPhoneSimulator.ActiveCfg = Debug|x86
		{B4215ACE-24BB-4819-B55E-43E0FE4E6314}.Debug|iPhoneSimulator.Build.0 = Debug|x86
		{B4215ACE-24BB-4819-B55E-43E0FE4E6314}.Debug|iPhoneSimulator.Deploy.0 = Debug|x86
		{B4215ACE-24BB-4819-B55E-43E0FE4E6314}.Debug|x64.ActiveCfg = Debug|x64
		{B4215ACE-24BB-4819-B55E-43E0FE4E6314}.Debug|x64.Build.0 = Debug|x64
		{B4215ACE-24BB-4819-B55E-43E0FE4E6314}.Debug|x64.Deploy.0 = Debug|x64
		{B4215ACE-24BB-4819-B55E-43E0FE4E6314}.Debug|x86.ActiveCfg = Debug|x86
		{B4215ACE-24BB-4819-B55E-43E0FE4E6314}.Debug|x86.Build.0 = Debug|x86
		{B4215ACE-24BB-4819-B55E-43E0FE4E6314}.Debug|x86.Deploy.0 = Debug|x86
		{B4215ACE-24BB-4819-B55E-43E0FE4E6314}.Release|Any CPU.ActiveCfg = Release|x86
		{B4215ACE-24BB-4819-B55E-43E0FE4E6314}.Release|Any CPU.Build.0 = Release|x86
		{B4215ACE-24BB-4819-B55E-43E0FE4E6314}.Release|Any CPU.Deploy.0 = Release|x86
		{B4215ACE-24BB-4819-B55E-43E0FE4E6314}.Release|ARM.ActiveCfg = Release|ARM
		{B4215ACE-24BB-4819-B55E-43E0FE4E6314}.Release|ARM.Build.0 = Release|ARM
		{B4215ACE-24BB-4819-B55E-43E0FE4E6314}.Release|ARM.Deploy.0 = Release|ARM
		{B4215ACE-24BB-4819-B55E-43E0FE4E6314}.Release|iPhone.ActiveCfg = Release|x86
		{B4215ACE-24BB-4819-B55E-43E0FE4E6314}.Release|iPhone.Build.0 = Release|x86
		{B4215ACE-24BB-4819-B55E-43E0FE4E6314}.Release|iPhone.Deploy.0 = Release|x86
		{B4215ACE-24BB-4819-B55E-43E0FE4E6314}.Release|iPhoneSimulator.ActiveCfg = Release|x86
		{B4215ACE-24BB-4819-B55E-43E0FE4E6314}.Release|iPhoneSimulator.Build.0 = Release|x86
		{B4215ACE-24BB-4819-B55E-43E0FE4E6314}.Release|iPhoneSimulator.Deploy.0 = Release|x86
		{B4215ACE-24BB-4819-B55E-43E0FE4E6314}.Release|x64.ActiveCfg = Release|x64
		{B4215ACE-24BB-4819-B55E-43E0FE4E6314}.Release|x64.Build.0 = Release|x64
		{B4215ACE-24BB-4819-B55E-43E0FE4E6314}.Release|x64.Deploy.0 = Release|x64
		{B4215ACE-24BB-4819-B55E-43E0FE4E6314}.Release|x86.ActiveCfg = Release|x86
		{B4215ACE-24BB-4819-B55E-43E0FE4E6314}.Release|x86.Build.0 = Release|x86
		{B4215ACE-24BB-4819-B55E-43E0FE4E6314}.Release|x86.Deploy.0 = Release|x86
		{D6B31F7A-8C18-4AFE-8CB7-B863B2AEE35D}.Debug|Any CPU.ActiveCfg = Debug|Any CPU
		{D6B31F7A-8C18-4AFE-8CB7-B863B2AEE35D}.Debug|Any CPU.Build.0 = Debug|Any CPU
		{D6B31F7A-8C18-4AFE-8CB7-B863B2AEE35D}.Debug|Any CPU.Deploy.0 = Debug|Any CPU
		{D6B31F7A-8C18-4AFE-8CB7-B863B2AEE35D}.Debug|ARM.ActiveCfg = Debug|Any CPU
		{D6B31F7A-8C18-4AFE-8CB7-B863B2AEE35D}.Debug|ARM.Build.0 = Debug|Any CPU
		{D6B31F7A-8C18-4AFE-8CB7-B863B2AEE35D}.Debug|ARM.Deploy.0 = Debug|Any CPU
		{D6B31F7A-8C18-4AFE-8CB7-B863B2AEE35D}.Debug|iPhone.ActiveCfg = Debug|Any CPU
		{D6B31F7A-8C18-4AFE-8CB7-B863B2AEE35D}.Debug|iPhone.Build.0 = Debug|Any CPU
		{D6B31F7A-8C18-4AFE-8CB7-B863B2AEE35D}.Debug|iPhone.Deploy.0 = Debug|Any CPU
		{D6B31F7A-8C18-4AFE-8CB7-B863B2AEE35D}.Debug|iPhoneSimulator.ActiveCfg = Debug|Any CPU
		{D6B31F7A-8C18-4AFE-8CB7-B863B2AEE35D}.Debug|iPhoneSimulator.Build.0 = Debug|Any CPU
		{D6B31F7A-8C18-4AFE-8CB7-B863B2AEE35D}.Debug|iPhoneSimulator.Deploy.0 = Debug|Any CPU
		{D6B31F7A-8C18-4AFE-8CB7-B863B2AEE35D}.Debug|x64.ActiveCfg = Debug|Any CPU
		{D6B31F7A-8C18-4AFE-8CB7-B863B2AEE35D}.Debug|x64.Build.0 = Debug|Any CPU
		{D6B31F7A-8C18-4AFE-8CB7-B863B2AEE35D}.Debug|x64.Deploy.0 = Debug|Any CPU
		{D6B31F7A-8C18-4AFE-8CB7-B863B2AEE35D}.Debug|x86.ActiveCfg = Debug|Any CPU
		{D6B31F7A-8C18-4AFE-8CB7-B863B2AEE35D}.Debug|x86.Build.0 = Debug|Any CPU
		{D6B31F7A-8C18-4AFE-8CB7-B863B2AEE35D}.Debug|x86.Deploy.0 = Debug|Any CPU
		{D6B31F7A-8C18-4AFE-8CB7-B863B2AEE35D}.Release|Any CPU.ActiveCfg = Release|Any CPU
		{D6B31F7A-8C18-4AFE-8CB7-B863B2AEE35D}.Release|Any CPU.Build.0 = Release|Any CPU
		{D6B31F7A-8C18-4AFE-8CB7-B863B2AEE35D}.Release|Any CPU.Deploy.0 = Release|Any CPU
		{D6B31F7A-8C18-4AFE-8CB7-B863B2AEE35D}.Release|ARM.ActiveCfg = Release|Any CPU
		{D6B31F7A-8C18-4AFE-8CB7-B863B2AEE35D}.Release|ARM.Build.0 = Release|Any CPU
		{D6B31F7A-8C18-4AFE-8CB7-B863B2AEE35D}.Release|ARM.Deploy.0 = Release|Any CPU
		{D6B31F7A-8C18-4AFE-8CB7-B863B2AEE35D}.Release|iPhone.ActiveCfg = Release|Any CPU
		{D6B31F7A-8C18-4AFE-8CB7-B863B2AEE35D}.Release|iPhone.Build.0 = Release|Any CPU
		{D6B31F7A-8C18-4AFE-8CB7-B863B2AEE35D}.Release|iPhone.Deploy.0 = Release|Any CPU
		{D6B31F7A-8C18-4AFE-8CB7-B863B2AEE35D}.Release|iPhoneSimulator.ActiveCfg = Release|Any CPU
		{D6B31F7A-8C18-4AFE-8CB7-B863B2AEE35D}.Release|iPhoneSimulator.Build.0 = Release|Any CPU
		{D6B31F7A-8C18-4AFE-8CB7-B863B2AEE35D}.Release|iPhoneSimulator.Deploy.0 = Release|Any CPU
		{D6B31F7A-8C18-4AFE-8CB7-B863B2AEE35D}.Release|x64.ActiveCfg = Release|Any CPU
		{D6B31F7A-8C18-4AFE-8CB7-B863B2AEE35D}.Release|x64.Build.0 = Release|Any CPU
		{D6B31F7A-8C18-4AFE-8CB7-B863B2AEE35D}.Release|x64.Deploy.0 = Release|Any CPU
		{D6B31F7A-8C18-4AFE-8CB7-B863B2AEE35D}.Release|x86.ActiveCfg = Release|Any CPU
		{D6B31F7A-8C18-4AFE-8CB7-B863B2AEE35D}.Release|x86.Build.0 = Release|Any CPU
		{D6B31F7A-8C18-4AFE-8CB7-B863B2AEE35D}.Release|x86.Deploy.0 = Release|Any CPU
		{D94DE592-D3BF-491C-A9A4-2094BE6CBFC0}.Debug|Any CPU.ActiveCfg = Debug|iPhone
		{D94DE592-D3BF-491C-A9A4-2094BE6CBFC0}.Debug|Any CPU.Build.0 = Debug|iPhone
		{D94DE592-D3BF-491C-A9A4-2094BE6CBFC0}.Debug|Any CPU.Deploy.0 = Debug|iPhone
		{D94DE592-D3BF-491C-A9A4-2094BE6CBFC0}.Debug|ARM.ActiveCfg = Debug|iPhone
		{D94DE592-D3BF-491C-A9A4-2094BE6CBFC0}.Debug|ARM.Build.0 = Debug|iPhone
		{D94DE592-D3BF-491C-A9A4-2094BE6CBFC0}.Debug|ARM.Deploy.0 = Debug|iPhone
		{D94DE592-D3BF-491C-A9A4-2094BE6CBFC0}.Debug|iPhone.ActiveCfg = Debug|iPhone
		{D94DE592-D3BF-491C-A9A4-2094BE6CBFC0}.Debug|iPhone.Build.0 = Debug|iPhone
		{D94DE592-D3BF-491C-A9A4-2094BE6CBFC0}.Debug|iPhone.Deploy.0 = Debug|iPhone
		{D94DE592-D3BF-491C-A9A4-2094BE6CBFC0}.Debug|iPhoneSimulator.ActiveCfg = Debug|iPhoneSimulator
		{D94DE592-D3BF-491C-A9A4-2094BE6CBFC0}.Debug|iPhoneSimulator.Build.0 = Debug|iPhoneSimulator
		{D94DE592-D3BF-491C-A9A4-2094BE6CBFC0}.Debug|iPhoneSimulator.Deploy.0 = Debug|iPhoneSimulator
		{D94DE592-D3BF-491C-A9A4-2094BE6CBFC0}.Debug|x64.ActiveCfg = Debug|iPhone
		{D94DE592-D3BF-491C-A9A4-2094BE6CBFC0}.Debug|x64.Build.0 = Debug|iPhone
		{D94DE592-D3BF-491C-A9A4-2094BE6CBFC0}.Debug|x64.Deploy.0 = Debug|iPhone
		{D94DE592-D3BF-491C-A9A4-2094BE6CBFC0}.Debug|x86.ActiveCfg = Debug|iPhone
		{D94DE592-D3BF-491C-A9A4-2094BE6CBFC0}.Debug|x86.Build.0 = Debug|iPhone
		{D94DE592-D3BF-491C-A9A4-2094BE6CBFC0}.Debug|x86.Deploy.0 = Debug|iPhone
		{D94DE592-D3BF-491C-A9A4-2094BE6CBFC0}.Release|Any CPU.ActiveCfg = Release|iPhone
		{D94DE592-D3BF-491C-A9A4-2094BE6CBFC0}.Release|Any CPU.Build.0 = Release|iPhone
		{D94DE592-D3BF-491C-A9A4-2094BE6CBFC0}.Release|Any CPU.Deploy.0 = Release|iPhone
		{D94DE592-D3BF-491C-A9A4-2094BE6CBFC0}.Release|ARM.ActiveCfg = Release|iPhone
		{D94DE592-D3BF-491C-A9A4-2094BE6CBFC0}.Release|ARM.Build.0 = Release|iPhone
		{D94DE592-D3BF-491C-A9A4-2094BE6CBFC0}.Release|ARM.Deploy.0 = Release|iPhone
		{D94DE592-D3BF-491C-A9A4-2094BE6CBFC0}.Release|iPhone.ActiveCfg = Release|iPhone
		{D94DE592-D3BF-491C-A9A4-2094BE6CBFC0}.Release|iPhone.Build.0 = Release|iPhone
		{D94DE592-D3BF-491C-A9A4-2094BE6CBFC0}.Release|iPhone.Deploy.0 = Release|iPhone
		{D94DE592-D3BF-491C-A9A4-2094BE6CBFC0}.Release|iPhoneSimulator.ActiveCfg = Release|iPhoneSimulator
		{D94DE592-D3BF-491C-A9A4-2094BE6CBFC0}.Release|iPhoneSimulator.Build.0 = Release|iPhoneSimulator
		{D94DE592-D3BF-491C-A9A4-2094BE6CBFC0}.Release|iPhoneSimulator.Deploy.0 = Release|iPhoneSimulator
		{D94DE592-D3BF-491C-A9A4-2094BE6CBFC0}.Release|x64.ActiveCfg = Release|iPhone
		{D94DE592-D3BF-491C-A9A4-2094BE6CBFC0}.Release|x64.Build.0 = Release|iPhone
		{D94DE592-D3BF-491C-A9A4-2094BE6CBFC0}.Release|x64.Deploy.0 = Release|iPhone
		{D94DE592-D3BF-491C-A9A4-2094BE6CBFC0}.Release|x86.ActiveCfg = Release|iPhone
		{D94DE592-D3BF-491C-A9A4-2094BE6CBFC0}.Release|x86.Build.0 = Release|iPhone
		{D94DE592-D3BF-491C-A9A4-2094BE6CBFC0}.Release|x86.Deploy.0 = Release|iPhone
		{FC5AA486-F4B5-4027-98CF-8D0502814C65}.Debug|Any CPU.ActiveCfg = Debug|Any CPU
		{FC5AA486-F4B5-4027-98CF-8D0502814C65}.Debug|Any CPU.Build.0 = Debug|Any CPU
		{FC5AA486-F4B5-4027-98CF-8D0502814C65}.Debug|Any CPU.Deploy.0 = Debug|Any CPU
		{FC5AA486-F4B5-4027-98CF-8D0502814C65}.Debug|ARM.ActiveCfg = Debug|Any CPU
		{FC5AA486-F4B5-4027-98CF-8D0502814C65}.Debug|ARM.Build.0 = Debug|Any CPU
		{FC5AA486-F4B5-4027-98CF-8D0502814C65}.Debug|ARM.Deploy.0 = Debug|Any CPU
		{FC5AA486-F4B5-4027-98CF-8D0502814C65}.Debug|iPhone.ActiveCfg = Debug|Any CPU
		{FC5AA486-F4B5-4027-98CF-8D0502814C65}.Debug|iPhone.Build.0 = Debug|Any CPU
		{FC5AA486-F4B5-4027-98CF-8D0502814C65}.Debug|iPhone.Deploy.0 = Debug|Any CPU
		{FC5AA486-F4B5-4027-98CF-8D0502814C65}.Debug|iPhoneSimulator.ActiveCfg = Debug|Any CPU
		{FC5AA486-F4B5-4027-98CF-8D0502814C65}.Debug|iPhoneSimulator.Build.0 = Debug|Any CPU
		{FC5AA486-F4B5-4027-98CF-8D0502814C65}.Debug|iPhoneSimulator.Deploy.0 = Debug|Any CPU
		{FC5AA486-F4B5-4027-98CF-8D0502814C65}.Debug|x64.ActiveCfg = Debug|Any CPU
		{FC5AA486-F4B5-4027-98CF-8D0502814C65}.Debug|x64.Build.0 = Debug|Any CPU
		{FC5AA486-F4B5-4027-98CF-8D0502814C65}.Debug|x64.Deploy.0 = Debug|Any CPU
		{FC5AA486-F4B5-4027-98CF-8D0502814C65}.Debug|x86.ActiveCfg = Debug|Any CPU
		{FC5AA486-F4B5-4027-98CF-8D0502814C65}.Debug|x86.Build.0 = Debug|Any CPU
		{FC5AA486-F4B5-4027-98CF-8D0502814C65}.Debug|x86.Deploy.0 = Debug|Any CPU
		{FC5AA486-F4B5-4027-98CF-8D0502814C65}.Release|Any CPU.ActiveCfg = Release|Any CPU
		{FC5AA486-F4B5-4027-98CF-8D0502814C65}.Release|Any CPU.Build.0 = Release|Any CPU
		{FC5AA486-F4B5-4027-98CF-8D0502814C65}.Release|Any CPU.Deploy.0 = Release|Any CPU
		{FC5AA486-F4B5-4027-98CF-8D0502814C65}.Release|ARM.ActiveCfg = Release|Any CPU
		{FC5AA486-F4B5-4027-98CF-8D0502814C65}.Release|ARM.Build.0 = Release|Any CPU
		{FC5AA486-F4B5-4027-98CF-8D0502814C65}.Release|ARM.Deploy.0 = Release|Any CPU
		{FC5AA486-F4B5-4027-98CF-8D0502814C65}.Release|iPhone.ActiveCfg = Release|Any CPU
		{FC5AA486-F4B5-4027-98CF-8D0502814C65}.Release|iPhone.Build.0 = Release|Any CPU
		{FC5AA486-F4B5-4027-98CF-8D0502814C65}.Release|iPhone.Deploy.0 = Release|Any CPU
		{FC5AA486-F4B5-4027-98CF-8D0502814C65}.Release|iPhoneSimulator.ActiveCfg = Release|Any CPU
		{FC5AA486-F4B5-4027-98CF-8D0502814C65}.Release|iPhoneSimulator.Build.0 = Release|Any CPU
		{FC5AA486-F4B5-4027-98CF-8D0502814C65}.Release|iPhoneSimulator.Deploy.0 = Release|Any CPU
		{FC5AA486-F4B5-4027-98CF-8D0502814C65}.Release|x64.ActiveCfg = Release|Any CPU
		{FC5AA486-F4B5-4027-98CF-8D0502814C65}.Release|x64.Build.0 = Release|Any CPU
		{FC5AA486-F4B5-4027-98CF-8D0502814C65}.Release|x64.Deploy.0 = Release|Any CPU
		{FC5AA486-F4B5-4027-98CF-8D0502814C65}.Release|x86.ActiveCfg = Release|Any CPU
		{FC5AA486-F4B5-4027-98CF-8D0502814C65}.Release|x86.Build.0 = Release|Any CPU
		{FC5AA486-F4B5-4027-98CF-8D0502814C65}.Release|x86.Deploy.0 = Release|Any CPU
	EndGlobalSection
	GlobalSection(SolutionProperties) = preSolution
		HideSolutionNode = FALSE
	EndGlobalSection
	GlobalSection(ExtensibilityGlobals) = postSolution
		SolutionGuid = {DF425254-435C-4CE5-8FE6-5888F506C71F}
	EndGlobalSection
EndGlobal
