
Microsoft Visual Studio Solution File, Format Version 12.00
# Visual Studio 15
VisualStudioVersion = 15.0.26430.14
MinimumVisualStudioVersion = 10.0.40219.1
Project("{FAE04EC0-301F-11D3-BF4B-00C04F79EFBC}") = "IntroducingPages.Android", "IntroducingPages\IntroducingPages.Android\IntroducingPages.Android.csproj", "{EE34A2B6-752D-46F3-90C5-2B184B9B3B1E}"
EndProject
Project("{FAE04EC0-301F-11D3-BF4B-00C04F79EFBC}") = "IntroducingPages", "IntroducingPages\IntroducingPages\IntroducingPages.csproj", "{D916DF24-5030-484D-9E95-FA9749E7CDC8}"
EndProject
Project("{FAE04EC0-301F-11D3-BF4B-00C04F79EFBC}") = "IntroducingPages.UWP", "IntroducingPages\IntroducingPages.UWP\IntroducingPages.UWP.csproj", "{A706E1C0-56E2-4366-B950-EDACB5DF1709}"
EndProject
Project("{FAE04EC0-301F-11D3-BF4B-00C04F79EFBC}") = "IntroducingPages.iOS", "IntroducingPages\IntroducingPages.iOS\IntroducingPages.iOS.csproj", "{96971BB2-FBE9-4909-AE8B-54B069151A26}"
EndProject
Global
	GlobalSection(SolutionConfigurationPlatforms) = preSolution
		Ad-Hoc|Any CPU = Ad-Hoc|Any CPU
		Ad-Hoc|ARM = Ad-Hoc|ARM
		Ad-Hoc|iPhone = Ad-Hoc|iPhone
		Ad-Hoc|iPhoneSimulator = Ad-Hoc|iPhoneSimulator
		Ad-Hoc|x64 = Ad-Hoc|x64
		Ad-Hoc|x86 = Ad-Hoc|x86
		AppStore|Any CPU = AppStore|Any CPU
		AppStore|ARM = AppStore|ARM
		AppStore|iPhone = AppStore|iPhone
		AppStore|iPhoneSimulator = AppStore|iPhoneSimulator
		AppStore|x64 = AppStore|x64
		AppStore|x86 = AppStore|x86
		Debug|Any CPU = Debug|Any CPU
		Debug|ARM = Debug|ARM
		Debug|iPhone = Debug|iPhone
		Debug|iPhoneSimulator = Debug|iPhoneSimulator
		Debug|x64 = Debug|x64
		Debug|x86 = Debug|x86
		Release|Any CPU = Release|Any CPU
		Release|ARM = Release|ARM
		Release|iPhone = Release|iPhone
		Release|iPhoneSimulator = Release|iPhoneSimulator
		Release|x64 = Release|x64
		Release|x86 = Release|x86
	EndGlobalSection
	GlobalSection(ProjectConfigurationPlatforms) = postSolution
		{EE34A2B6-752D-46F3-90C5-2B184B9B3B1E}.Ad-Hoc|Any CPU.ActiveCfg = Release|Any CPU
		{EE34A2B6-752D-46F3-90C5-2B184B9B3B1E}.Ad-Hoc|Any CPU.Build.0 = Release|Any CPU
		{EE34A2B6-752D-46F3-90C5-2B184B9B3B1E}.Ad-Hoc|Any CPU.Deploy.0 = Release|Any CPU
		{EE34A2B6-752D-46F3-90C5-2B184B9B3B1E}.Ad-Hoc|ARM.ActiveCfg = Release|Any CPU
		{EE34A2B6-752D-46F3-90C5-2B184B9B3B1E}.Ad-Hoc|ARM.Build.0 = Release|Any CPU
		{EE34A2B6-752D-46F3-90C5-2B184B9B3B1E}.Ad-Hoc|ARM.Deploy.0 = Release|Any CPU
		{EE34A2B6-752D-46F3-90C5-2B184B9B3B1E}.Ad-Hoc|iPhone.ActiveCfg = Release|Any CPU
		{EE34A2B6-752D-46F3-90C5-2B184B9B3B1E}.Ad-Hoc|iPhone.Build.0 = Release|Any CPU
		{EE34A2B6-752D-46F3-90C5-2B184B9B3B1E}.Ad-Hoc|iPhone.Deploy.0 = Release|Any CPU
		{EE34A2B6-752D-46F3-90C5-2B184B9B3B1E}.Ad-Hoc|iPhoneSimulator.ActiveCfg = Release|Any CPU
		{EE34A2B6-752D-46F3-90C5-2B184B9B3B1E}.Ad-Hoc|iPhoneSimulator.Build.0 = Release|Any CPU
		{EE34A2B6-752D-46F3-90C5-2B184B9B3B1E}.Ad-Hoc|iPhoneSimulator.Deploy.0 = Release|Any CPU
		{EE34A2B6-752D-46F3-90C5-2B184B9B3B1E}.Ad-Hoc|x64.ActiveCfg = Release|Any CPU
		{EE34A2B6-752D-46F3-90C5-2B184B9B3B1E}.Ad-Hoc|x64.Build.0 = Release|Any CPU
		{EE34A2B6-752D-46F3-90C5-2B184B9B3B1E}.Ad-Hoc|x64.Deploy.0 = Release|Any CPU
		{EE34A2B6-752D-46F3-90C5-2B184B9B3B1E}.Ad-Hoc|x86.ActiveCfg = Release|Any CPU
		{EE34A2B6-752D-46F3-90C5-2B184B9B3B1E}.Ad-Hoc|x86.Build.0 = Release|Any CPU
		{EE34A2B6-752D-46F3-90C5-2B184B9B3B1E}.Ad-Hoc|x86.Deploy.0 = Release|Any CPU
		{EE34A2B6-752D-46F3-90C5-2B184B9B3B1E}.AppStore|Any CPU.ActiveCfg = Release|Any CPU
		{EE34A2B6-752D-46F3-90C5-2B184B9B3B1E}.AppStore|Any CPU.Build.0 = Release|Any CPU
		{EE34A2B6-752D-46F3-90C5-2B184B9B3B1E}.AppStore|Any CPU.Deploy.0 = Release|Any CPU
		{EE34A2B6-752D-46F3-90C5-2B184B9B3B1E}.AppStore|ARM.ActiveCfg = Release|Any CPU
		{EE34A2B6-752D-46F3-90C5-2B184B9B3B1E}.AppStore|ARM.Build.0 = Release|Any CPU
		{EE34A2B6-752D-46F3-90C5-2B184B9B3B1E}.AppStore|ARM.Deploy.0 = Release|Any CPU
		{EE34A2B6-752D-46F3-90C5-2B184B9B3B1E}.AppStore|iPhone.ActiveCfg = Release|Any CPU
		{EE34A2B6-752D-46F3-90C5-2B184B9B3B1E}.AppStore|iPhone.Build.0 = Release|Any CPU
		{EE34A2B6-752D-46F3-90C5-2B184B9B3B1E}.AppStore|iPhone.Deploy.0 = Release|Any CPU
		{EE34A2B6-752D-46F3-90C5-2B184B9B3B1E}.AppStore|iPhoneSimulator.ActiveCfg = Release|Any CPU
		{EE34A2B6-752D-46F3-90C5-2B184B9B3B1E}.AppStore|iPhoneSimulator.Build.0 = Release|Any CPU
		{EE34A2B6-752D-46F3-90C5-2B184B9B3B1E}.AppStore|iPhoneSimulator.Deploy.0 = Release|Any CPU
		{EE34A2B6-752D-46F3-90C5-2B184B9B3B1E}.AppStore|x64.ActiveCfg = Release|Any CPU
		{EE34A2B6-752D-46F3-90C5-2B184B9B3B1E}.AppStore|x64.Build.0 = Release|Any CPU
		{EE34A2B6-752D-46F3-90C5-2B184B9B3B1E}.AppStore|x64.Deploy.0 = Release|Any CPU
		{EE34A2B6-752D-46F3-90C5-2B184B9B3B1E}.AppStore|x86.ActiveCfg = Release|Any CPU
		{EE34A2B6-752D-46F3-90C5-2B184B9B3B1E}.AppStore|x86.Build.0 = Release|Any CPU
		{EE34A2B6-752D-46F3-90C5-2B184B9B3B1E}.AppStore|x86.Deploy.0 = Release|Any CPU
		{EE34A2B6-752D-46F3-90C5-2B184B9B3B1E}.Debug|Any CPU.ActiveCfg = Debug|Any CPU
		{EE34A2B6-752D-46F3-90C5-2B184B9B3B1E}.Debug|Any CPU.Build.0 = Debug|Any CPU
		{EE34A2B6-752D-46F3-90C5-2B184B9B3B1E}.Debug|Any CPU.Deploy.0 = Debug|Any CPU
		{EE34A2B6-752D-46F3-90C5-2B184B9B3B1E}.Debug|ARM.ActiveCfg = Debug|Any CPU
		{EE34A2B6-752D-46F3-90C5-2B184B9B3B1E}.Debug|ARM.Build.0 = Debug|Any CPU
		{EE34A2B6-752D-46F3-90C5-2B184B9B3B1E}.Debug|ARM.Deploy.0 = Debug|Any CPU
		{EE34A2B6-752D-46F3-90C5-2B184B9B3B1E}.Debug|iPhone.ActiveCfg = Debug|Any CPU
		{EE34A2B6-752D-46F3-90C5-2B184B9B3B1E}.Debug|iPhone.Build.0 = Debug|Any CPU
		{EE34A2B6-752D-46F3-90C5-2B184B9B3B1E}.Debug|iPhone.Deploy.0 = Debug|Any CPU
		{EE34A2B6-752D-46F3-90C5-2B184B9B3B1E}.Debug|iPhoneSimulator.ActiveCfg = Debug|Any CPU
		{EE34A2B6-752D-46F3-90C5-2B184B9B3B1E}.Debug|iPhoneSimulator.Build.0 = Debug|Any CPU
		{EE34A2B6-752D-46F3-90C5-2B184B9B3B1E}.Debug|iPhoneSimulator.Deploy.0 = Debug|Any CPU
		{EE34A2B6-752D-46F3-90C5-2B184B9B3B1E}.Debug|x64.ActiveCfg = Debug|Any CPU
		{EE34A2B6-752D-46F3-90C5-2B184B9B3B1E}.Debug|x64.Build.0 = Debug|Any CPU
		{EE34A2B6-752D-46F3-90C5-2B184B9B3B1E}.Debug|x64.Deploy.0 = Debug|Any CPU
		{EE34A2B6-752D-46F3-90C5-2B184B9B3B1E}.Debug|x86.ActiveCfg = Debug|Any CPU
		{EE34A2B6-752D-46F3-90C5-2B184B9B3B1E}.Debug|x86.Build.0 = Debug|Any CPU
		{EE34A2B6-752D-46F3-90C5-2B184B9B3B1E}.Debug|x86.Deploy.0 = Debug|Any CPU
		{EE34A2B6-752D-46F3-90C5-2B184B9B3B1E}.Release|Any CPU.ActiveCfg = Release|Any CPU
		{EE34A2B6-752D-46F3-90C5-2B184B9B3B1E}.Release|Any CPU.Build.0 = Release|Any CPU
		{EE34A2B6-752D-46F3-90C5-2B184B9B3B1E}.Release|Any CPU.Deploy.0 = Release|Any CPU
		{EE34A2B6-752D-46F3-90C5-2B184B9B3B1E}.Release|ARM.ActiveCfg = Release|Any CPU
		{EE34A2B6-752D-46F3-90C5-2B184B9B3B1E}.Release|ARM.Build.0 = Release|Any CPU
		{EE34A2B6-752D-46F3-90C5-2B184B9B3B1E}.Release|ARM.Deploy.0 = Release|Any CPU
		{EE34A2B6-752D-46F3-90C5-2B184B9B3B1E}.Release|iPhone.ActiveCfg = Release|Any CPU
		{EE34A2B6-752D-46F3-90C5-2B184B9B3B1E}.Release|iPhone.Build.0 = Release|Any CPU
		{EE34A2B6-752D-46F3-90C5-2B184B9B3B1E}.Release|iPhone.Deploy.0 = Release|Any CPU
		{EE34A2B6-752D-46F3-90C5-2B184B9B3B1E}.Release|iPhoneSimulator.ActiveCfg = Release|Any CPU
		{EE34A2B6-752D-46F3-90C5-2B184B9B3B1E}.Release|iPhoneSimulator.Build.0 = Release|Any CPU
		{EE34A2B6-752D-46F3-90C5-2B184B9B3B1E}.Release|iPhoneSimulator.Deploy.0 = Release|Any CPU
		{EE34A2B6-752D-46F3-90C5-2B184B9B3B1E}.Release|x64.ActiveCfg = Release|Any CPU
		{EE34A2B6-752D-46F3-90C5-2B184B9B3B1E}.Release|x64.Build.0 = Release|Any CPU
		{EE34A2B6-752D-46F3-90C5-2B184B9B3B1E}.Release|x64.Deploy.0 = Release|Any CPU
		{EE34A2B6-752D-46F3-90C5-2B184B9B3B1E}.Release|x86.ActiveCfg = Release|Any CPU
		{EE34A2B6-752D-46F3-90C5-2B184B9B3B1E}.Release|x86.Build.0 = Release|Any CPU
		{EE34A2B6-752D-46F3-90C5-2B184B9B3B1E}.Release|x86.Deploy.0 = Release|Any CPU
		{D916DF24-5030-484D-9E95-FA9749E7CDC8}.Ad-Hoc|Any CPU.ActiveCfg = Release|Any CPU
		{D916DF24-5030-484D-9E95-FA9749E7CDC8}.Ad-Hoc|Any CPU.Build.0 = Release|Any CPU
		{D916DF24-5030-484D-9E95-FA9749E7CDC8}.Ad-Hoc|ARM.ActiveCfg = Release|Any CPU
		{D916DF24-5030-484D-9E95-FA9749E7CDC8}.Ad-Hoc|ARM.Build.0 = Release|Any CPU
		{D916DF24-5030-484D-9E95-FA9749E7CDC8}.Ad-Hoc|iPhone.ActiveCfg = Release|Any CPU
		{D916DF24-5030-484D-9E95-FA9749E7CDC8}.Ad-Hoc|iPhone.Build.0 = Release|Any CPU
		{D916DF24-5030-484D-9E95-FA9749E7CDC8}.Ad-Hoc|iPhoneSimulator.ActiveCfg = Release|Any CPU
		{D916DF24-5030-484D-9E95-FA9749E7CDC8}.Ad-Hoc|iPhoneSimulator.Build.0 = Release|Any CPU
		{D916DF24-5030-484D-9E95-FA9749E7CDC8}.Ad-Hoc|x64.ActiveCfg = Release|Any CPU
		{D916DF24-5030-484D-9E95-FA9749E7CDC8}.Ad-Hoc|x64.Build.0 = Release|Any CPU
		{D916DF24-5030-484D-9E95-FA9749E7CDC8}.Ad-Hoc|x86.ActiveCfg = Release|Any CPU
		{D916DF24-5030-484D-9E95-FA9749E7CDC8}.Ad-Hoc|x86.Build.0 = Release|Any CPU
		{D916DF24-5030-484D-9E95-FA9749E7CDC8}.AppStore|Any CPU.ActiveCfg = Release|Any CPU
		{D916DF24-5030-484D-9E95-FA9749E7CDC8}.AppStore|Any CPU.Build.0 = Release|Any CPU
		{D916DF24-5030-484D-9E95-FA9749E7CDC8}.AppStore|ARM.ActiveCfg = Release|Any CPU
		{D916DF24-5030-484D-9E95-FA9749E7CDC8}.AppStore|ARM.Build.0 = Release|Any CPU
		{D916DF24-5030-484D-9E95-FA9749E7CDC8}.AppStore|iPhone.ActiveCfg = Release|Any CPU
		{D916DF24-5030-484D-9E95-FA9749E7CDC8}.AppStore|iPhone.Build.0 = Release|Any CPU
		{D916DF24-5030-484D-9E95-FA9749E7CDC8}.AppStore|iPhoneSimulator.ActiveCfg = Release|Any CPU
		{D916DF24-5030-484D-9E95-FA9749E7CDC8}.AppStore|iPhoneSimulator.Build.0 = Release|Any CPU
		{D916DF24-5030-484D-9E95-FA9749E7CDC8}.AppStore|x64.ActiveCfg = Release|Any CPU
		{D916DF24-5030-484D-9E95-FA9749E7CDC8}.AppStore|x64.Build.0 = Release|Any CPU
		{D916DF24-5030-484D-9E95-FA9749E7CDC8}.AppStore|x86.ActiveCfg = Release|Any CPU
		{D916DF24-5030-484D-9E95-FA9749E7CDC8}.AppStore|x86.Build.0 = Release|Any CPU
		{D916DF24-5030-484D-9E95-FA9749E7CDC8}.Debug|Any CPU.ActiveCfg = Debug|Any CPU
		{D916DF24-5030-484D-9E95-FA9749E7CDC8}.Debug|Any CPU.Build.0 = Debug|Any CPU
		{D916DF24-5030-484D-9E95-FA9749E7CDC8}.Debug|ARM.ActiveCfg = Debug|Any CPU
		{D916DF24-5030-484D-9E95-FA9749E7CDC8}.Debug|ARM.Build.0 = Debug|Any CPU
		{D916DF24-5030-484D-9E95-FA9749E7CDC8}.Debug|iPhone.ActiveCfg = Debug|Any CPU
		{D916DF24-5030-484D-9E95-FA9749E7CDC8}.Debug|iPhone.Build.0 = Debug|Any CPU
		{D916DF24-5030-484D-9E95-FA9749E7CDC8}.Debug|iPhoneSimulator.ActiveCfg = Debug|Any CPU
		{D916DF24-5030-484D-9E95-FA9749E7CDC8}.Debug|iPhoneSimulator.Build.0 = Debug|Any CPU
		{D916DF24-5030-484D-9E95-FA9749E7CDC8}.Debug|x64.ActiveCfg = Debug|Any CPU
		{D916DF24-5030-484D-9E95-FA9749E7CDC8}.Debug|x64.Build.0 = Debug|Any CPU
		{D916DF24-5030-484D-9E95-FA9749E7CDC8}.Debug|x86.ActiveCfg = Debug|Any CPU
		{D916DF24-5030-484D-9E95-FA9749E7CDC8}.Debug|x86.Build.0 = Debug|Any CPU
		{D916DF24-5030-484D-9E95-FA9749E7CDC8}.Release|Any CPU.ActiveCfg = Release|Any CPU
		{D916DF24-5030-484D-9E95-FA9749E7CDC8}.Release|Any CPU.Build.0 = Release|Any CPU
		{D916DF24-5030-484D-9E95-FA9749E7CDC8}.Release|ARM.ActiveCfg = Release|Any CPU
		{D916DF24-5030-484D-9E95-FA9749E7CDC8}.Release|ARM.Build.0 = Release|Any CPU
		{D916DF24-5030-484D-9E95-FA9749E7CDC8}.Release|iPhone.ActiveCfg = Release|Any CPU
		{D916DF24-5030-484D-9E95-FA9749E7CDC8}.Release|iPhone.Build.0 = Release|Any CPU
		{D916DF24-5030-484D-9E95-FA9749E7CDC8}.Release|iPhoneSimulator.ActiveCfg = Release|Any CPU
		{D916DF24-5030-484D-9E95-FA9749E7CDC8}.Release|iPhoneSimulator.Build.0 = Release|Any CPU
		{D916DF24-5030-484D-9E95-FA9749E7CDC8}.Release|x64.ActiveCfg = Release|Any CPU
		{D916DF24-5030-484D-9E95-FA9749E7CDC8}.Release|x64.Build.0 = Release|Any CPU
		{D916DF24-5030-484D-9E95-FA9749E7CDC8}.Release|x86.ActiveCfg = Release|Any CPU
		{D916DF24-5030-484D-9E95-FA9749E7CDC8}.Release|x86.Build.0 = Release|Any CPU
		{A706E1C0-56E2-4366-B950-EDACB5DF1709}.Ad-Hoc|Any CPU.ActiveCfg = Release|x86
		{A706E1C0-56E2-4366-B950-EDACB5DF1709}.Ad-Hoc|Any CPU.Build.0 = Release|x86
		{A706E1C0-56E2-4366-B950-EDACB5DF1709}.Ad-Hoc|Any CPU.Deploy.0 = Release|x86
		{A706E1C0-56E2-4366-B950-EDACB5DF1709}.Ad-Hoc|ARM.ActiveCfg = Release|ARM
		{A706E1C0-56E2-4366-B950-EDACB5DF1709}.Ad-Hoc|ARM.Build.0 = Release|ARM
		{A706E1C0-56E2-4366-B950-EDACB5DF1709}.Ad-Hoc|ARM.Deploy.0 = Release|ARM
		{A706E1C0-56E2-4366-B950-EDACB5DF1709}.Ad-Hoc|iPhone.ActiveCfg = Release|x86
		{A706E1C0-56E2-4366-B950-EDACB5DF1709}.Ad-Hoc|iPhone.Build.0 = Release|x86
		{A706E1C0-56E2-4366-B950-EDACB5DF1709}.Ad-Hoc|iPhone.Deploy.0 = Release|x86
		{A706E1C0-56E2-4366-B950-EDACB5DF1709}.Ad-Hoc|iPhoneSimulator.ActiveCfg = Release|x86
		{A706E1C0-56E2-4366-B950-EDACB5DF1709}.Ad-Hoc|iPhoneSimulator.Build.0 = Release|x86
		{A706E1C0-56E2-4366-B950-EDACB5DF1709}.Ad-Hoc|iPhoneSimulator.Deploy.0 = Release|x86
		{A706E1C0-56E2-4366-B950-EDACB5DF1709}.Ad-Hoc|x64.ActiveCfg = Release|x64
		{A706E1C0-56E2-4366-B950-EDACB5DF1709}.Ad-Hoc|x64.Build.0 = Release|x64
		{A706E1C0-56E2-4366-B950-EDACB5DF1709}.Ad-Hoc|x64.Deploy.0 = Release|x64
		{A706E1C0-56E2-4366-B950-EDACB5DF1709}.Ad-Hoc|x86.ActiveCfg = Release|x86
		{A706E1C0-56E2-4366-B950-EDACB5DF1709}.Ad-Hoc|x86.Build.0 = Release|x86
		{A706E1C0-56E2-4366-B950-EDACB5DF1709}.Ad-Hoc|x86.Deploy.0 = Release|x86
		{A706E1C0-56E2-4366-B950-EDACB5DF1709}.AppStore|Any CPU.ActiveCfg = Release|x86
		{A706E1C0-56E2-4366-B950-EDACB5DF1709}.AppStore|Any CPU.Build.0 = Release|x86
		{A706E1C0-56E2-4366-B950-EDACB5DF1709}.AppStore|Any CPU.Deploy.0 = Release|x86
		{A706E1C0-56E2-4366-B950-EDACB5DF1709}.AppStore|ARM.ActiveCfg = Release|ARM
		{A706E1C0-56E2-4366-B950-EDACB5DF1709}.AppStore|ARM.Build.0 = Release|ARM
		{A706E1C0-56E2-4366-B950-EDACB5DF1709}.AppStore|ARM.Deploy.0 = Release|ARM
		{A706E1C0-56E2-4366-B950-EDACB5DF1709}.AppStore|iPhone.ActiveCfg = Release|x86
		{A706E1C0-56E2-4366-B950-EDACB5DF1709}.AppStore|iPhone.Build.0 = Release|x86
		{A706E1C0-56E2-4366-B950-EDACB5DF1709}.AppStore|iPhone.Deploy.0 = Release|x86
		{A706E1C0-56E2-4366-B950-EDACB5DF1709}.AppStore|iPhoneSimulator.ActiveCfg = Release|x86
		{A706E1C0-56E2-4366-B950-EDACB5DF1709}.AppStore|iPhoneSimulator.Build.0 = Release|x86
		{A706E1C0-56E2-4366-B950-EDACB5DF1709}.AppStore|iPhoneSimulator.Deploy.0 = Release|x86
		{A706E1C0-56E2-4366-B950-EDACB5DF1709}.AppStore|x64.ActiveCfg = Release|x64
		{A706E1C0-56E2-4366-B950-EDACB5DF1709}.AppStore|x64.Build.0 = Release|x64
		{A706E1C0-56E2-4366-B950-EDACB5DF1709}.AppStore|x64.Deploy.0 = Release|x64
		{A706E1C0-56E2-4366-B950-EDACB5DF1709}.AppStore|x86.ActiveCfg = Release|x86
		{A706E1C0-56E2-4366-B950-EDACB5DF1709}.AppStore|x86.Build.0 = Release|x86
		{A706E1C0-56E2-4366-B950-EDACB5DF1709}.AppStore|x86.Deploy.0 = Release|x86
		{A706E1C0-56E2-4366-B950-EDACB5DF1709}.Debug|Any CPU.ActiveCfg = Debug|x86
		{A706E1C0-56E2-4366-B950-EDACB5DF1709}.Debug|Any CPU.Build.0 = Debug|x86
		{A706E1C0-56E2-4366-B950-EDACB5DF1709}.Debug|Any CPU.Deploy.0 = Debug|x86
		{A706E1C0-56E2-4366-B950-EDACB5DF1709}.Debug|ARM.ActiveCfg = Debug|ARM
		{A706E1C0-56E2-4366-B950-EDACB5DF1709}.Debug|ARM.Build.0 = Debug|ARM
		{A706E1C0-56E2-4366-B950-EDACB5DF1709}.Debug|ARM.Deploy.0 = Debug|ARM
		{A706E1C0-56E2-4366-B950-EDACB5DF1709}.Debug|iPhone.ActiveCfg = Debug|x86
		{A706E1C0-56E2-4366-B950-EDACB5DF1709}.Debug|iPhoneSimulator.ActiveCfg = Debug|x86
		{A706E1C0-56E2-4366-B950-EDACB5DF1709}.Debug|x64.ActiveCfg = Debug|x64
		{A706E1C0-56E2-4366-B950-EDACB5DF1709}.Debug|x64.Build.0 = Debug|x64
		{A706E1C0-56E2-4366-B950-EDACB5DF1709}.Debug|x64.Deploy.0 = Debug|x64
		{A706E1C0-56E2-4366-B950-EDACB5DF1709}.Debug|x86.ActiveCfg = Debug|x86
		{A706E1C0-56E2-4366-B950-EDACB5DF1709}.Debug|x86.Build.0 = Debug|x86
		{A706E1C0-56E2-4366-B950-EDACB5DF1709}.Debug|x86.Deploy.0 = Debug|x86
		{A706E1C0-56E2-4366-B950-EDACB5DF1709}.Release|Any CPU.ActiveCfg = Release|x86
		{A706E1C0-56E2-4366-B950-EDACB5DF1709}.Release|ARM.ActiveCfg = Release|ARM
		{A706E1C0-56E2-4366-B950-EDACB5DF1709}.Release|ARM.Build.0 = Release|ARM
		{A706E1C0-56E2-4366-B950-EDACB5DF1709}.Release|ARM.Deploy.0 = Release|ARM
		{A706E1C0-56E2-4366-B950-EDACB5DF1709}.Release|iPhone.ActiveCfg = Release|x86
		{A706E1C0-56E2-4366-B950-EDACB5DF1709}.Release|iPhoneSimulator.ActiveCfg = Release|x86
		{A706E1C0-56E2-4366-B950-EDACB5DF1709}.Release|x64.ActiveCfg = Release|x64
		{A706E1C0-56E2-4366-B950-EDACB5DF1709}.Release|x64.Build.0 = Release|x64
		{A706E1C0-56E2-4366-B950-EDACB5DF1709}.Release|x64.Deploy.0 = Release|x64
		{A706E1C0-56E2-4366-B950-EDACB5DF1709}.Release|x86.ActiveCfg = Release|x86
		{A706E1C0-56E2-4366-B950-EDACB5DF1709}.Release|x86.Build.0 = Release|x86
		{A706E1C0-56E2-4366-B950-EDACB5DF1709}.Release|x86.Deploy.0 = Release|x86
		{96971BB2-FBE9-4909-AE8B-54B069151A26}.Ad-Hoc|Any CPU.ActiveCfg = Ad-Hoc|iPhone
		{96971BB2-FBE9-4909-AE8B-54B069151A26}.Ad-Hoc|ARM.ActiveCfg = Ad-Hoc|iPhone
		{96971BB2-FBE9-4909-AE8B-54B069151A26}.Ad-Hoc|iPhone.ActiveCfg = Ad-Hoc|iPhone
		{96971BB2-FBE9-4909-AE8B-54B069151A26}.Ad-Hoc|iPhone.Build.0 = Ad-Hoc|iPhone
		{96971BB2-FBE9-4909-AE8B-54B069151A26}.Ad-Hoc|iPhoneSimulator.ActiveCfg = Ad-Hoc|iPhoneSimulator
		{96971BB2-FBE9-4909-AE8B-54B069151A26}.Ad-Hoc|iPhoneSimulator.Build.0 = Ad-Hoc|iPhoneSimulator
		{96971BB2-FBE9-4909-AE8B-54B069151A26}.Ad-Hoc|x64.ActiveCfg = Ad-Hoc|iPhone
		{96971BB2-FBE9-4909-AE8B-54B069151A26}.Ad-Hoc|x86.ActiveCfg = Ad-Hoc|iPhone
		{96971BB2-FBE9-4909-AE8B-54B069151A26}.AppStore|Any CPU.ActiveCfg = AppStore|iPhone
		{96971BB2-FBE9-4909-AE8B-54B069151A26}.AppStore|ARM.ActiveCfg = AppStore|iPhone
		{96971BB2-FBE9-4909-AE8B-54B069151A26}.AppStore|iPhone.ActiveCfg = AppStore|iPhone
		{96971BB2-FBE9-4909-AE8B-54B069151A26}.AppStore|iPhone.Build.0 = AppStore|iPhone
		{96971BB2-FBE9-4909-AE8B-54B069151A26}.AppStore|iPhoneSimulator.ActiveCfg = AppStore|iPhoneSimulator
		{96971BB2-FBE9-4909-AE8B-54B069151A26}.AppStore|iPhoneSimulator.Build.0 = AppStore|iPhoneSimulator
		{96971BB2-FBE9-4909-AE8B-54B069151A26}.AppStore|x64.ActiveCfg = AppStore|iPhone
		{96971BB2-FBE9-4909-AE8B-54B069151A26}.AppStore|x86.ActiveCfg = AppStore|iPhone
		{96971BB2-FBE9-4909-AE8B-54B069151A26}.Debug|Any CPU.ActiveCfg = Debug|iPhone
		{96971BB2-FBE9-4909-AE8B-54B069151A26}.Debug|ARM.ActiveCfg = Debug|iPhone
		{96971BB2-FBE9-4909-AE8B-54B069151A26}.Debug|iPhone.ActiveCfg = Debug|iPhone
		{96971BB2-FBE9-4909-AE8B-54B069151A26}.Debug|iPhone.Build.0 = Debug|iPhone
		{96971BB2-FBE9-4909-AE8B-54B069151A26}.Debug|iPhoneSimulator.ActiveCfg = Debug|iPhoneSimulator
		{96971BB2-FBE9-4909-AE8B-54B069151A26}.Debug|iPhoneSimulator.Build.0 = Debug|iPhoneSimulator
		{96971BB2-FBE9-4909-AE8B-54B069151A26}.Debug|x64.ActiveCfg = Debug|iPhone
		{96971BB2-FBE9-4909-AE8B-54B069151A26}.Debug|x86.ActiveCfg = Debug|iPhone
		{96971BB2-FBE9-4909-AE8B-54B069151A26}.Release|Any CPU.ActiveCfg = Release|iPhone
		{96971BB2-FBE9-4909-AE8B-54B069151A26}.Release|ARM.ActiveCfg = Release|iPhone
		{96971BB2-FBE9-4909-AE8B-54B069151A26}.Release|iPhone.ActiveCfg = Release|iPhone
		{96971BB2-FBE9-4909-AE8B-54B069151A26}.Release|iPhone.Build.0 = Release|iPhone
		{96971BB2-FBE9-4909-AE8B-54B069151A26}.Release|iPhoneSimulator.ActiveCfg = Release|iPhoneSimulator
		{96971BB2-FBE9-4909-AE8B-54B069151A26}.Release|iPhoneSimulator.Build.0 = Release|iPhoneSimulator
		{96971BB2-FBE9-4909-AE8B-54B069151A26}.Release|x64.ActiveCfg = Release|iPhone
		{96971BB2-FBE9-4909-AE8B-54B069151A26}.Release|x86.ActiveCfg = Release|iPhone
	EndGlobalSection
	GlobalSection(SolutionProperties) = preSolution
		HideSolutionNode = FALSE
	EndGlobalSection
EndGlobal
