
Microsoft Visual Studio Solution File, Format Version 12.00
# Visual Studio 15
VisualStudioVersion = 15.0.26430.14
MinimumVisualStudioVersion = 10.0.40219.1
Project("{FAE04EC0-301F-11D3-BF4B-00C04F79EFBC}") = "NativeAccess.Android", "NativeAccess\NativeAccess.Android\NativeAccess.Android.csproj", "{F8AB0D2C-CCBF-409B-BEA2-F591B98C653A}"
EndProject
Project("{FAE04EC0-301F-11D3-BF4B-00C04F79EFBC}") = "NativeAccess", "NativeAccess\NativeAccess\NativeAccess.csproj", "{55832394-2590-4DBD-BD1F-246A5CFD65D2}"
EndProject
Project("{FAE04EC0-301F-11D3-BF4B-00C04F79EFBC}") = "NativeAccess.UWP", "NativeAccess\NativeAccess.UWP\NativeAccess.UWP.csproj", "{353A9235-9F61-40B8-86DD-68501FA937A0}"
EndProject
Project("{FAE04EC0-301F-11D3-BF4B-00C04F79EFBC}") = "NativeAccess.iOS", "NativeAccess\NativeAccess.iOS\NativeAccess.iOS.csproj", "{87BFC402-E3CB-41C9-A966-D1D2CB5B0EE6}"
EndProject
Global
	GlobalSection(SolutionConfigurationPlatforms) = preSolution
		Ad-Hoc|Any CPU = Ad-Hoc|Any CPU
		Ad-Hoc|ARM = Ad-Hoc|ARM
		Ad-Hoc|iPhone = Ad-Hoc|iPhone
		Ad-Hoc|iPhoneSimulator = Ad-Hoc|iPhoneSimulator
		Ad-Hoc|x64 = Ad-Hoc|x64
		Ad-Hoc|x86 = Ad-Hoc|x86
		AppStore|Any CPU = AppStore|Any CPU
		AppStore|ARM = AppStore|ARM
		AppStore|iPhone = AppStore|iPhone
		AppStore|iPhoneSimulator = AppStore|iPhoneSimulator
		AppStore|x64 = AppStore|x64
		AppStore|x86 = AppStore|x86
		Debug|Any CPU = Debug|Any CPU
		Debug|ARM = Debug|ARM
		Debug|iPhone = Debug|iPhone
		Debug|iPhoneSimulator = Debug|iPhoneSimulator
		Debug|x64 = Debug|x64
		Debug|x86 = Debug|x86
		Release|Any CPU = Release|Any CPU
		Release|ARM = Release|ARM
		Release|iPhone = Release|iPhone
		Release|iPhoneSimulator = Release|iPhoneSimulator
		Release|x64 = Release|x64
		Release|x86 = Release|x86
	EndGlobalSection
	GlobalSection(ProjectConfigurationPlatforms) = postSolution
		{F8AB0D2C-CCBF-409B-BEA2-F591B98C653A}.Ad-Hoc|Any CPU.ActiveCfg = Release|Any CPU
		{F8AB0D2C-CCBF-409B-BEA2-F591B98C653A}.Ad-Hoc|Any CPU.Build.0 = Release|Any CPU
		{F8AB0D2C-CCBF-409B-BEA2-F591B98C653A}.Ad-Hoc|Any CPU.Deploy.0 = Release|Any CPU
		{F8AB0D2C-CCBF-409B-BEA2-F591B98C653A}.Ad-Hoc|ARM.ActiveCfg = Release|Any CPU
		{F8AB0D2C-CCBF-409B-BEA2-F591B98C653A}.Ad-Hoc|ARM.Build.0 = Release|Any CPU
		{F8AB0D2C-CCBF-409B-BEA2-F591B98C653A}.Ad-Hoc|ARM.Deploy.0 = Release|Any CPU
		{F8AB0D2C-CCBF-409B-BEA2-F591B98C653A}.Ad-Hoc|iPhone.ActiveCfg = Release|Any CPU
		{F8AB0D2C-CCBF-409B-BEA2-F591B98C653A}.Ad-Hoc|iPhone.Build.0 = Release|Any CPU
		{F8AB0D2C-CCBF-409B-BEA2-F591B98C653A}.Ad-Hoc|iPhone.Deploy.0 = Release|Any CPU
		{F8AB0D2C-CCBF-409B-BEA2-F591B98C653A}.Ad-Hoc|iPhoneSimulator.ActiveCfg = Release|Any CPU
		{F8AB0D2C-CCBF-409B-BEA2-F591B98C653A}.Ad-Hoc|iPhoneSimulator.Build.0 = Release|Any CPU
		{F8AB0D2C-CCBF-409B-BEA2-F591B98C653A}.Ad-Hoc|iPhoneSimulator.Deploy.0 = Release|Any CPU
		{F8AB0D2C-CCBF-409B-BEA2-F591B98C653A}.Ad-Hoc|x64.ActiveCfg = Release|Any CPU
		{F8AB0D2C-CCBF-409B-BEA2-F591B98C653A}.Ad-Hoc|x64.Build.0 = Release|Any CPU
		{F8AB0D2C-CCBF-409B-BEA2-F591B98C653A}.Ad-Hoc|x64.Deploy.0 = Release|Any CPU
		{F8AB0D2C-CCBF-409B-BEA2-F591B98C653A}.Ad-Hoc|x86.ActiveCfg = Release|Any CPU
		{F8AB0D2C-CCBF-409B-BEA2-F591B98C653A}.Ad-Hoc|x86.Build.0 = Release|Any CPU
		{F8AB0D2C-CCBF-409B-BEA2-F591B98C653A}.Ad-Hoc|x86.Deploy.0 = Release|Any CPU
		{F8AB0D2C-CCBF-409B-BEA2-F591B98C653A}.AppStore|Any CPU.ActiveCfg = Release|Any CPU
		{F8AB0D2C-CCBF-409B-BEA2-F591B98C653A}.AppStore|Any CPU.Build.0 = Release|Any CPU
		{F8AB0D2C-CCBF-409B-BEA2-F591B98C653A}.AppStore|Any CPU.Deploy.0 = Release|Any CPU
		{F8AB0D2C-CCBF-409B-BEA2-F591B98C653A}.AppStore|ARM.ActiveCfg = Release|Any CPU
		{F8AB0D2C-CCBF-409B-BEA2-F591B98C653A}.AppStore|ARM.Build.0 = Release|Any CPU
		{F8AB0D2C-CCBF-409B-BEA2-F591B98C653A}.AppStore|ARM.Deploy.0 = Release|Any CPU
		{F8AB0D2C-CCBF-409B-BEA2-F591B98C653A}.AppStore|iPhone.ActiveCfg = Release|Any CPU
		{F8AB0D2C-CCBF-409B-BEA2-F591B98C653A}.AppStore|iPhone.Build.0 = Release|Any CPU
		{F8AB0D2C-CCBF-409B-BEA2-F591B98C653A}.AppStore|iPhone.Deploy.0 = Release|Any CPU
		{F8AB0D2C-CCBF-409B-BEA2-F591B98C653A}.AppStore|iPhoneSimulator.ActiveCfg = Release|Any CPU
		{F8AB0D2C-CCBF-409B-BEA2-F591B98C653A}.AppStore|iPhoneSimulator.Build.0 = Release|Any CPU
		{F8AB0D2C-CCBF-409B-BEA2-F591B98C653A}.AppStore|iPhoneSimulator.Deploy.0 = Release|Any CPU
		{F8AB0D2C-CCBF-409B-BEA2-F591B98C653A}.AppStore|x64.ActiveCfg = Release|Any CPU
		{F8AB0D2C-CCBF-409B-BEA2-F591B98C653A}.AppStore|x64.Build.0 = Release|Any CPU
		{F8AB0D2C-CCBF-409B-BEA2-F591B98C653A}.AppStore|x64.Deploy.0 = Release|Any CPU
		{F8AB0D2C-CCBF-409B-BEA2-F591B98C653A}.AppStore|x86.ActiveCfg = Release|Any CPU
		{F8AB0D2C-CCBF-409B-BEA2-F591B98C653A}.AppStore|x86.Build.0 = Release|Any CPU
		{F8AB0D2C-CCBF-409B-BEA2-F591B98C653A}.AppStore|x86.Deploy.0 = Release|Any CPU
		{F8AB0D2C-CCBF-409B-BEA2-F591B98C653A}.Debug|Any CPU.ActiveCfg = Debug|Any CPU
		{F8AB0D2C-CCBF-409B-BEA2-F591B98C653A}.Debug|Any CPU.Build.0 = Debug|Any CPU
		{F8AB0D2C-CCBF-409B-BEA2-F591B98C653A}.Debug|Any CPU.Deploy.0 = Debug|Any CPU
		{F8AB0D2C-CCBF-409B-BEA2-F591B98C653A}.Debug|ARM.ActiveCfg = Debug|Any CPU
		{F8AB0D2C-CCBF-409B-BEA2-F591B98C653A}.Debug|ARM.Build.0 = Debug|Any CPU
		{F8AB0D2C-CCBF-409B-BEA2-F591B98C653A}.Debug|ARM.Deploy.0 = Debug|Any CPU
		{F8AB0D2C-CCBF-409B-BEA2-F591B98C653A}.Debug|iPhone.ActiveCfg = Debug|Any CPU
		{F8AB0D2C-CCBF-409B-BEA2-F591B98C653A}.Debug|iPhone.Build.0 = Debug|Any CPU
		{F8AB0D2C-CCBF-409B-BEA2-F591B98C653A}.Debug|iPhone.Deploy.0 = Debug|Any CPU
		{F8AB0D2C-CCBF-409B-BEA2-F591B98C653A}.Debug|iPhoneSimulator.ActiveCfg = Debug|Any CPU
		{F8AB0D2C-CCBF-409B-BEA2-F591B98C653A}.Debug|iPhoneSimulator.Build.0 = Debug|Any CPU
		{F8AB0D2C-CCBF-409B-BEA2-F591B98C653A}.Debug|iPhoneSimulator.Deploy.0 = Debug|Any CPU
		{F8AB0D2C-CCBF-409B-BEA2-F591B98C653A}.Debug|x64.ActiveCfg = Debug|Any CPU
		{F8AB0D2C-CCBF-409B-BEA2-F591B98C653A}.Debug|x64.Build.0 = Debug|Any CPU
		{F8AB0D2C-CCBF-409B-BEA2-F591B98C653A}.Debug|x64.Deploy.0 = Debug|Any CPU
		{F8AB0D2C-CCBF-409B-BEA2-F591B98C653A}.Debug|x86.ActiveCfg = Debug|Any CPU
		{F8AB0D2C-CCBF-409B-BEA2-F591B98C653A}.Debug|x86.Build.0 = Debug|Any CPU
		{F8AB0D2C-CCBF-409B-BEA2-F591B98C653A}.Debug|x86.Deploy.0 = Debug|Any CPU
		{F8AB0D2C-CCBF-409B-BEA2-F591B98C653A}.Release|Any CPU.ActiveCfg = Release|Any CPU
		{F8AB0D2C-CCBF-409B-BEA2-F591B98C653A}.Release|Any CPU.Build.0 = Release|Any CPU
		{F8AB0D2C-CCBF-409B-BEA2-F591B98C653A}.Release|Any CPU.Deploy.0 = Release|Any CPU
		{F8AB0D2C-CCBF-409B-BEA2-F591B98C653A}.Release|ARM.ActiveCfg = Release|Any CPU
		{F8AB0D2C-CCBF-409B-BEA2-F591B98C653A}.Release|ARM.Build.0 = Release|Any CPU
		{F8AB0D2C-CCBF-409B-BEA2-F591B98C653A}.Release|ARM.Deploy.0 = Release|Any CPU
		{F8AB0D2C-CCBF-409B-BEA2-F591B98C653A}.Release|iPhone.ActiveCfg = Release|Any CPU
		{F8AB0D2C-CCBF-409B-BEA2-F591B98C653A}.Release|iPhone.Build.0 = Release|Any CPU
		{F8AB0D2C-CCBF-409B-BEA2-F591B98C653A}.Release|iPhone.Deploy.0 = Release|Any CPU
		{F8AB0D2C-CCBF-409B-BEA2-F591B98C653A}.Release|iPhoneSimulator.ActiveCfg = Release|Any CPU
		{F8AB0D2C-CCBF-409B-BEA2-F591B98C653A}.Release|iPhoneSimulator.Build.0 = Release|Any CPU
		{F8AB0D2C-CCBF-409B-BEA2-F591B98C653A}.Release|iPhoneSimulator.Deploy.0 = Release|Any CPU
		{F8AB0D2C-CCBF-409B-BEA2-F591B98C653A}.Release|x64.ActiveCfg = Release|Any CPU
		{F8AB0D2C-CCBF-409B-BEA2-F591B98C653A}.Release|x64.Build.0 = Release|Any CPU
		{F8AB0D2C-CCBF-409B-BEA2-F591B98C653A}.Release|x64.Deploy.0 = Release|Any CPU
		{F8AB0D2C-CCBF-409B-BEA2-F591B98C653A}.Release|x86.ActiveCfg = Release|Any CPU
		{F8AB0D2C-CCBF-409B-BEA2-F591B98C653A}.Release|x86.Build.0 = Release|Any CPU
		{F8AB0D2C-CCBF-409B-BEA2-F591B98C653A}.Release|x86.Deploy.0 = Release|Any CPU
		{55832394-2590-4DBD-BD1F-246A5CFD65D2}.Ad-Hoc|Any CPU.ActiveCfg = Release|Any CPU
		{55832394-2590-4DBD-BD1F-246A5CFD65D2}.Ad-Hoc|Any CPU.Build.0 = Release|Any CPU
		{55832394-2590-4DBD-BD1F-246A5CFD65D2}.Ad-Hoc|ARM.ActiveCfg = Release|Any CPU
		{55832394-2590-4DBD-BD1F-246A5CFD65D2}.Ad-Hoc|ARM.Build.0 = Release|Any CPU
		{55832394-2590-4DBD-BD1F-246A5CFD65D2}.Ad-Hoc|iPhone.ActiveCfg = Release|Any CPU
		{55832394-2590-4DBD-BD1F-246A5CFD65D2}.Ad-Hoc|iPhone.Build.0 = Release|Any CPU
		{55832394-2590-4DBD-BD1F-246A5CFD65D2}.Ad-Hoc|iPhoneSimulator.ActiveCfg = Release|Any CPU
		{55832394-2590-4DBD-BD1F-246A5CFD65D2}.Ad-Hoc|iPhoneSimulator.Build.0 = Release|Any CPU
		{55832394-2590-4DBD-BD1F-246A5CFD65D2}.Ad-Hoc|x64.ActiveCfg = Release|Any CPU
		{55832394-2590-4DBD-BD1F-246A5CFD65D2}.Ad-Hoc|x64.Build.0 = Release|Any CPU
		{55832394-2590-4DBD-BD1F-246A5CFD65D2}.Ad-Hoc|x86.ActiveCfg = Release|Any CPU
		{55832394-2590-4DBD-BD1F-246A5CFD65D2}.Ad-Hoc|x86.Build.0 = Release|Any CPU
		{55832394-2590-4DBD-BD1F-246A5CFD65D2}.AppStore|Any CPU.ActiveCfg = Release|Any CPU
		{55832394-2590-4DBD-BD1F-246A5CFD65D2}.AppStore|Any CPU.Build.0 = Release|Any CPU
		{55832394-2590-4DBD-BD1F-246A5CFD65D2}.AppStore|ARM.ActiveCfg = Release|Any CPU
		{55832394-2590-4DBD-BD1F-246A5CFD65D2}.AppStore|ARM.Build.0 = Release|Any CPU
		{55832394-2590-4DBD-BD1F-246A5CFD65D2}.AppStore|iPhone.ActiveCfg = Release|Any CPU
		{55832394-2590-4DBD-BD1F-246A5CFD65D2}.AppStore|iPhone.Build.0 = Release|Any CPU
		{55832394-2590-4DBD-BD1F-246A5CFD65D2}.AppStore|iPhoneSimulator.ActiveCfg = Release|Any CPU
		{55832394-2590-4DBD-BD1F-246A5CFD65D2}.AppStore|iPhoneSimulator.Build.0 = Release|Any CPU
		{55832394-2590-4DBD-BD1F-246A5CFD65D2}.AppStore|x64.ActiveCfg = Release|Any CPU
		{55832394-2590-4DBD-BD1F-246A5CFD65D2}.AppStore|x64.Build.0 = Release|Any CPU
		{55832394-2590-4DBD-BD1F-246A5CFD65D2}.AppStore|x86.ActiveCfg = Release|Any CPU
		{55832394-2590-4DBD-BD1F-246A5CFD65D2}.AppStore|x86.Build.0 = Release|Any CPU
		{55832394-2590-4DBD-BD1F-246A5CFD65D2}.Debug|Any CPU.ActiveCfg = Debug|Any CPU
		{55832394-2590-4DBD-BD1F-246A5CFD65D2}.Debug|Any CPU.Build.0 = Debug|Any CPU
		{55832394-2590-4DBD-BD1F-246A5CFD65D2}.Debug|ARM.ActiveCfg = Debug|Any CPU
		{55832394-2590-4DBD-BD1F-246A5CFD65D2}.Debug|ARM.Build.0 = Debug|Any CPU
		{55832394-2590-4DBD-BD1F-246A5CFD65D2}.Debug|iPhone.ActiveCfg = Debug|Any CPU
		{55832394-2590-4DBD-BD1F-246A5CFD65D2}.Debug|iPhone.Build.0 = Debug|Any CPU
		{55832394-2590-4DBD-BD1F-246A5CFD65D2}.Debug|iPhoneSimulator.ActiveCfg = Debug|Any CPU
		{55832394-2590-4DBD-BD1F-246A5CFD65D2}.Debug|iPhoneSimulator.Build.0 = Debug|Any CPU
		{55832394-2590-4DBD-BD1F-246A5CFD65D2}.Debug|x64.ActiveCfg = Debug|Any CPU
		{55832394-2590-4DBD-BD1F-246A5CFD65D2}.Debug|x64.Build.0 = Debug|Any CPU
		{55832394-2590-4DBD-BD1F-246A5CFD65D2}.Debug|x86.ActiveCfg = Debug|Any CPU
		{55832394-2590-4DBD-BD1F-246A5CFD65D2}.Debug|x86.Build.0 = Debug|Any CPU
		{55832394-2590-4DBD-BD1F-246A5CFD65D2}.Release|Any CPU.ActiveCfg = Release|Any CPU
		{55832394-2590-4DBD-BD1F-246A5CFD65D2}.Release|Any CPU.Build.0 = Release|Any CPU
		{55832394-2590-4DBD-BD1F-246A5CFD65D2}.Release|ARM.ActiveCfg = Release|Any CPU
		{55832394-2590-4DBD-BD1F-246A5CFD65D2}.Release|ARM.Build.0 = Release|Any CPU
		{55832394-2590-4DBD-BD1F-246A5CFD65D2}.Release|iPhone.ActiveCfg = Release|Any CPU
		{55832394-2590-4DBD-BD1F-246A5CFD65D2}.Release|iPhone.Build.0 = Release|Any CPU
		{55832394-2590-4DBD-BD1F-246A5CFD65D2}.Release|iPhoneSimulator.ActiveCfg = Release|Any CPU
		{55832394-2590-4DBD-BD1F-246A5CFD65D2}.Release|iPhoneSimulator.Build.0 = Release|Any CPU
		{55832394-2590-4DBD-BD1F-246A5CFD65D2}.Release|x64.ActiveCfg = Release|Any CPU
		{55832394-2590-4DBD-BD1F-246A5CFD65D2}.Release|x64.Build.0 = Release|Any CPU
		{55832394-2590-4DBD-BD1F-246A5CFD65D2}.Release|x86.ActiveCfg = Release|Any CPU
		{55832394-2590-4DBD-BD1F-246A5CFD65D2}.Release|x86.Build.0 = Release|Any CPU
		{353A9235-9F61-40B8-86DD-68501FA937A0}.Ad-Hoc|Any CPU.ActiveCfg = Release|x86
		{353A9235-9F61-40B8-86DD-68501FA937A0}.Ad-Hoc|Any CPU.Build.0 = Release|x86
		{353A9235-9F61-40B8-86DD-68501FA937A0}.Ad-Hoc|Any CPU.Deploy.0 = Release|x86
		{353A9235-9F61-40B8-86DD-68501FA937A0}.Ad-Hoc|ARM.ActiveCfg = Release|ARM
		{353A9235-9F61-40B8-86DD-68501FA937A0}.Ad-Hoc|ARM.Build.0 = Release|ARM
		{353A9235-9F61-40B8-86DD-68501FA937A0}.Ad-Hoc|ARM.Deploy.0 = Release|ARM
		{353A9235-9F61-40B8-86DD-68501FA937A0}.Ad-Hoc|iPhone.ActiveCfg = Release|x86
		{353A9235-9F61-40B8-86DD-68501FA937A0}.Ad-Hoc|iPhone.Build.0 = Release|x86
		{353A9235-9F61-40B8-86DD-68501FA937A0}.Ad-Hoc|iPhone.Deploy.0 = Release|x86
		{353A9235-9F61-40B8-86DD-68501FA937A0}.Ad-Hoc|iPhoneSimulator.ActiveCfg = Release|x86
		{353A9235-9F61-40B8-86DD-68501FA937A0}.Ad-Hoc|iPhoneSimulator.Build.0 = Release|x86
		{353A9235-9F61-40B8-86DD-68501FA937A0}.Ad-Hoc|iPhoneSimulator.Deploy.0 = Release|x86
		{353A9235-9F61-40B8-86DD-68501FA937A0}.Ad-Hoc|x64.ActiveCfg = Release|x64
		{353A9235-9F61-40B8-86DD-68501FA937A0}.Ad-Hoc|x64.Build.0 = Release|x64
		{353A9235-9F61-40B8-86DD-68501FA937A0}.Ad-Hoc|x64.Deploy.0 = Release|x64
		{353A9235-9F61-40B8-86DD-68501FA937A0}.Ad-Hoc|x86.ActiveCfg = Release|x86
		{353A9235-9F61-40B8-86DD-68501FA937A0}.Ad-Hoc|x86.Build.0 = Release|x86
		{353A9235-9F61-40B8-86DD-68501FA937A0}.Ad-Hoc|x86.Deploy.0 = Release|x86
		{353A9235-9F61-40B8-86DD-68501FA937A0}.AppStore|Any CPU.ActiveCfg = Release|x86
		{353A9235-9F61-40B8-86DD-68501FA937A0}.AppStore|Any CPU.Build.0 = Release|x86
		{353A9235-9F61-40B8-86DD-68501FA937A0}.AppStore|Any CPU.Deploy.0 = Release|x86
		{353A9235-9F61-40B8-86DD-68501FA937A0}.AppStore|ARM.ActiveCfg = Release|ARM
		{353A9235-9F61-40B8-86DD-68501FA937A0}.AppStore|ARM.Build.0 = Release|ARM
		{353A9235-9F61-40B8-86DD-68501FA937A0}.AppStore|ARM.Deploy.0 = Release|ARM
		{353A9235-9F61-40B8-86DD-68501FA937A0}.AppStore|iPhone.ActiveCfg = Release|x86
		{353A9235-9F61-40B8-86DD-68501FA937A0}.AppStore|iPhone.Build.0 = Release|x86
		{353A9235-9F61-40B8-86DD-68501FA937A0}.AppStore|iPhone.Deploy.0 = Release|x86
		{353A9235-9F61-40B8-86DD-68501FA937A0}.AppStore|iPhoneSimulator.ActiveCfg = Release|x86
		{353A9235-9F61-40B8-86DD-68501FA937A0}.AppStore|iPhoneSimulator.Build.0 = Release|x86
		{353A9235-9F61-40B8-86DD-68501FA937A0}.AppStore|iPhoneSimulator.Deploy.0 = Release|x86
		{353A9235-9F61-40B8-86DD-68501FA937A0}.AppStore|x64.ActiveCfg = Release|x64
		{353A9235-9F61-40B8-86DD-68501FA937A0}.AppStore|x64.Build.0 = Release|x64
		{353A9235-9F61-40B8-86DD-68501FA937A0}.AppStore|x64.Deploy.0 = Release|x64
		{353A9235-9F61-40B8-86DD-68501FA937A0}.AppStore|x86.ActiveCfg = Release|x86
		{353A9235-9F61-40B8-86DD-68501FA937A0}.AppStore|x86.Build.0 = Release|x86
		{353A9235-9F61-40B8-86DD-68501FA937A0}.AppStore|x86.Deploy.0 = Release|x86
		{353A9235-9F61-40B8-86DD-68501FA937A0}.Debug|Any CPU.ActiveCfg = Debug|x86
		{353A9235-9F61-40B8-86DD-68501FA937A0}.Debug|ARM.ActiveCfg = Debug|ARM
		{353A9235-9F61-40B8-86DD-68501FA937A0}.Debug|ARM.Build.0 = Debug|ARM
		{353A9235-9F61-40B8-86DD-68501FA937A0}.Debug|ARM.Deploy.0 = Debug|ARM
		{353A9235-9F61-40B8-86DD-68501FA937A0}.Debug|iPhone.ActiveCfg = Debug|x86
		{353A9235-9F61-40B8-86DD-68501FA937A0}.Debug|iPhoneSimulator.ActiveCfg = Debug|x86
		{353A9235-9F61-40B8-86DD-68501FA937A0}.Debug|x64.ActiveCfg = Debug|x64
		{353A9235-9F61-40B8-86DD-68501FA937A0}.Debug|x64.Build.0 = Debug|x64
		{353A9235-9F61-40B8-86DD-68501FA937A0}.Debug|x64.Deploy.0 = Debug|x64
		{353A9235-9F61-40B8-86DD-68501FA937A0}.Debug|x86.ActiveCfg = Debug|x86
		{353A9235-9F61-40B8-86DD-68501FA937A0}.Debug|x86.Build.0 = Debug|x86
		{353A9235-9F61-40B8-86DD-68501FA937A0}.Debug|x86.Deploy.0 = Debug|x86
		{353A9235-9F61-40B8-86DD-68501FA937A0}.Release|Any CPU.ActiveCfg = Release|x86
		{353A9235-9F61-40B8-86DD-68501FA937A0}.Release|ARM.ActiveCfg = Release|ARM
		{353A9235-9F61-40B8-86DD-68501FA937A0}.Release|ARM.Build.0 = Release|ARM
		{353A9235-9F61-40B8-86DD-68501FA937A0}.Release|ARM.Deploy.0 = Release|ARM
		{353A9235-9F61-40B8-86DD-68501FA937A0}.Release|iPhone.ActiveCfg = Release|x86
		{353A9235-9F61-40B8-86DD-68501FA937A0}.Release|iPhoneSimulator.ActiveCfg = Release|x86
		{353A9235-9F61-40B8-86DD-68501FA937A0}.Release|x64.ActiveCfg = Release|x64
		{353A9235-9F61-40B8-86DD-68501FA937A0}.Release|x64.Build.0 = Release|x64
		{353A9235-9F61-40B8-86DD-68501FA937A0}.Release|x64.Deploy.0 = Release|x64
		{353A9235-9F61-40B8-86DD-68501FA937A0}.Release|x86.ActiveCfg = Release|x86
		{353A9235-9F61-40B8-86DD-68501FA937A0}.Release|x86.Build.0 = Release|x86
		{353A9235-9F61-40B8-86DD-68501FA937A0}.Release|x86.Deploy.0 = Release|x86
		{87BFC402-E3CB-41C9-A966-D1D2CB5B0EE6}.Ad-Hoc|Any CPU.ActiveCfg = Ad-Hoc|iPhone
		{87BFC402-E3CB-41C9-A966-D1D2CB5B0EE6}.Ad-Hoc|ARM.ActiveCfg = Ad-Hoc|iPhone
		{87BFC402-E3CB-41C9-A966-D1D2CB5B0EE6}.Ad-Hoc|iPhone.ActiveCfg = Ad-Hoc|iPhone
		{87BFC402-E3CB-41C9-A966-D1D2CB5B0EE6}.Ad-Hoc|iPhone.Build.0 = Ad-Hoc|iPhone
		{87BFC402-E3CB-41C9-A966-D1D2CB5B0EE6}.Ad-Hoc|iPhoneSimulator.ActiveCfg = Ad-Hoc|iPhoneSimulator
		{87BFC402-E3CB-41C9-A966-D1D2CB5B0EE6}.Ad-Hoc|iPhoneSimulator.Build.0 = Ad-Hoc|iPhoneSimulator
		{87BFC402-E3CB-41C9-A966-D1D2CB5B0EE6}.Ad-Hoc|x64.ActiveCfg = Ad-Hoc|iPhone
		{87BFC402-E3CB-41C9-A966-D1D2CB5B0EE6}.Ad-Hoc|x86.ActiveCfg = Ad-Hoc|iPhone
		{87BFC402-E3CB-41C9-A966-D1D2CB5B0EE6}.AppStore|Any CPU.ActiveCfg = AppStore|iPhone
		{87BFC402-E3CB-41C9-A966-D1D2CB5B0EE6}.AppStore|ARM.ActiveCfg = AppStore|iPhone
		{87BFC402-E3CB-41C9-A966-D1D2CB5B0EE6}.AppStore|iPhone.ActiveCfg = AppStore|iPhone
		{87BFC402-E3CB-41C9-A966-D1D2CB5B0EE6}.AppStore|iPhone.Build.0 = AppStore|iPhone
		{87BFC402-E3CB-41C9-A966-D1D2CB5B0EE6}.AppStore|iPhoneSimulator.ActiveCfg = AppStore|iPhoneSimulator
		{87BFC402-E3CB-41C9-A966-D1D2CB5B0EE6}.AppStore|iPhoneSimulator.Build.0 = AppStore|iPhoneSimulator
		{87BFC402-E3CB-41C9-A966-D1D2CB5B0EE6}.AppStore|x64.ActiveCfg = AppStore|iPhone
		{87BFC402-E3CB-41C9-A966-D1D2CB5B0EE6}.AppStore|x86.ActiveCfg = AppStore|iPhone
		{87BFC402-E3CB-41C9-A966-D1D2CB5B0EE6}.Debug|Any CPU.ActiveCfg = Debug|iPhone
		{87BFC402-E3CB-41C9-A966-D1D2CB5B0EE6}.Debug|ARM.ActiveCfg = Debug|iPhone
		{87BFC402-E3CB-41C9-A966-D1D2CB5B0EE6}.Debug|iPhone.ActiveCfg = Debug|iPhone
		{87BFC402-E3CB-41C9-A966-D1D2CB5B0EE6}.Debug|iPhone.Build.0 = Debug|iPhone
		{87BFC402-E3CB-41C9-A966-D1D2CB5B0EE6}.Debug|iPhoneSimulator.ActiveCfg = Debug|iPhoneSimulator
		{87BFC402-E3CB-41C9-A966-D1D2CB5B0EE6}.Debug|iPhoneSimulator.Build.0 = Debug|iPhoneSimulator
		{87BFC402-E3CB-41C9-A966-D1D2CB5B0EE6}.Debug|x64.ActiveCfg = Debug|iPhone
		{87BFC402-E3CB-41C9-A966-D1D2CB5B0EE6}.Debug|x86.ActiveCfg = Debug|iPhone
		{87BFC402-E3CB-41C9-A966-D1D2CB5B0EE6}.Release|Any CPU.ActiveCfg = Release|iPhone
		{87BFC402-E3CB-41C9-A966-D1D2CB5B0EE6}.Release|ARM.ActiveCfg = Release|iPhone
		{87BFC402-E3CB-41C9-A966-D1D2CB5B0EE6}.Release|iPhone.ActiveCfg = Release|iPhone
		{87BFC402-E3CB-41C9-A966-D1D2CB5B0EE6}.Release|iPhone.Build.0 = Release|iPhone
		{87BFC402-E3CB-41C9-A966-D1D2CB5B0EE6}.Release|iPhoneSimulator.ActiveCfg = Release|iPhoneSimulator
		{87BFC402-E3CB-41C9-A966-D1D2CB5B0EE6}.Release|iPhoneSimulator.Build.0 = Release|iPhoneSimulator
		{87BFC402-E3CB-41C9-A966-D1D2CB5B0EE6}.Release|x64.ActiveCfg = Release|iPhone
		{87BFC402-E3CB-41C9-A966-D1D2CB5B0EE6}.Release|x86.ActiveCfg = Release|iPhone
	EndGlobalSection
	GlobalSection(SolutionProperties) = preSolution
		HideSolutionNode = FALSE
	EndGlobalSection
EndGlobal
