
Microsoft Visual Studio Solution File, Format Version 12.00
# Visual Studio Version 16
VisualStudioVersion = 16.0.30413.136
MinimumVisualStudioVersion = 10.0.40219.1
Project("{FAE04EC0-301F-11D3-BF4B-00C04F79EFBC}") = "AppLifecycle.UWP", "AppLifecycle\AppLifecycle.UWP\AppLifecycle.UWP.csproj", "{E997AFA9-B9F3-43E1-8528-B71C4F31A523}"
EndProject
Project("{FAE04EC0-301F-11D3-BF4B-00C04F79EFBC}") = "AppLifecycle.Android", "AppLifecycle\AppLifecycle.Android\AppLifecycle.Android.csproj", "{B43AE6A6-7E90-4A3C-9610-DAA7239CEFF9}"
EndProject
Project("{FAE04EC0-301F-11D3-BF4B-00C04F79EFBC}") = "AppLifecycle.iOS", "AppLifecycle\AppLifecycle.iOS\AppLifecycle.iOS.csproj", "{EC3D7E6D-647D-4558-9436-4807BFE92C53}"
EndProject
Project("{FAE04EC0-301F-11D3-BF4B-00C04F79EFBC}") = "AppLifecycle", "AppLifecycle\AppLifecycle\AppLifecycle.csproj", "{3845E8C3-D32D-4E6E-B1D9-44FF46A6F0A9}"
EndProject
Global
	GlobalSection(SolutionConfigurationPlatforms) = preSolution
		Debug|Any CPU = Debug|Any CPU
		Debug|ARM = Debug|ARM
		Debug|iPhone = Debug|iPhone
		Debug|iPhoneSimulator = Debug|iPhoneSimulator
		Debug|x64 = Debug|x64
		Debug|x86 = Debug|x86
		Release|Any CPU = Release|Any CPU
		Release|ARM = Release|ARM
		Release|iPhone = Release|iPhone
		Release|iPhoneSimulator = Release|iPhoneSimulator
		Release|x64 = Release|x64
		Release|x86 = Release|x86
	EndGlobalSection
	GlobalSection(ProjectConfigurationPlatforms) = postSolution
		{E997AFA9-B9F3-43E1-8528-B71C4F31A523}.Debug|Any CPU.ActiveCfg = Debug|x86
		{E997AFA9-B9F3-43E1-8528-B71C4F31A523}.Debug|Any CPU.Build.0 = Debug|x86
		{E997AFA9-B9F3-43E1-8528-B71C4F31A523}.Debug|Any CPU.Deploy.0 = Debug|x86
		{E997AFA9-B9F3-43E1-8528-B71C4F31A523}.Debug|ARM.ActiveCfg = Debug|ARM
		{E997AFA9-B9F3-43E1-8528-B71C4F31A523}.Debug|ARM.Build.0 = Debug|ARM
		{E997AFA9-B9F3-43E1-8528-B71C4F31A523}.Debug|ARM.Deploy.0 = Debug|ARM
		{E997AFA9-B9F3-43E1-8528-B71C4F31A523}.Debug|iPhone.ActiveCfg = Debug|x86
		{E997AFA9-B9F3-43E1-8528-B71C4F31A523}.Debug|iPhone.Build.0 = Debug|x86
		{E997AFA9-B9F3-43E1-8528-B71C4F31A523}.Debug|iPhone.Deploy.0 = Debug|x86
		{E997AFA9-B9F3-43E1-8528-B71C4F31A523}.Debug|iPhoneSimulator.ActiveCfg = Debug|x86
		{E997AFA9-B9F3-43E1-8528-B71C4F31A523}.Debug|iPhoneSimulator.Build.0 = Debug|x86
		{E997AFA9-B9F3-43E1-8528-B71C4F31A523}.Debug|iPhoneSimulator.Deploy.0 = Debug|x86
		{E997AFA9-B9F3-43E1-8528-B71C4F31A523}.Debug|x64.ActiveCfg = Debug|x64
		{E997AFA9-B9F3-43E1-8528-B71C4F31A523}.Debug|x64.Build.0 = Debug|x64
		{E997AFA9-B9F3-43E1-8528-B71C4F31A523}.Debug|x64.Deploy.0 = Debug|x64
		{E997AFA9-B9F3-43E1-8528-B71C4F31A523}.Debug|x86.ActiveCfg = Debug|x86
		{E997AFA9-B9F3-43E1-8528-B71C4F31A523}.Debug|x86.Build.0 = Debug|x86
		{E997AFA9-B9F3-43E1-8528-B71C4F31A523}.Debug|x86.Deploy.0 = Debug|x86
		{E997AFA9-B9F3-43E1-8528-B71C4F31A523}.Release|Any CPU.ActiveCfg = Release|x86
		{E997AFA9-B9F3-43E1-8528-B71C4F31A523}.Release|Any CPU.Build.0 = Release|x86
		{E997AFA9-B9F3-43E1-8528-B71C4F31A523}.Release|Any CPU.Deploy.0 = Release|x86
		{E997AFA9-B9F3-43E1-8528-B71C4F31A523}.Release|ARM.ActiveCfg = Release|ARM
		{E997AFA9-B9F3-43E1-8528-B71C4F31A523}.Release|ARM.Build.0 = Release|ARM
		{E997AFA9-B9F3-43E1-8528-B71C4F31A523}.Release|ARM.Deploy.0 = Release|ARM
		{E997AFA9-B9F3-43E1-8528-B71C4F31A523}.Release|iPhone.ActiveCfg = Release|x86
		{E997AFA9-B9F3-43E1-8528-B71C4F31A523}.Release|iPhone.Build.0 = Release|x86
		{E997AFA9-B9F3-43E1-8528-B71C4F31A523}.Release|iPhone.Deploy.0 = Release|x86
		{E997AFA9-B9F3-43E1-8528-B71C4F31A523}.Release|iPhoneSimulator.ActiveCfg = Release|x86
		{E997AFA9-B9F3-43E1-8528-B71C4F31A523}.Release|iPhoneSimulator.Build.0 = Release|x86
		{E997AFA9-B9F3-43E1-8528-B71C4F31A523}.Release|iPhoneSimulator.Deploy.0 = Release|x86
		{E997AFA9-B9F3-43E1-8528-B71C4F31A523}.Release|x64.ActiveCfg = Release|x64
		{E997AFA9-B9F3-43E1-8528-B71C4F31A523}.Release|x64.Build.0 = Release|x64
		{E997AFA9-B9F3-43E1-8528-B71C4F31A523}.Release|x64.Deploy.0 = Release|x64
		{E997AFA9-B9F3-43E1-8528-B71C4F31A523}.Release|x86.ActiveCfg = Release|x86
		{E997AFA9-B9F3-43E1-8528-B71C4F31A523}.Release|x86.Build.0 = Release|x86
		{E997AFA9-B9F3-43E1-8528-B71C4F31A523}.Release|x86.Deploy.0 = Release|x86
		{B43AE6A6-7E90-4A3C-9610-DAA7239CEFF9}.Debug|Any CPU.ActiveCfg = Debug|Any CPU
		{B43AE6A6-7E90-4A3C-9610-DAA7239CEFF9}.Debug|Any CPU.Build.0 = Debug|Any CPU
		{B43AE6A6-7E90-4A3C-9610-DAA7239CEFF9}.Debug|Any CPU.Deploy.0 = Debug|Any CPU
		{B43AE6A6-7E90-4A3C-9610-DAA7239CEFF9}.Debug|ARM.ActiveCfg = Debug|Any CPU
		{B43AE6A6-7E90-4A3C-9610-DAA7239CEFF9}.Debug|ARM.Build.0 = Debug|Any CPU
		{B43AE6A6-7E90-4A3C-9610-DAA7239CEFF9}.Debug|ARM.Deploy.0 = Debug|Any CPU
		{B43AE6A6-7E90-4A3C-9610-DAA7239CEFF9}.Debug|iPhone.ActiveCfg = Debug|Any CPU
		{B43AE6A6-7E90-4A3C-9610-DAA7239CEFF9}.Debug|iPhone.Build.0 = Debug|Any CPU
		{B43AE6A6-7E90-4A3C-9610-DAA7239CEFF9}.Debug|iPhone.Deploy.0 = Debug|Any CPU
		{B43AE6A6-7E90-4A3C-9610-DAA7239CEFF9}.Debug|iPhoneSimulator.ActiveCfg = Debug|Any CPU
		{B43AE6A6-7E90-4A3C-9610-DAA7239CEFF9}.Debug|iPhoneSimulator.Build.0 = Debug|Any CPU
		{B43AE6A6-7E90-4A3C-9610-DAA7239CEFF9}.Debug|iPhoneSimulator.Deploy.0 = Debug|Any CPU
		{B43AE6A6-7E90-4A3C-9610-DAA7239CEFF9}.Debug|x64.ActiveCfg = Debug|Any CPU
		{B43AE6A6-7E90-4A3C-9610-DAA7239CEFF9}.Debug|x64.Build.0 = Debug|Any CPU
		{B43AE6A6-7E90-4A3C-9610-DAA7239CEFF9}.Debug|x64.Deploy.0 = Debug|Any CPU
		{B43AE6A6-7E90-4A3C-9610-DAA7239CEFF9}.Debug|x86.ActiveCfg = Debug|Any CPU
		{B43AE6A6-7E90-4A3C-9610-DAA7239CEFF9}.Debug|x86.Build.0 = Debug|Any CPU
		{B43AE6A6-7E90-4A3C-9610-DAA7239CEFF9}.Debug|x86.Deploy.0 = Debug|Any CPU
		{B43AE6A6-7E90-4A3C-9610-DAA7239CEFF9}.Release|Any CPU.ActiveCfg = Release|Any CPU
		{B43AE6A6-7E90-4A3C-9610-DAA7239CEFF9}.Release|Any CPU.Build.0 = Release|Any CPU
		{B43AE6A6-7E90-4A3C-9610-DAA7239CEFF9}.Release|Any CPU.Deploy.0 = Release|Any CPU
		{B43AE6A6-7E90-4A3C-9610-DAA7239CEFF9}.Release|ARM.ActiveCfg = Release|Any CPU
		{B43AE6A6-7E90-4A3C-9610-DAA7239CEFF9}.Release|ARM.Build.0 = Release|Any CPU
		{B43AE6A6-7E90-4A3C-9610-DAA7239CEFF9}.Release|ARM.Deploy.0 = Release|Any CPU
		{B43AE6A6-7E90-4A3C-9610-DAA7239CEFF9}.Release|iPhone.ActiveCfg = Release|Any CPU
		{B43AE6A6-7E90-4A3C-9610-DAA7239CEFF9}.Release|iPhone.Build.0 = Release|Any CPU
		{B43AE6A6-7E90-4A3C-9610-DAA7239CEFF9}.Release|iPhone.Deploy.0 = Release|Any CPU
		{B43AE6A6-7E90-4A3C-9610-DAA7239CEFF9}.Release|iPhoneSimulator.ActiveCfg = Release|Any CPU
		{B43AE6A6-7E90-4A3C-9610-DAA7239CEFF9}.Release|iPhoneSimulator.Build.0 = Release|Any CPU
		{B43AE6A6-7E90-4A3C-9610-DAA7239CEFF9}.Release|iPhoneSimulator.Deploy.0 = Release|Any CPU
		{B43AE6A6-7E90-4A3C-9610-DAA7239CEFF9}.Release|x64.ActiveCfg = Release|Any CPU
		{B43AE6A6-7E90-4A3C-9610-DAA7239CEFF9}.Release|x64.Build.0 = Release|Any CPU
		{B43AE6A6-7E90-4A3C-9610-DAA7239CEFF9}.Release|x64.Deploy.0 = Release|Any CPU
		{B43AE6A6-7E90-4A3C-9610-DAA7239CEFF9}.Release|x86.ActiveCfg = Release|Any CPU
		{B43AE6A6-7E90-4A3C-9610-DAA7239CEFF9}.Release|x86.Build.0 = Release|Any CPU
		{B43AE6A6-7E90-4A3C-9610-DAA7239CEFF9}.Release|x86.Deploy.0 = Release|Any CPU
		{EC3D7E6D-647D-4558-9436-4807BFE92C53}.Debug|Any CPU.ActiveCfg = Debug|iPhone
		{EC3D7E6D-647D-4558-9436-4807BFE92C53}.Debug|Any CPU.Build.0 = Debug|iPhone
		{EC3D7E6D-647D-4558-9436-4807BFE92C53}.Debug|Any CPU.Deploy.0 = Debug|iPhone
		{EC3D7E6D-647D-4558-9436-4807BFE92C53}.Debug|ARM.ActiveCfg = Debug|iPhone
		{EC3D7E6D-647D-4558-9436-4807BFE92C53}.Debug|ARM.Build.0 = Debug|iPhone
		{EC3D7E6D-647D-4558-9436-4807BFE92C53}.Debug|ARM.Deploy.0 = Debug|iPhone
		{EC3D7E6D-647D-4558-9436-4807BFE92C53}.Debug|iPhone.ActiveCfg = Debug|iPhone
		{EC3D7E6D-647D-4558-9436-4807BFE92C53}.Debug|iPhone.Build.0 = Debug|iPhone
		{EC3D7E6D-647D-4558-9436-4807BFE92C53}.Debug|iPhone.Deploy.0 = Debug|iPhone
		{EC3D7E6D-647D-4558-9436-4807BFE92C53}.Debug|iPhoneSimulator.ActiveCfg = Debug|iPhoneSimulator
		{EC3D7E6D-647D-4558-9436-4807BFE92C53}.Debug|iPhoneSimulator.Build.0 = Debug|iPhoneSimulator
		{EC3D7E6D-647D-4558-9436-4807BFE92C53}.Debug|iPhoneSimulator.Deploy.0 = Debug|iPhoneSimulator
		{EC3D7E6D-647D-4558-9436-4807BFE92C53}.Debug|x64.ActiveCfg = Debug|iPhone
		{EC3D7E6D-647D-4558-9436-4807BFE92C53}.Debug|x64.Build.0 = Debug|iPhone
		{EC3D7E6D-647D-4558-9436-4807BFE92C53}.Debug|x64.Deploy.0 = Debug|iPhone
		{EC3D7E6D-647D-4558-9436-4807BFE92C53}.Debug|x86.ActiveCfg = Debug|iPhone
		{EC3D7E6D-647D-4558-9436-4807BFE92C53}.Debug|x86.Build.0 = Debug|iPhone
		{EC3D7E6D-647D-4558-9436-4807BFE92C53}.Debug|x86.Deploy.0 = Debug|iPhone
		{EC3D7E6D-647D-4558-9436-4807BFE92C53}.Release|Any CPU.ActiveCfg = Release|iPhone
		{EC3D7E6D-647D-4558-9436-4807BFE92C53}.Release|Any CPU.Build.0 = Release|iPhone
		{EC3D7E6D-647D-4558-9436-4807BFE92C53}.Release|Any CPU.Deploy.0 = Release|iPhone
		{EC3D7E6D-647D-4558-9436-4807BFE92C53}.Release|ARM.ActiveCfg = Release|iPhone
		{EC3D7E6D-647D-4558-9436-4807BFE92C53}.Release|ARM.Build.0 = Release|iPhone
		{EC3D7E6D-647D-4558-9436-4807BFE92C53}.Release|ARM.Deploy.0 = Release|iPhone
		{EC3D7E6D-647D-4558-9436-4807BFE92C53}.Release|iPhone.ActiveCfg = Release|iPhone
		{EC3D7E6D-647D-4558-9436-4807BFE92C53}.Release|iPhone.Build.0 = Release|iPhone
		{EC3D7E6D-647D-4558-9436-4807BFE92C53}.Release|iPhone.Deploy.0 = Release|iPhone
		{EC3D7E6D-647D-4558-9436-4807BFE92C53}.Release|iPhoneSimulator.ActiveCfg = Release|iPhoneSimulator
		{EC3D7E6D-647D-4558-9436-4807BFE92C53}.Release|iPhoneSimulator.Build.0 = Release|iPhoneSimulator
		{EC3D7E6D-647D-4558-9436-4807BFE92C53}.Release|iPhoneSimulator.Deploy.0 = Release|iPhoneSimulator
		{EC3D7E6D-647D-4558-9436-4807BFE92C53}.Release|x64.ActiveCfg = Release|iPhone
		{EC3D7E6D-647D-4558-9436-4807BFE92C53}.Release|x64.Build.0 = Release|iPhone
		{EC3D7E6D-647D-4558-9436-4807BFE92C53}.Release|x64.Deploy.0 = Release|iPhone
		{EC3D7E6D-647D-4558-9436-4807BFE92C53}.Release|x86.ActiveCfg = Release|iPhone
		{EC3D7E6D-647D-4558-9436-4807BFE92C53}.Release|x86.Build.0 = Release|iPhone
		{EC3D7E6D-647D-4558-9436-4807BFE92C53}.Release|x86.Deploy.0 = Release|iPhone
		{3845E8C3-D32D-4E6E-B1D9-44FF46A6F0A9}.Debug|Any CPU.ActiveCfg = Debug|Any CPU
		{3845E8C3-D32D-4E6E-B1D9-44FF46A6F0A9}.Debug|Any CPU.Build.0 = Debug|Any CPU
		{3845E8C3-D32D-4E6E-B1D9-44FF46A6F0A9}.Debug|Any CPU.Deploy.0 = Debug|Any CPU
		{3845E8C3-D32D-4E6E-B1D9-44FF46A6F0A9}.Debug|ARM.ActiveCfg = Debug|Any CPU
		{3845E8C3-D32D-4E6E-B1D9-44FF46A6F0A9}.Debug|ARM.Build.0 = Debug|Any CPU
		{3845E8C3-D32D-4E6E-B1D9-44FF46A6F0A9}.Debug|ARM.Deploy.0 = Debug|Any CPU
		{3845E8C3-D32D-4E6E-B1D9-44FF46A6F0A9}.Debug|iPhone.ActiveCfg = Debug|Any CPU
		{3845E8C3-D32D-4E6E-B1D9-44FF46A6F0A9}.Debug|iPhone.Build.0 = Debug|Any CPU
		{3845E8C3-D32D-4E6E-B1D9-44FF46A6F0A9}.Debug|iPhone.Deploy.0 = Debug|Any CPU
		{3845E8C3-D32D-4E6E-B1D9-44FF46A6F0A9}.Debug|iPhoneSimulator.ActiveCfg = Debug|Any CPU
		{3845E8C3-D32D-4E6E-B1D9-44FF46A6F0A9}.Debug|iPhoneSimulator.Build.0 = Debug|Any CPU
		{3845E8C3-D32D-4E6E-B1D9-44FF46A6F0A9}.Debug|iPhoneSimulator.Deploy.0 = Debug|Any CPU
		{3845E8C3-D32D-4E6E-B1D9-44FF46A6F0A9}.Debug|x64.ActiveCfg = Debug|Any CPU
		{3845E8C3-D32D-4E6E-B1D9-44FF46A6F0A9}.Debug|x64.Build.0 = Debug|Any CPU
		{3845E8C3-D32D-4E6E-B1D9-44FF46A6F0A9}.Debug|x64.Deploy.0 = Debug|Any CPU
		{3845E8C3-D32D-4E6E-B1D9-44FF46A6F0A9}.Debug|x86.ActiveCfg = Debug|Any CPU
		{3845E8C3-D32D-4E6E-B1D9-44FF46A6F0A9}.Debug|x86.Build.0 = Debug|Any CPU
		{3845E8C3-D32D-4E6E-B1D9-44FF46A6F0A9}.Debug|x86.Deploy.0 = Debug|Any CPU
		{3845E8C3-D32D-4E6E-B1D9-44FF46A6F0A9}.Release|Any CPU.ActiveCfg = Release|Any CPU
		{3845E8C3-D32D-4E6E-B1D9-44FF46A6F0A9}.Release|Any CPU.Build.0 = Release|Any CPU
		{3845E8C3-D32D-4E6E-B1D9-44FF46A6F0A9}.Release|Any CPU.Deploy.0 = Release|Any CPU
		{3845E8C3-D32D-4E6E-B1D9-44FF46A6F0A9}.Release|ARM.ActiveCfg = Release|Any CPU
		{3845E8C3-D32D-4E6E-B1D9-44FF46A6F0A9}.Release|ARM.Build.0 = Release|Any CPU
		{3845E8C3-D32D-4E6E-B1D9-44FF46A6F0A9}.Release|ARM.Deploy.0 = Release|Any CPU
		{3845E8C3-D32D-4E6E-B1D9-44FF46A6F0A9}.Release|iPhone.ActiveCfg = Release|Any CPU
		{3845E8C3-D32D-4E6E-B1D9-44FF46A6F0A9}.Release|iPhone.Build.0 = Release|Any CPU
		{3845E8C3-D32D-4E6E-B1D9-44FF46A6F0A9}.Release|iPhone.Deploy.0 = Release|Any CPU
		{3845E8C3-D32D-4E6E-B1D9-44FF46A6F0A9}.Release|iPhoneSimulator.ActiveCfg = Release|Any CPU
		{3845E8C3-D32D-4E6E-B1D9-44FF46A6F0A9}.Release|iPhoneSimulator.Build.0 = Release|Any CPU
		{3845E8C3-D32D-4E6E-B1D9-44FF46A6F0A9}.Release|iPhoneSimulator.Deploy.0 = Release|Any CPU
		{3845E8C3-D32D-4E6E-B1D9-44FF46A6F0A9}.Release|x64.ActiveCfg = Release|Any CPU
		{3845E8C3-D32D-4E6E-B1D9-44FF46A6F0A9}.Release|x64.Build.0 = Release|Any CPU
		{3845E8C3-D32D-4E6E-B1D9-44FF46A6F0A9}.Release|x64.Deploy.0 = Release|Any CPU
		{3845E8C3-D32D-4E6E-B1D9-44FF46A6F0A9}.Release|x86.ActiveCfg = Release|Any CPU
		{3845E8C3-D32D-4E6E-B1D9-44FF46A6F0A9}.Release|x86.Build.0 = Release|Any CPU
		{3845E8C3-D32D-4E6E-B1D9-44FF46A6F0A9}.Release|x86.Deploy.0 = Release|Any CPU
	EndGlobalSection
	GlobalSection(SolutionProperties) = preSolution
		HideSolutionNode = FALSE
	EndGlobalSection
	GlobalSection(ExtensibilityGlobals) = postSolution
		SolutionGuid = {135AFC2D-8757-460E-AC37-B7625BC84987}
	EndGlobalSection
EndGlobal
